{
  "version": 4,
  "terraform_version": "0.12.24",
  "serial": 421,
  "lineage": "8161d2cf-fe82-370f-81a7-3751e4771ac3",
  "outputs": {
    "lb_dns": {
      "value": "web-lb-222228885.us-west-2.elb.amazonaws.com",
      "type": "string"
    }
  },
  "resources": [
    {
      "mode": "data",
      "type": "aws_ami",
      "name": "app",
      "provider": "provider.aws",
      "instances": [
        {
          "schema_version": 0,
          "attributes": {
            "architecture": "x86_64",
            "arn": "arn:aws:ec2:us-west-2::image/ami-0f5d1bcdddfa56c6e",
            "block_device_mappings": [
              {
                "device_name": "/dev/sda1",
                "ebs": {
                  "delete_on_termination": "true",
                  "encrypted": "false",
                  "iops": "0",
                  "snapshot_id": "snap-0940e7301f7e8e406",
                  "volume_size": "20",
                  "volume_type": "gp2"
                },
                "no_device": "",
                "virtual_name": ""
              },
              {
                "device_name": "/dev/sdb",
                "ebs": {},
                "no_device": "",
                "virtual_name": "ephemeral0"
              },
              {
                "device_name": "/dev/sdc",
                "ebs": {},
                "no_device": "",
                "virtual_name": "ephemeral1"
              }
            ],
            "creation_date": "2021-01-01T10:30:00.000Z",
            "description": "packer-demo-app_us-west-2_1609496831 AMI",
            "executable_users": null,
            "filter": [
              {
                "name": "description",
                "values": [
                  "packer-demo-app*"
                ]
              }
            ],
            "hypervisor": "xen",
            "id": "ami-0f5d1bcdddfa56c6e",
            "image_id": "ami-0f5d1bcdddfa56c6e",
            "image_location": "633834615594/packer-demo-app_1609496831",
            "image_owner_alias": null,
            "image_type": "machine",
            "kernel_id": null,
            "most_recent": true,
            "name": "packer-demo-app_1609496831",
            "name_regex": null,
            "owner_id": "633834615594",
            "owners": [
              "self"
            ],
            "platform": null,
            "product_codes": [],
            "public": false,
            "ramdisk_id": null,
            "root_device_name": "/dev/sda1",
            "root_device_type": "ebs",
            "root_snapshot_id": "snap-0940e7301f7e8e406",
            "sriov_net_support": "simple",
            "state": "available",
            "state_reason": {
              "code": "UNSET",
              "message": "UNSET"
            },
            "tags": {
              "Owner": "hoa.nh",
              "PrincipalId": "AIDAIRF62RTJXCL5MBT3C"
            },
            "virtualization_type": "hvm"
          }
        }
      ]
    },
    {
      "mode": "data",
      "type": "aws_ami",
      "name": "bastion",
      "provider": "provider.aws",
      "instances": [
        {
          "schema_version": 0,
          "attributes": {
            "architecture": "x86_64",
            "arn": "arn:aws:ec2:us-west-2::image/ami-0cc158853935719b7",
            "block_device_mappings": [
              {
                "device_name": "/dev/sda1",
                "ebs": {
                  "delete_on_termination": "true",
                  "encrypted": "false",
                  "iops": "0",
                  "snapshot_id": "snap-0578125002fc46a4a",
                  "volume_size": "8",
                  "volume_type": "gp2"
                },
                "no_device": "",
                "virtual_name": ""
              },
              {
                "device_name": "/dev/sdb",
                "ebs": {},
                "no_device": "",
                "virtual_name": "ephemeral0"
              },
              {
                "device_name": "/dev/sdc",
                "ebs": {},
                "no_device": "",
                "virtual_name": "ephemeral1"
              }
            ],
            "creation_date": "2020-12-11T12:23:28.000Z",
            "description": "Canonical, Ubuntu, 18.04 LTS, amd64 bionic image build on 2020-12-11",
            "executable_users": null,
            "filter": [
              {
                "name": "architecture",
                "values": [
                  "x86_64"
                ]
              },
              {
                "name": "description",
                "values": [
                  "Canonical, Ubuntu, 18.04 LTS*"
                ]
              },
              {
                "name": "root-device-type",
                "values": [
                  "ebs"
                ]
              }
            ],
            "hypervisor": "xen",
            "id": "ami-0cc158853935719b7",
            "image_id": "ami-0cc158853935719b7",
            "image_location": "099720109477/ubuntu/images/hvm-ssd/ubuntu-bionic-18.04-amd64-server-20201211.1",
            "image_owner_alias": null,
            "image_type": "machine",
            "kernel_id": null,
            "most_recent": true,
            "name": "ubuntu/images/hvm-ssd/ubuntu-bionic-18.04-amd64-server-20201211.1",
            "name_regex": null,
            "owner_id": "099720109477",
            "owners": [
              "099720109477"
            ],
            "platform": null,
            "product_codes": [],
            "public": true,
            "ramdisk_id": null,
            "root_device_name": "/dev/sda1",
            "root_device_type": "ebs",
            "root_snapshot_id": "snap-0578125002fc46a4a",
            "sriov_net_support": "simple",
            "state": "available",
            "state_reason": {
              "code": "UNSET",
              "message": "UNSET"
            },
            "tags": {},
            "virtualization_type": "hvm"
          }
        }
      ]
    },
    {
      "mode": "data",
      "type": "aws_ami",
      "name": "web",
      "provider": "provider.aws",
      "instances": [
        {
          "schema_version": 0,
          "attributes": {
            "architecture": "x86_64",
            "arn": "arn:aws:ec2:us-west-2::image/ami-0f8617c112d619a77",
            "block_device_mappings": [
              {
                "device_name": "/dev/sda1",
                "ebs": {
                  "delete_on_termination": "true",
                  "encrypted": "false",
                  "iops": "0",
                  "snapshot_id": "snap-0d720e53f6f902485",
                  "volume_size": "20",
                  "volume_type": "gp2"
                },
                "no_device": "",
                "virtual_name": ""
              },
              {
                "device_name": "/dev/sdb",
                "ebs": {},
                "no_device": "",
                "virtual_name": "ephemeral0"
              },
              {
                "device_name": "/dev/sdc",
                "ebs": {},
                "no_device": "",
                "virtual_name": "ephemeral1"
              }
            ],
            "creation_date": "2021-01-01T10:25:21.000Z",
            "description": "packer-demo-web_us-west-2_1609496607 AMI",
            "executable_users": null,
            "filter": [
              {
                "name": "description",
                "values": [
                  "packer-demo-web*"
                ]
              }
            ],
            "hypervisor": "xen",
            "id": "ami-0f8617c112d619a77",
            "image_id": "ami-0f8617c112d619a77",
            "image_location": "633834615594/packer-demo-web_1609496607",
            "image_owner_alias": null,
            "image_type": "machine",
            "kernel_id": null,
            "most_recent": true,
            "name": "packer-demo-web_1609496607",
            "name_regex": null,
            "owner_id": "633834615594",
            "owners": [
              "self"
            ],
            "platform": null,
            "product_codes": [],
            "public": false,
            "ramdisk_id": null,
            "root_device_name": "/dev/sda1",
            "root_device_type": "ebs",
            "root_snapshot_id": "snap-0d720e53f6f902485",
            "sriov_net_support": "simple",
            "state": "available",
            "state_reason": {
              "code": "UNSET",
              "message": "UNSET"
            },
            "tags": {
              "Owner": "hoa.nh",
              "PrincipalId": "AIDAIRF62RTJXCL5MBT3C"
            },
            "virtualization_type": "hvm"
          }
        }
      ]
    },
    {
      "mode": "data",
      "type": "aws_availability_zones",
      "name": "available",
      "provider": "provider.aws",
      "instances": [
        {
          "schema_version": 0,
          "attributes": {
            "all_availability_zones": null,
            "blacklisted_names": null,
            "blacklisted_zone_ids": null,
            "exclude_names": null,
            "exclude_zone_ids": null,
            "filter": null,
            "group_names": [
              "us-west-2"
            ],
            "id": "2021-01-04 00:51:33.828676512 +0000 UTC",
            "names": [
              "us-west-2a",
              "us-west-2b",
              "us-west-2c",
              "us-west-2d"
            ],
            "state": "available",
            "zone_ids": [
              "usw2-az1",
              "usw2-az2",
              "usw2-az3",
              "usw2-az4"
            ]
          }
        }
      ]
    },
    {
      "mode": "managed",
      "type": "aws_eip",
      "name": "bastion",
      "provider": "provider.aws",
      "instances": [
        {
          "schema_version": 0,
          "attributes": {
            "allocation_id": null,
            "associate_with_private_ip": null,
            "association_id": "",
            "customer_owned_ip": "",
            "customer_owned_ipv4_pool": "",
            "domain": "vpc",
            "id": "eipalloc-05acb43fdd56a0a02",
            "instance": "",
            "network_interface": "",
            "private_dns": null,
            "private_ip": "",
            "public_dns": "ec2-54-149-143-6.us-west-2.compute.amazonaws.com",
            "public_ip": "54.149.143.6",
            "public_ipv4_pool": "amazon",
            "tags": null,
            "timeouts": null,
            "vpc": true
          },
          "private": "eyJlMmJmYjczMC1lY2FhLTExZTYtOGY4OC0zNDM2M2JjN2M0YzAiOnsiZGVsZXRlIjoxODAwMDAwMDAwMDAsInJlYWQiOjkwMDAwMDAwMDAwMCwidXBkYXRlIjozMDAwMDAwMDAwMDB9fQ=="
        }
      ]
    },
    {
      "mode": "managed",
      "type": "aws_eip",
      "name": "nat-gw",
      "provider": "provider.aws",
      "instances": [
        {
          "schema_version": 0,
          "attributes": {
            "allocation_id": null,
            "associate_with_private_ip": null,
            "association_id": "",
            "customer_owned_ip": "",
            "customer_owned_ipv4_pool": "",
            "domain": "vpc",
            "id": "eipalloc-0d3cc2f8b1de82581",
            "instance": "",
            "network_interface": "",
            "private_dns": null,
            "private_ip": "",
            "public_dns": "ec2-54-188-190-149.us-west-2.compute.amazonaws.com",
            "public_ip": "54.188.190.149",
            "public_ipv4_pool": "amazon",
            "tags": null,
            "timeouts": null,
            "vpc": true
          },
          "private": "eyJlMmJmYjczMC1lY2FhLTExZTYtOGY4OC0zNDM2M2JjN2M0YzAiOnsiZGVsZXRlIjoxODAwMDAwMDAwMDAsInJlYWQiOjkwMDAwMDAwMDAwMCwidXBkYXRlIjozMDAwMDAwMDAwMDB9fQ=="
        }
      ]
    },
    {
      "mode": "managed",
      "type": "aws_eip_association",
      "name": "bastion",
      "provider": "provider.aws",
      "instances": [
        {
          "schema_version": 0,
          "attributes": {
            "allocation_id": "eipalloc-05acb43fdd56a0a02",
            "allow_reassociation": null,
            "id": "eipassoc-02834c2448d2a3eab",
            "instance_id": "i-045484ea5b0db2a6e",
            "network_interface_id": "eni-07b1e374a8ebda77c",
            "private_ip_address": "10.1.0.172",
            "public_ip": "54.149.143.6"
          },
          "private": "bnVsbA==",
          "dependencies": [
            "aws_eip.bastion",
            "aws_instance.bastion",
            "aws_key_pair.bastion",
            "aws_security_group.bastion",
            "aws_subnet.public",
            "aws_vpc.demo-vpc",
            "tls_private_key.bastion"
          ]
        }
      ]
    },
    {
      "mode": "managed",
      "type": "aws_instance",
      "name": "app",
      "each": "list",
      "provider": "provider.aws",
      "instances": [
        {
          "index_key": 0,
          "schema_version": 1,
          "attributes": {
            "ami": "ami-0f5d1bcdddfa56c6e",
            "arn": "arn:aws:ec2:us-west-2:633834615594:instance/i-046e741a07e0b4d8c",
            "associate_public_ip_address": true,
            "availability_zone": "us-west-2a",
            "cpu_core_count": 1,
            "cpu_threads_per_core": 2,
            "credit_specification": [
              {
                "cpu_credits": "unlimited"
              }
            ],
            "disable_api_termination": false,
            "ebs_block_device": [],
            "ebs_optimized": false,
            "ephemeral_block_device": [],
            "get_password_data": false,
            "hibernation": false,
            "host_id": null,
            "iam_instance_profile": "",
            "id": "i-046e741a07e0b4d8c",
            "instance_initiated_shutdown_behavior": null,
            "instance_state": "running",
            "instance_type": "t3.micro",
            "ipv6_address_count": 0,
            "ipv6_addresses": [],
            "key_name": "app_key",
            "metadata_options": [
              {
                "http_endpoint": "enabled",
                "http_put_response_hop_limit": 1,
                "http_tokens": "optional"
              }
            ],
            "monitoring": false,
            "network_interface": [],
            "network_interface_id": null,
            "outpost_arn": "",
            "password_data": "",
            "placement_group": "",
            "primary_network_interface_id": "eni-0553be49c6883c53b",
            "private_dns": "ip-10-1-10-160.us-west-2.compute.internal",
            "private_ip": "10.1.10.160",
            "public_dns": "ec2-54-218-74-76.us-west-2.compute.amazonaws.com",
            "public_ip": "54.218.74.76",
            "root_block_device": [
              {
                "delete_on_termination": true,
                "device_name": "/dev/sda1",
                "encrypted": false,
                "iops": 100,
                "kms_key_id": "",
                "volume_id": "vol-0f2c7e77400977c07",
                "volume_size": 20,
                "volume_type": "gp2"
              }
            ],
            "security_groups": [],
            "source_dest_check": true,
            "subnet_id": "subnet-03daddc5ed48d0c93",
            "tags": {
              "Name": "app-01"
            },
            "tenancy": "default",
            "timeouts": null,
            "user_data": null,
            "user_data_base64": null,
            "volume_tags": {},
            "vpc_security_group_ids": [
              "sg-03c63018d461d552b",
              "sg-05f466440c2d0b46d"
            ]
          },
          "private": "eyJlMmJmYjczMC1lY2FhLTExZTYtOGY4OC0zNDM2M2JjN2M0YzAiOnsiY3JlYXRlIjo2MDAwMDAwMDAwMDAsImRlbGV0ZSI6MTIwMDAwMDAwMDAwMCwidXBkYXRlIjo2MDAwMDAwMDAwMDB9LCJzY2hlbWFfdmVyc2lvbiI6IjEifQ==",
          "dependencies": [
            "aws_key_pair.app",
            "aws_security_group.admin",
            "aws_security_group.app",
            "aws_subnet.private",
            "aws_vpc.demo-vpc",
            "tls_private_key.app"
          ]
        },
        {
          "index_key": 1,
          "schema_version": 1,
          "attributes": {
            "ami": "ami-0f5d1bcdddfa56c6e",
            "arn": "arn:aws:ec2:us-west-2:633834615594:instance/i-0be095eef9e57b00c",
            "associate_public_ip_address": true,
            "availability_zone": "us-west-2b",
            "cpu_core_count": 1,
            "cpu_threads_per_core": 2,
            "credit_specification": [
              {
                "cpu_credits": "unlimited"
              }
            ],
            "disable_api_termination": false,
            "ebs_block_device": [],
            "ebs_optimized": false,
            "ephemeral_block_device": [],
            "get_password_data": false,
            "hibernation": false,
            "host_id": null,
            "iam_instance_profile": "",
            "id": "i-0be095eef9e57b00c",
            "instance_initiated_shutdown_behavior": null,
            "instance_state": "running",
            "instance_type": "t3.micro",
            "ipv6_address_count": 0,
            "ipv6_addresses": [],
            "key_name": "app_key",
            "metadata_options": [
              {
                "http_endpoint": "enabled",
                "http_put_response_hop_limit": 1,
                "http_tokens": "optional"
              }
            ],
            "monitoring": false,
            "network_interface": [],
            "network_interface_id": null,
            "outpost_arn": "",
            "password_data": "",
            "placement_group": "",
            "primary_network_interface_id": "eni-0691829c3f76bbba7",
            "private_dns": "ip-10-1-11-109.us-west-2.compute.internal",
            "private_ip": "10.1.11.109",
            "public_dns": "ec2-52-24-143-9.us-west-2.compute.amazonaws.com",
            "public_ip": "52.24.143.9",
            "root_block_device": [
              {
                "delete_on_termination": true,
                "device_name": "/dev/sda1",
                "encrypted": false,
                "iops": 100,
                "kms_key_id": "",
                "volume_id": "vol-03f243b8905498e28",
                "volume_size": 20,
                "volume_type": "gp2"
              }
            ],
            "security_groups": [],
            "source_dest_check": true,
            "subnet_id": "subnet-07ee50cc7cf2d0b92",
            "tags": {
              "Name": "app-02",
              "Owner": "hoa.nh",
              "PrincipalId": "AIDAIRF62RTJXCL5MBT3C"
            },
            "tenancy": "default",
            "timeouts": null,
            "user_data": null,
            "user_data_base64": null,
            "volume_tags": {
              "Owner": "hoa.nh",
              "PrincipalId": "AIDAIRF62RTJXCL5MBT3C"
            },
            "vpc_security_group_ids": [
              "sg-03c63018d461d552b",
              "sg-05f466440c2d0b46d"
            ]
          },
          "private": "eyJlMmJmYjczMC1lY2FhLTExZTYtOGY4OC0zNDM2M2JjN2M0YzAiOnsiY3JlYXRlIjo2MDAwMDAwMDAwMDAsImRlbGV0ZSI6MTIwMDAwMDAwMDAwMCwidXBkYXRlIjo2MDAwMDAwMDAwMDB9LCJzY2hlbWFfdmVyc2lvbiI6IjEifQ==",
          "dependencies": [
            "aws_key_pair.app",
            "aws_security_group.admin",
            "aws_security_group.app",
            "aws_subnet.private",
            "aws_vpc.demo-vpc",
            "tls_private_key.app"
          ]
        }
      ]
    },
    {
      "mode": "managed",
      "type": "aws_instance",
      "name": "bastion",
      "provider": "provider.aws",
      "instances": [
        {
          "schema_version": 1,
          "attributes": {
            "ami": "ami-0cc158853935719b7",
            "arn": "arn:aws:ec2:us-west-2:633834615594:instance/i-045484ea5b0db2a6e",
            "associate_public_ip_address": true,
            "availability_zone": "us-west-2a",
            "cpu_core_count": 1,
            "cpu_threads_per_core": 2,
            "credit_specification": [
              {
                "cpu_credits": "unlimited"
              }
            ],
            "disable_api_termination": false,
            "ebs_block_device": [],
            "ebs_optimized": false,
            "ephemeral_block_device": [],
            "get_password_data": false,
            "hibernation": false,
            "host_id": null,
            "iam_instance_profile": "",
            "id": "i-045484ea5b0db2a6e",
            "instance_initiated_shutdown_behavior": null,
            "instance_state": "running",
            "instance_type": "t3.micro",
            "ipv6_address_count": 0,
            "ipv6_addresses": [],
            "key_name": "bastion_key",
            "metadata_options": [
              {
                "http_endpoint": "enabled",
                "http_put_response_hop_limit": 1,
                "http_tokens": "optional"
              }
            ],
            "monitoring": false,
            "network_interface": [],
            "network_interface_id": null,
            "outpost_arn": "",
            "password_data": "",
            "placement_group": "",
            "primary_network_interface_id": "eni-07b1e374a8ebda77c",
            "private_dns": "ip-10-1-0-172.us-west-2.compute.internal",
            "private_ip": "10.1.0.172",
            "public_dns": "ec2-34-220-164-196.us-west-2.compute.amazonaws.com",
            "public_ip": "34.220.164.196",
            "root_block_device": [
              {
                "delete_on_termination": true,
                "device_name": "/dev/sda1",
                "encrypted": false,
                "iops": 100,
                "kms_key_id": "",
                "volume_id": "vol-0f03491b9d5c79368",
                "volume_size": 10,
                "volume_type": "gp2"
              }
            ],
            "security_groups": [],
            "source_dest_check": true,
            "subnet_id": "subnet-004daca6868dbf737",
            "tags": {
              "Name": "bastion-01",
              "Owner": "hoa.nh",
              "PrincipalId": "AIDAIRF62RTJXCL5MBT3C"
            },
            "tenancy": "default",
            "timeouts": null,
            "user_data": null,
            "user_data_base64": null,
            "volume_tags": {
              "Owner": "hoa.nh",
              "PrincipalId": "AIDAIRF62RTJXCL5MBT3C"
            },
            "vpc_security_group_ids": [
              "sg-00b6edbadfe98f9ec"
            ]
          },
          "private": "eyJlMmJmYjczMC1lY2FhLTExZTYtOGY4OC0zNDM2M2JjN2M0YzAiOnsiY3JlYXRlIjo2MDAwMDAwMDAwMDAsImRlbGV0ZSI6MTIwMDAwMDAwMDAwMCwidXBkYXRlIjo2MDAwMDAwMDAwMDB9LCJzY2hlbWFfdmVyc2lvbiI6IjEifQ==",
          "dependencies": [
            "aws_key_pair.bastion",
            "aws_security_group.bastion",
            "aws_subnet.public",
            "aws_vpc.demo-vpc",
            "tls_private_key.bastion"
          ]
        }
      ]
    },
    {
      "mode": "managed",
      "type": "aws_instance",
      "name": "web",
      "each": "list",
      "provider": "provider.aws",
      "instances": [
        {
          "index_key": 0,
          "schema_version": 1,
          "attributes": {
            "ami": "ami-0f8617c112d619a77",
            "arn": "arn:aws:ec2:us-west-2:633834615594:instance/i-002d012551654590c",
            "associate_public_ip_address": true,
            "availability_zone": "us-west-2a",
            "cpu_core_count": 1,
            "cpu_threads_per_core": 2,
            "credit_specification": [
              {
                "cpu_credits": "unlimited"
              }
            ],
            "disable_api_termination": false,
            "ebs_block_device": [],
            "ebs_optimized": false,
            "ephemeral_block_device": [],
            "get_password_data": false,
            "hibernation": false,
            "host_id": null,
            "iam_instance_profile": "",
            "id": "i-002d012551654590c",
            "instance_initiated_shutdown_behavior": null,
            "instance_state": "running",
            "instance_type": "t3.micro",
            "ipv6_address_count": 0,
            "ipv6_addresses": [],
            "key_name": "web_key",
            "metadata_options": [
              {
                "http_endpoint": "enabled",
                "http_put_response_hop_limit": 1,
                "http_tokens": "optional"
              }
            ],
            "monitoring": false,
            "network_interface": [],
            "network_interface_id": null,
            "outpost_arn": "",
            "password_data": "",
            "placement_group": "",
            "primary_network_interface_id": "eni-0d254394ebbfa2879",
            "private_dns": "ip-10-1-10-211.us-west-2.compute.internal",
            "private_ip": "10.1.10.211",
            "public_dns": "ec2-18-236-187-58.us-west-2.compute.amazonaws.com",
            "public_ip": "18.236.187.58",
            "root_block_device": [
              {
                "delete_on_termination": true,
                "device_name": "/dev/sda1",
                "encrypted": false,
                "iops": 100,
                "kms_key_id": "",
                "volume_id": "vol-0729962f5d47b396c",
                "volume_size": 20,
                "volume_type": "gp2"
              }
            ],
            "security_groups": [],
            "source_dest_check": true,
            "subnet_id": "subnet-03daddc5ed48d0c93",
            "tags": {
              "Name": "web-01"
            },
            "tenancy": "default",
            "timeouts": null,
            "user_data": null,
            "user_data_base64": null,
            "volume_tags": {},
            "vpc_security_group_ids": [
              "sg-05f466440c2d0b46d",
              "sg-09a73d2eeb27744b0"
            ]
          },
          "private": "eyJlMmJmYjczMC1lY2FhLTExZTYtOGY4OC0zNDM2M2JjN2M0YzAiOnsiY3JlYXRlIjo2MDAwMDAwMDAwMDAsImRlbGV0ZSI6MTIwMDAwMDAwMDAwMCwidXBkYXRlIjo2MDAwMDAwMDAwMDB9LCJzY2hlbWFfdmVyc2lvbiI6IjEifQ==",
          "dependencies": [
            "aws_key_pair.web",
            "aws_security_group.admin",
            "aws_security_group.web",
            "aws_subnet.private",
            "aws_vpc.demo-vpc",
            "tls_private_key.web"
          ]
        },
        {
          "index_key": 1,
          "schema_version": 1,
          "attributes": {
            "ami": "ami-0f8617c112d619a77",
            "arn": "arn:aws:ec2:us-west-2:633834615594:instance/i-080bccf84f0a07898",
            "associate_public_ip_address": true,
            "availability_zone": "us-west-2b",
            "cpu_core_count": 1,
            "cpu_threads_per_core": 2,
            "credit_specification": [
              {
                "cpu_credits": "unlimited"
              }
            ],
            "disable_api_termination": false,
            "ebs_block_device": [],
            "ebs_optimized": false,
            "ephemeral_block_device": [],
            "get_password_data": false,
            "hibernation": false,
            "host_id": null,
            "iam_instance_profile": "",
            "id": "i-080bccf84f0a07898",
            "instance_initiated_shutdown_behavior": null,
            "instance_state": "running",
            "instance_type": "t3.micro",
            "ipv6_address_count": 0,
            "ipv6_addresses": [],
            "key_name": "web_key",
            "metadata_options": [
              {
                "http_endpoint": "enabled",
                "http_put_response_hop_limit": 1,
                "http_tokens": "optional"
              }
            ],
            "monitoring": false,
            "network_interface": [],
            "network_interface_id": null,
            "outpost_arn": "",
            "password_data": "",
            "placement_group": "",
            "primary_network_interface_id": "eni-08e4dde1d7c44b8ac",
            "private_dns": "ip-10-1-11-199.us-west-2.compute.internal",
            "private_ip": "10.1.11.199",
            "public_dns": "ec2-54-191-27-144.us-west-2.compute.amazonaws.com",
            "public_ip": "54.191.27.144",
            "root_block_device": [
              {
                "delete_on_termination": true,
                "device_name": "/dev/sda1",
                "encrypted": false,
                "iops": 100,
                "kms_key_id": "",
                "volume_id": "vol-0e7a0e6869ee1845b",
                "volume_size": 20,
                "volume_type": "gp2"
              }
            ],
            "security_groups": [],
            "source_dest_check": true,
            "subnet_id": "subnet-07ee50cc7cf2d0b92",
            "tags": {
              "Name": "web-02",
              "Owner": "hoa.nh",
              "PrincipalId": "AIDAIRF62RTJXCL5MBT3C"
            },
            "tenancy": "default",
            "timeouts": null,
            "user_data": null,
            "user_data_base64": null,
            "volume_tags": {
              "Owner": "hoa.nh",
              "PrincipalId": "AIDAIRF62RTJXCL5MBT3C"
            },
            "vpc_security_group_ids": [
              "sg-05f466440c2d0b46d",
              "sg-09a73d2eeb27744b0"
            ]
          },
          "private": "eyJlMmJmYjczMC1lY2FhLTExZTYtOGY4OC0zNDM2M2JjN2M0YzAiOnsiY3JlYXRlIjo2MDAwMDAwMDAwMDAsImRlbGV0ZSI6MTIwMDAwMDAwMDAwMCwidXBkYXRlIjo2MDAwMDAwMDAwMDB9LCJzY2hlbWFfdmVyc2lvbiI6IjEifQ==",
          "dependencies": [
            "aws_key_pair.web",
            "aws_security_group.admin",
            "aws_security_group.web",
            "aws_subnet.private",
            "aws_vpc.demo-vpc",
            "tls_private_key.web"
          ]
        }
      ]
    },
    {
      "mode": "managed",
      "type": "aws_internet_gateway",
      "name": "demo-vpc",
      "provider": "provider.aws",
      "instances": [
        {
          "schema_version": 0,
          "attributes": {
            "arn": "arn:aws:ec2:us-west-2:633834615594:internet-gateway/igw-0b6b873cb9bb4b2b7",
            "id": "igw-0b6b873cb9bb4b2b7",
            "owner_id": "633834615594",
            "tags": {
              "CommonTags": "packer-demo-demo-20210104-005138",
              "Name": "igw-demo-vpc"
            },
            "vpc_id": "vpc-057ffbaaac9a3217b"
          },
          "private": "bnVsbA==",
          "dependencies": [
            "aws_vpc.demo-vpc"
          ]
        }
      ]
    },
    {
      "mode": "managed",
      "type": "aws_key_pair",
      "name": "app",
      "provider": "provider.aws",
      "instances": [
        {
          "schema_version": 1,
          "attributes": {
            "arn": "arn:aws:ec2:us-west-2:633834615594:key-pair/app_key",
            "fingerprint": "c3:ce:2b:bc:02:04:ce:1f:9b:c5:5c:77:ea:b9:cf:11",
            "id": "app_key",
            "key_name": "app_key",
            "key_name_prefix": null,
            "key_pair_id": "key-088291a2a5ff87884",
            "public_key": "ssh-rsa AAAAB3NzaC1yc2EAAAADAQABAAABAQCogqjOnwJymCdA9rRlA0alc6MzCaCND2MVt6nMdgcoWfwr88QOdcXieJUkm0raEgNbtJY27zlR+ZqLFpuwP/C9qk6XiAmJpqzCglgAdi0ys3OXkXfuRPDe/Ayfae41kXygkB4g1itl6DoZibvgMk+R1nN2Ue1hc7QxsACrGPcGPfOG14qxRZmhu8mBmFX50lNVuiwoBdvRTSRORTaAUIetNgsGTDe7CIY5H7rKH8aR5wZ6ui71IHhF8xk5uriYvrjTabTtAPd+CWw3cA027ImxPPNjemYtKnQbh5SfpyCzgvbR8KRq0HMftN+kfXWskO0lBjHWWPTouytWesAxD7tZ",
            "tags": null
          },
          "private": "eyJzY2hlbWFfdmVyc2lvbiI6IjEifQ==",
          "dependencies": [
            "tls_private_key.app"
          ]
        }
      ]
    },
    {
      "mode": "managed",
      "type": "aws_key_pair",
      "name": "bastion",
      "provider": "provider.aws",
      "instances": [
        {
          "schema_version": 1,
          "attributes": {
            "arn": "arn:aws:ec2:us-west-2:633834615594:key-pair/bastion_key",
            "fingerprint": "12:25:48:08:6e:3d:86:a8:f1:13:72:d4:ed:11:41:99",
            "id": "bastion_key",
            "key_name": "bastion_key",
            "key_name_prefix": null,
            "key_pair_id": "key-0c363217dca9ee217",
            "public_key": "ssh-rsa AAAAB3NzaC1yc2EAAAADAQABAAABAQC4K1RnuIGNMK642EkfS73EUeYMLBwoGDHexP+tKCjmmjJ+f8tsg9F82cMeNGW/U3gevDqAbx0+FQGdp2WB7DhvZuw6O8v1KKuuDf4HHS4XI4Pqnoa6zrjdMQkU2gVqHW4x9SbR+ItWvzsCRCaFkj1kKMAjYx+0LO88IAvLfIJegHpzAf5qOpBP1k6lkZ1BuT0Bd7FvUTrV805TOqTzINYu4Hrh7keXm+UJPOJ02cjX5a7bGnKZ0UeSr8atXJrl7ZV/Drdcw94mYEsjNbUgTn5vyhoxbBa24HP+Tv8057Aat52Jjkujv0G8y3++JKyTG0sJrDxkXhwbNqI7cqRgApfF",
            "tags": null
          },
          "private": "eyJzY2hlbWFfdmVyc2lvbiI6IjEifQ==",
          "dependencies": [
            "tls_private_key.bastion"
          ]
        }
      ]
    },
    {
      "mode": "managed",
      "type": "aws_key_pair",
      "name": "web",
      "provider": "provider.aws",
      "instances": [
        {
          "schema_version": 1,
          "attributes": {
            "arn": "arn:aws:ec2:us-west-2:633834615594:key-pair/web_key",
            "fingerprint": "a5:10:7b:83:f8:e7:45:73:5c:47:78:86:20:99:26:cf",
            "id": "web_key",
            "key_name": "web_key",
            "key_name_prefix": null,
            "key_pair_id": "key-0d211a4d02f7f3a64",
            "public_key": "ssh-rsa AAAAB3NzaC1yc2EAAAADAQABAAABAQC/Ec7ctlYAN65vh/Pn+1dXk6nz6RXwGQLB2FYZHEEejrdSD3aygDO2VIQuGZoh8KzReYjt5Uq+3oatXcg+ppA6cV1qRX2cHmi/DuqBVQfGiFcTdihsr0EGZ3T6tVLrXk1RxC9xhmlCV8ZlxUXBqbglDO9DrYcMggZoK/lj/gz4RgTSDd84dd1a32+Kj0NJd4R8sCmXJ7iawq2Yv6sx4tNSyd0JOGqJS+A9ZvXBPF7uXDHA/Y5lZHKAhHMSoAPYGWjD18WWyG7K0kahtS+rQdd+gggIONzNppQDm+2y9rVTh3zoCyGKwUdEeFZB+S02DBEu1t9iUiagyiXx3oYobkyV",
            "tags": null
          },
          "private": "eyJzY2hlbWFfdmVyc2lvbiI6IjEifQ==",
          "dependencies": [
            "tls_private_key.web"
          ]
        }
      ]
    },
    {
      "mode": "managed",
      "type": "aws_lb",
      "name": "web-lb",
      "provider": "provider.aws",
      "instances": [
        {
          "schema_version": 0,
          "attributes": {
            "access_logs": [
              {
                "bucket": "",
                "enabled": false,
                "prefix": ""
              }
            ],
            "arn": "arn:aws:elasticloadbalancing:us-west-2:633834615594:loadbalancer/app/web-lb/2d2b252c5cd85c6f",
            "arn_suffix": "app/web-lb/2d2b252c5cd85c6f",
            "dns_name": "web-lb-222228885.us-west-2.elb.amazonaws.com",
            "drop_invalid_header_fields": false,
            "enable_cross_zone_load_balancing": null,
            "enable_deletion_protection": false,
            "enable_http2": true,
            "id": "arn:aws:elasticloadbalancing:us-west-2:633834615594:loadbalancer/app/web-lb/2d2b252c5cd85c6f",
            "idle_timeout": 60,
            "internal": false,
            "ip_address_type": "ipv4",
            "load_balancer_type": "application",
            "name": "web-lb",
            "name_prefix": null,
            "security_groups": [
              "sg-0f724cd43ff5388b6"
            ],
            "subnet_mapping": [
              {
                "allocation_id": "",
                "subnet_id": "subnet-004daca6868dbf737"
              },
              {
                "allocation_id": "",
                "subnet_id": "subnet-034f9912da39b9854"
              },
              {
                "allocation_id": "",
                "subnet_id": "subnet-0685687578bfe562b"
              }
            ],
            "subnets": [
              "subnet-004daca6868dbf737",
              "subnet-034f9912da39b9854",
              "subnet-0685687578bfe562b"
            ],
            "tags": {
              "Name": "web-lb"
            },
            "timeouts": null,
            "vpc_id": "vpc-057ffbaaac9a3217b",
            "zone_id": "Z1H1FL5HABSF5"
          },
          "private": "eyJlMmJmYjczMC1lY2FhLTExZTYtOGY4OC0zNDM2M2JjN2M0YzAiOnsiY3JlYXRlIjo2MDAwMDAwMDAwMDAsImRlbGV0ZSI6NjAwMDAwMDAwMDAwLCJ1cGRhdGUiOjYwMDAwMDAwMDAwMH19",
          "dependencies": [
            "aws_security_group.lb-external",
            "aws_subnet.public",
            "aws_vpc.demo-vpc"
          ]
        }
      ]
    },
    {
      "mode": "managed",
      "type": "aws_lb_listener",
      "name": "web-lb",
      "provider": "provider.aws",
      "instances": [
        {
          "schema_version": 0,
          "attributes": {
            "arn": "arn:aws:elasticloadbalancing:us-west-2:633834615594:listener/app/web-lb/2d2b252c5cd85c6f/71b2cde805cc19ad",
            "certificate_arn": null,
            "default_action": [
              {
                "authenticate_cognito": [],
                "authenticate_oidc": [],
                "fixed_response": [],
                "forward": [],
                "order": 1,
                "redirect": [],
                "target_group_arn": "arn:aws:elasticloadbalancing:us-west-2:633834615594:targetgroup/web-tg/95896c1a50ec6783",
                "type": "forward"
              }
            ],
            "id": "arn:aws:elasticloadbalancing:us-west-2:633834615594:listener/app/web-lb/2d2b252c5cd85c6f/71b2cde805cc19ad",
            "load_balancer_arn": "arn:aws:elasticloadbalancing:us-west-2:633834615594:loadbalancer/app/web-lb/2d2b252c5cd85c6f",
            "port": 80,
            "protocol": "HTTP",
            "ssl_policy": "",
            "timeouts": null
          },
          "private": "eyJlMmJmYjczMC1lY2FhLTExZTYtOGY4OC0zNDM2M2JjN2M0YzAiOnsicmVhZCI6NjAwMDAwMDAwMDAwfX0=",
          "dependencies": [
            "aws_lb.web-lb",
            "aws_lb_target_group.web",
            "aws_security_group.lb-external",
            "aws_subnet.public",
            "aws_vpc.demo-vpc"
          ]
        }
      ]
    },
    {
      "mode": "managed",
      "type": "aws_lb_target_group",
      "name": "web",
      "provider": "provider.aws",
      "instances": [
        {
          "schema_version": 0,
          "attributes": {
            "arn": "arn:aws:elasticloadbalancing:us-west-2:633834615594:targetgroup/web-tg/95896c1a50ec6783",
            "arn_suffix": "targetgroup/web-tg/95896c1a50ec6783",
            "deregistration_delay": 300,
            "health_check": [
              {
                "enabled": true,
                "healthy_threshold": 5,
                "interval": 30,
                "matcher": "200",
                "path": "/",
                "port": "traffic-port",
                "protocol": "HTTP",
                "timeout": 5,
                "unhealthy_threshold": 2
              }
            ],
            "id": "arn:aws:elasticloadbalancing:us-west-2:633834615594:targetgroup/web-tg/95896c1a50ec6783",
            "lambda_multi_value_headers_enabled": false,
            "load_balancing_algorithm_type": "round_robin",
            "name": "web-tg",
            "name_prefix": null,
            "port": 80,
            "protocol": "HTTP",
            "proxy_protocol_v2": false,
            "slow_start": 0,
            "stickiness": [
              {
                "cookie_duration": 86400,
                "enabled": false,
                "type": "lb_cookie"
              }
            ],
            "tags": null,
            "target_type": "instance",
            "vpc_id": "vpc-057ffbaaac9a3217b"
          },
          "private": "bnVsbA==",
          "dependencies": [
            "aws_vpc.demo-vpc"
          ]
        }
      ]
    },
    {
      "mode": "managed",
      "type": "aws_lb_target_group_attachment",
      "name": "web",
      "each": "list",
      "provider": "provider.aws",
      "instances": [
        {
          "index_key": 0,
          "schema_version": 0,
          "attributes": {
            "availability_zone": null,
            "id": "arn:aws:elasticloadbalancing:us-west-2:633834615594:targetgroup/web-tg/95896c1a50ec6783-20210104005155283600000002",
            "port": null,
            "target_group_arn": "arn:aws:elasticloadbalancing:us-west-2:633834615594:targetgroup/web-tg/95896c1a50ec6783",
            "target_id": "i-002d012551654590c"
          },
          "private": "bnVsbA==",
          "dependencies": [
            "aws_instance.web",
            "aws_key_pair.web",
            "aws_lb_target_group.web",
            "aws_security_group.admin",
            "aws_security_group.web",
            "aws_subnet.private",
            "aws_vpc.demo-vpc",
            "tls_private_key.web"
          ]
        },
        {
          "index_key": 1,
          "schema_version": 0,
          "attributes": {
            "availability_zone": null,
            "id": "arn:aws:elasticloadbalancing:us-west-2:633834615594:targetgroup/web-tg/95896c1a50ec6783-20210104005155213800000001",
            "port": null,
            "target_group_arn": "arn:aws:elasticloadbalancing:us-west-2:633834615594:targetgroup/web-tg/95896c1a50ec6783",
            "target_id": "i-080bccf84f0a07898"
          },
          "private": "bnVsbA==",
          "dependencies": [
            "aws_instance.web",
            "aws_key_pair.web",
            "aws_lb_target_group.web",
            "aws_security_group.admin",
            "aws_security_group.web",
            "aws_subnet.private",
            "aws_vpc.demo-vpc",
            "tls_private_key.web"
          ]
        }
      ]
    },
    {
      "mode": "managed",
      "type": "aws_nat_gateway",
      "name": "demo-vpc",
      "provider": "provider.aws",
      "instances": [
        {
          "schema_version": 0,
          "attributes": {
            "allocation_id": "eipalloc-0d3cc2f8b1de82581",
            "id": "nat-0d557a3561b0391e5",
            "network_interface_id": "eni-0c5d375cf337dee16",
            "private_ip": "10.1.0.157",
            "public_ip": "54.188.190.149",
            "subnet_id": "subnet-004daca6868dbf737",
            "tags": null
          },
          "private": "bnVsbA==",
          "dependencies": [
            "aws_eip.nat-gw",
            "aws_subnet.public",
            "aws_vpc.demo-vpc"
          ]
        }
      ]
    },
    {
      "mode": "managed",
      "type": "aws_route_table",
      "name": "private-rt",
      "provider": "provider.aws",
      "instances": [
        {
          "schema_version": 0,
          "attributes": {
            "id": "rtb-076ead6dda9c7c926",
            "owner_id": "633834615594",
            "propagating_vgws": [],
            "route": [
              {
                "cidr_block": "0.0.0.0/0",
                "egress_only_gateway_id": "",
                "gateway_id": "",
                "instance_id": "",
                "ipv6_cidr_block": "",
                "nat_gateway_id": "nat-0d557a3561b0391e5",
                "network_interface_id": "",
                "transit_gateway_id": "",
                "vpc_peering_connection_id": ""
              }
            ],
            "tags": {
              "CommonTags": "packer-demo-demo-20210104-005138",
              "Name": "private-rt"
            },
            "vpc_id": "vpc-057ffbaaac9a3217b"
          },
          "private": "bnVsbA==",
          "dependencies": [
            "aws_eip.nat-gw",
            "aws_nat_gateway.demo-vpc",
            "aws_subnet.public",
            "aws_vpc.demo-vpc"
          ]
        }
      ]
    },
    {
      "mode": "managed",
      "type": "aws_route_table",
      "name": "public-rt",
      "provider": "provider.aws",
      "instances": [
        {
          "schema_version": 0,
          "attributes": {
            "id": "rtb-0394cbddd4f7de64d",
            "owner_id": "633834615594",
            "propagating_vgws": [],
            "route": [
              {
                "cidr_block": "0.0.0.0/0",
                "egress_only_gateway_id": "",
                "gateway_id": "igw-0b6b873cb9bb4b2b7",
                "instance_id": "",
                "ipv6_cidr_block": "",
                "nat_gateway_id": "",
                "network_interface_id": "",
                "transit_gateway_id": "",
                "vpc_peering_connection_id": ""
              }
            ],
            "tags": {
              "CommonTags": "packer-demo-demo-20210104-005138",
              "Name": "public-rt"
            },
            "vpc_id": "vpc-057ffbaaac9a3217b"
          },
          "private": "bnVsbA==",
          "dependencies": [
            "aws_internet_gateway.demo-vpc",
            "aws_vpc.demo-vpc"
          ]
        }
      ]
    },
    {
      "mode": "managed",
      "type": "aws_route_table_association",
      "name": "private",
      "each": "list",
      "provider": "provider.aws",
      "instances": [
        {
          "index_key": 0,
          "schema_version": 0,
          "attributes": {
            "gateway_id": null,
            "id": "rtbassoc-0bd20796cd4419308",
            "route_table_id": "rtb-076ead6dda9c7c926",
            "subnet_id": "subnet-03daddc5ed48d0c93"
          },
          "private": "bnVsbA==",
          "dependencies": [
            "aws_eip.nat-gw",
            "aws_nat_gateway.demo-vpc",
            "aws_route_table.private-rt",
            "aws_subnet.private",
            "aws_subnet.public",
            "aws_vpc.demo-vpc"
          ]
        },
        {
          "index_key": 1,
          "schema_version": 0,
          "attributes": {
            "gateway_id": null,
            "id": "rtbassoc-057b956ace75ba603",
            "route_table_id": "rtb-076ead6dda9c7c926",
            "subnet_id": "subnet-07ee50cc7cf2d0b92"
          },
          "private": "bnVsbA==",
          "dependencies": [
            "aws_eip.nat-gw",
            "aws_nat_gateway.demo-vpc",
            "aws_route_table.private-rt",
            "aws_subnet.private",
            "aws_subnet.public",
            "aws_vpc.demo-vpc"
          ]
        },
        {
          "index_key": 2,
          "schema_version": 0,
          "attributes": {
            "gateway_id": null,
            "id": "rtbassoc-0fe448487c6c8f558",
            "route_table_id": "rtb-076ead6dda9c7c926",
            "subnet_id": "subnet-085ee0d5a3ccf8b1a"
          },
          "private": "bnVsbA==",
          "dependencies": [
            "aws_eip.nat-gw",
            "aws_nat_gateway.demo-vpc",
            "aws_route_table.private-rt",
            "aws_subnet.private",
            "aws_subnet.public",
            "aws_vpc.demo-vpc"
          ]
        }
      ]
    },
    {
      "mode": "managed",
      "type": "aws_route_table_association",
      "name": "public",
      "each": "list",
      "provider": "provider.aws",
      "instances": [
        {
          "index_key": 0,
          "schema_version": 0,
          "attributes": {
            "gateway_id": null,
            "id": "rtbassoc-0d9f89fe92ece2ed0",
            "route_table_id": "rtb-0394cbddd4f7de64d",
            "subnet_id": "subnet-004daca6868dbf737"
          },
          "private": "bnVsbA==",
          "dependencies": [
            "aws_internet_gateway.demo-vpc",
            "aws_route_table.public-rt",
            "aws_subnet.public",
            "aws_vpc.demo-vpc"
          ]
        },
        {
          "index_key": 1,
          "schema_version": 0,
          "attributes": {
            "gateway_id": null,
            "id": "rtbassoc-0cf040bc5bfbeeb6e",
            "route_table_id": "rtb-0394cbddd4f7de64d",
            "subnet_id": "subnet-0685687578bfe562b"
          },
          "private": "bnVsbA==",
          "dependencies": [
            "aws_internet_gateway.demo-vpc",
            "aws_route_table.public-rt",
            "aws_subnet.public",
            "aws_vpc.demo-vpc"
          ]
        },
        {
          "index_key": 2,
          "schema_version": 0,
          "attributes": {
            "gateway_id": null,
            "id": "rtbassoc-070b0fb8d341111aa",
            "route_table_id": "rtb-0394cbddd4f7de64d",
            "subnet_id": "subnet-034f9912da39b9854"
          },
          "private": "bnVsbA==",
          "dependencies": [
            "aws_internet_gateway.demo-vpc",
            "aws_route_table.public-rt",
            "aws_subnet.public",
            "aws_vpc.demo-vpc"
          ]
        }
      ]
    },
    {
      "mode": "managed",
      "type": "aws_security_group",
      "name": "admin",
      "provider": "provider.aws",
      "instances": [
        {
          "schema_version": 1,
          "attributes": {
            "arn": "arn:aws:ec2:us-west-2:633834615594:security-group/sg-05f466440c2d0b46d",
            "description": "Management security groups",
            "egress": [],
            "id": "sg-05f466440c2d0b46d",
            "ingress": [],
            "name": "sg_adm",
            "name_prefix": null,
            "owner_id": "633834615594",
            "revoke_rules_on_delete": false,
            "tags": null,
            "timeouts": null,
            "vpc_id": "vpc-057ffbaaac9a3217b"
          },
          "private": "eyJlMmJmYjczMC1lY2FhLTExZTYtOGY4OC0zNDM2M2JjN2M0YzAiOnsiY3JlYXRlIjo2MDAwMDAwMDAwMDAsImRlbGV0ZSI6NjAwMDAwMDAwMDAwfSwic2NoZW1hX3ZlcnNpb24iOiIxIn0=",
          "dependencies": [
            "aws_vpc.demo-vpc"
          ]
        }
      ]
    },
    {
      "mode": "managed",
      "type": "aws_security_group",
      "name": "app",
      "provider": "provider.aws",
      "instances": [
        {
          "schema_version": 1,
          "attributes": {
            "arn": "arn:aws:ec2:us-west-2:633834615594:security-group/sg-03c63018d461d552b",
            "description": "APP security groups",
            "egress": [],
            "id": "sg-03c63018d461d552b",
            "ingress": [],
            "name": "sg_app",
            "name_prefix": null,
            "owner_id": "633834615594",
            "revoke_rules_on_delete": false,
            "tags": null,
            "timeouts": null,
            "vpc_id": "vpc-057ffbaaac9a3217b"
          },
          "private": "eyJlMmJmYjczMC1lY2FhLTExZTYtOGY4OC0zNDM2M2JjN2M0YzAiOnsiY3JlYXRlIjo2MDAwMDAwMDAwMDAsImRlbGV0ZSI6NjAwMDAwMDAwMDAwfSwic2NoZW1hX3ZlcnNpb24iOiIxIn0=",
          "dependencies": [
            "aws_vpc.demo-vpc"
          ]
        }
      ]
    },
    {
      "mode": "managed",
      "type": "aws_security_group",
      "name": "bastion",
      "provider": "provider.aws",
      "instances": [
        {
          "schema_version": 1,
          "attributes": {
            "arn": "arn:aws:ec2:us-west-2:633834615594:security-group/sg-00b6edbadfe98f9ec",
            "description": "Bastion security group",
            "egress": [],
            "id": "sg-00b6edbadfe98f9ec",
            "ingress": [],
            "name": "sg_bastion",
            "name_prefix": null,
            "owner_id": "633834615594",
            "revoke_rules_on_delete": false,
            "tags": null,
            "timeouts": null,
            "vpc_id": "vpc-057ffbaaac9a3217b"
          },
          "private": "eyJlMmJmYjczMC1lY2FhLTExZTYtOGY4OC0zNDM2M2JjN2M0YzAiOnsiY3JlYXRlIjo2MDAwMDAwMDAwMDAsImRlbGV0ZSI6NjAwMDAwMDAwMDAwfSwic2NoZW1hX3ZlcnNpb24iOiIxIn0=",
          "dependencies": [
            "aws_vpc.demo-vpc"
          ]
        }
      ]
    },
    {
      "mode": "managed",
      "type": "aws_security_group",
      "name": "lb-external",
      "provider": "provider.aws",
      "instances": [
        {
          "schema_version": 1,
          "attributes": {
            "arn": "arn:aws:ec2:us-west-2:633834615594:security-group/sg-0f724cd43ff5388b6",
            "description": "LB security groups",
            "egress": [],
            "id": "sg-0f724cd43ff5388b6",
            "ingress": [],
            "name": "sg_alb",
            "name_prefix": null,
            "owner_id": "633834615594",
            "revoke_rules_on_delete": false,
            "tags": null,
            "timeouts": null,
            "vpc_id": "vpc-057ffbaaac9a3217b"
          },
          "private": "eyJlMmJmYjczMC1lY2FhLTExZTYtOGY4OC0zNDM2M2JjN2M0YzAiOnsiY3JlYXRlIjo2MDAwMDAwMDAwMDAsImRlbGV0ZSI6NjAwMDAwMDAwMDAwfSwic2NoZW1hX3ZlcnNpb24iOiIxIn0=",
          "dependencies": [
            "aws_vpc.demo-vpc"
          ]
        }
      ]
    },
    {
      "mode": "managed",
      "type": "aws_security_group",
      "name": "web",
      "provider": "provider.aws",
      "instances": [
        {
          "schema_version": 1,
          "attributes": {
            "arn": "arn:aws:ec2:us-west-2:633834615594:security-group/sg-09a73d2eeb27744b0",
            "description": "Web security groups",
            "egress": [],
            "id": "sg-09a73d2eeb27744b0",
            "ingress": [],
            "name": "sg_web",
            "name_prefix": null,
            "owner_id": "633834615594",
            "revoke_rules_on_delete": false,
            "tags": null,
            "timeouts": null,
            "vpc_id": "vpc-057ffbaaac9a3217b"
          },
          "private": "eyJlMmJmYjczMC1lY2FhLTExZTYtOGY4OC0zNDM2M2JjN2M0YzAiOnsiY3JlYXRlIjo2MDAwMDAwMDAwMDAsImRlbGV0ZSI6NjAwMDAwMDAwMDAwfSwic2NoZW1hX3ZlcnNpb24iOiIxIn0=",
          "dependencies": [
            "aws_vpc.demo-vpc"
          ]
        }
      ]
    },
    {
      "mode": "managed",
      "type": "aws_security_group_rule",
      "name": "admin-in",
      "provider": "provider.aws",
      "instances": [
        {
          "schema_version": 2,
          "attributes": {
            "cidr_blocks": null,
            "description": "For ssh access from bastion",
            "from_port": 22,
            "id": "sgrule-2216357402",
            "ipv6_cidr_blocks": null,
            "prefix_list_ids": null,
            "protocol": "tcp",
            "security_group_id": "sg-05f466440c2d0b46d",
            "self": false,
            "source_security_group_id": "sg-00b6edbadfe98f9ec",
            "to_port": 22,
            "type": "ingress"
          },
          "private": "eyJzY2hlbWFfdmVyc2lvbiI6IjIifQ==",
          "dependencies": [
            "aws_security_group.admin",
            "aws_security_group.bastion",
            "aws_vpc.demo-vpc"
          ]
        }
      ]
    },
    {
      "mode": "managed",
      "type": "aws_security_group_rule",
      "name": "admin-manage",
      "provider": "provider.aws",
      "instances": [
        {
          "schema_version": 2,
          "attributes": {
            "cidr_blocks": null,
            "description": "For admin management",
            "from_port": 22,
            "id": "sgrule-3764591033",
            "ipv6_cidr_blocks": null,
            "prefix_list_ids": null,
            "protocol": "tcp",
            "security_group_id": "sg-00b6edbadfe98f9ec",
            "self": false,
            "source_security_group_id": "sg-05f466440c2d0b46d",
            "to_port": 22,
            "type": "egress"
          },
          "private": "eyJzY2hlbWFfdmVyc2lvbiI6IjIifQ==",
          "dependencies": [
            "aws_security_group.admin",
            "aws_security_group.bastion",
            "aws_vpc.demo-vpc"
          ]
        }
      ]
    },
    {
      "mode": "managed",
      "type": "aws_security_group_rule",
      "name": "admin-out",
      "provider": "provider.aws",
      "instances": [
        {
          "schema_version": 2,
          "attributes": {
            "cidr_blocks": [
              "0.0.0.0/0"
            ],
            "description": "All traffic outbound",
            "from_port": 0,
            "id": "sgrule-903573070",
            "ipv6_cidr_blocks": null,
            "prefix_list_ids": null,
            "protocol": "-1",
            "security_group_id": "sg-05f466440c2d0b46d",
            "self": false,
            "source_security_group_id": null,
            "to_port": 0,
            "type": "egress"
          },
          "private": "eyJzY2hlbWFfdmVyc2lvbiI6IjIifQ==",
          "dependencies": [
            "aws_security_group.admin",
            "aws_vpc.demo-vpc"
          ]
        }
      ]
    },
    {
      "mode": "managed",
      "type": "aws_security_group_rule",
      "name": "app-allow-web-access",
      "provider": "provider.aws",
      "instances": [
        {
          "schema_version": 2,
          "attributes": {
            "cidr_blocks": null,
            "description": "Allow access from Web",
            "from_port": 8080,
            "id": "sgrule-2829752616",
            "ipv6_cidr_blocks": null,
            "prefix_list_ids": null,
            "protocol": "tcp",
            "security_group_id": "sg-03c63018d461d552b",
            "self": false,
            "source_security_group_id": "sg-09a73d2eeb27744b0",
            "to_port": 8080,
            "type": "ingress"
          },
          "private": "eyJzY2hlbWFfdmVyc2lvbiI6IjIifQ==",
          "dependencies": [
            "aws_security_group.app",
            "aws_security_group.web",
            "aws_vpc.demo-vpc"
          ]
        }
      ]
    },
    {
      "mode": "managed",
      "type": "aws_security_group_rule",
      "name": "bastion-ssh",
      "provider": "provider.aws",
      "instances": [
        {
          "schema_version": 2,
          "attributes": {
            "cidr_blocks": [
              "0.0.0.0/0"
            ],
            "description": "For allow ssh from outside",
            "from_port": 22,
            "id": "sgrule-3739647284",
            "ipv6_cidr_blocks": null,
            "prefix_list_ids": null,
            "protocol": "tcp",
            "security_group_id": "sg-00b6edbadfe98f9ec",
            "self": false,
            "source_security_group_id": null,
            "to_port": 22,
            "type": "ingress"
          },
          "private": "eyJzY2hlbWFfdmVyc2lvbiI6IjIifQ==",
          "dependencies": [
            "aws_security_group.bastion",
            "aws_vpc.demo-vpc"
          ]
        }
      ]
    },
    {
      "mode": "managed",
      "type": "aws_security_group_rule",
      "name": "lb-allow-http",
      "provider": "provider.aws",
      "instances": [
        {
          "schema_version": 2,
          "attributes": {
            "cidr_blocks": [
              "0.0.0.0/0"
            ],
            "description": "Allow access from external",
            "from_port": 80,
            "id": "sgrule-3354149064",
            "ipv6_cidr_blocks": null,
            "prefix_list_ids": null,
            "protocol": "tcp",
            "security_group_id": "sg-0f724cd43ff5388b6",
            "self": false,
            "source_security_group_id": null,
            "to_port": 80,
            "type": "ingress"
          },
          "private": "eyJzY2hlbWFfdmVyc2lvbiI6IjIifQ==",
          "dependencies": [
            "aws_security_group.lb-external",
            "aws_vpc.demo-vpc"
          ]
        }
      ]
    },
    {
      "mode": "managed",
      "type": "aws_security_group_rule",
      "name": "lb-web-access",
      "provider": "provider.aws",
      "instances": [
        {
          "schema_version": 2,
          "attributes": {
            "cidr_blocks": null,
            "description": "Allow access to web",
            "from_port": 80,
            "id": "sgrule-3795822898",
            "ipv6_cidr_blocks": null,
            "prefix_list_ids": null,
            "protocol": "tcp",
            "security_group_id": "sg-0f724cd43ff5388b6",
            "self": false,
            "source_security_group_id": "sg-09a73d2eeb27744b0",
            "to_port": 80,
            "type": "egress"
          },
          "private": "eyJzY2hlbWFfdmVyc2lvbiI6IjIifQ==",
          "dependencies": [
            "aws_security_group.lb-external",
            "aws_security_group.web",
            "aws_vpc.demo-vpc"
          ]
        }
      ]
    },
    {
      "mode": "managed",
      "type": "aws_security_group_rule",
      "name": "web-access-to-app",
      "provider": "provider.aws",
      "instances": [
        {
          "schema_version": 2,
          "attributes": {
            "cidr_blocks": null,
            "description": "allow http to app",
            "from_port": 8080,
            "id": "sgrule-494463955",
            "ipv6_cidr_blocks": null,
            "prefix_list_ids": null,
            "protocol": "tcp",
            "security_group_id": "sg-09a73d2eeb27744b0",
            "self": false,
            "source_security_group_id": "sg-03c63018d461d552b",
            "to_port": 8080,
            "type": "egress"
          },
          "private": "eyJzY2hlbWFfdmVyc2lvbiI6IjIifQ==",
          "dependencies": [
            "aws_security_group.app",
            "aws_security_group.web",
            "aws_vpc.demo-vpc"
          ]
        }
      ]
    },
    {
      "mode": "managed",
      "type": "aws_security_group_rule",
      "name": "web-allow-lb-access",
      "provider": "provider.aws",
      "instances": [
        {
          "schema_version": 2,
          "attributes": {
            "cidr_blocks": null,
            "description": "allow http from lb",
            "from_port": 80,
            "id": "sgrule-865062522",
            "ipv6_cidr_blocks": null,
            "prefix_list_ids": null,
            "protocol": "tcp",
            "security_group_id": "sg-09a73d2eeb27744b0",
            "self": false,
            "source_security_group_id": "sg-0f724cd43ff5388b6",
            "to_port": 80,
            "type": "ingress"
          },
          "private": "eyJzY2hlbWFfdmVyc2lvbiI6IjIifQ==",
          "dependencies": [
            "aws_security_group.lb-external",
            "aws_security_group.web",
            "aws_vpc.demo-vpc"
          ]
        }
      ]
    },
    {
      "mode": "managed",
      "type": "aws_subnet",
      "name": "private",
      "each": "list",
      "provider": "provider.aws",
      "instances": [
        {
          "index_key": 0,
          "schema_version": 1,
          "attributes": {
            "arn": "arn:aws:ec2:us-west-2:633834615594:subnet/subnet-03daddc5ed48d0c93",
            "assign_ipv6_address_on_creation": false,
            "availability_zone": "us-west-2a",
            "availability_zone_id": "usw2-az1",
            "cidr_block": "10.1.10.0/24",
            "id": "subnet-03daddc5ed48d0c93",
            "ipv6_cidr_block": "",
            "ipv6_cidr_block_association_id": "",
            "map_public_ip_on_launch": true,
            "outpost_arn": "",
            "owner_id": "633834615594",
            "tags": {
              "CommonTags": "packer-demo-demo-20210104-005138",
              "Name": "private-subnet-01"
            },
            "timeouts": null,
            "vpc_id": "vpc-057ffbaaac9a3217b"
          },
          "private": "eyJlMmJmYjczMC1lY2FhLTExZTYtOGY4OC0zNDM2M2JjN2M0YzAiOnsiY3JlYXRlIjo2MDAwMDAwMDAwMDAsImRlbGV0ZSI6MTIwMDAwMDAwMDAwMH0sInNjaGVtYV92ZXJzaW9uIjoiMSJ9",
          "dependencies": [
            "aws_vpc.demo-vpc"
          ]
        },
        {
          "index_key": 1,
          "schema_version": 1,
          "attributes": {
            "arn": "arn:aws:ec2:us-west-2:633834615594:subnet/subnet-07ee50cc7cf2d0b92",
            "assign_ipv6_address_on_creation": false,
            "availability_zone": "us-west-2b",
            "availability_zone_id": "usw2-az2",
            "cidr_block": "10.1.11.0/24",
            "id": "subnet-07ee50cc7cf2d0b92",
            "ipv6_cidr_block": "",
            "ipv6_cidr_block_association_id": "",
            "map_public_ip_on_launch": false,
            "outpost_arn": "",
            "owner_id": "633834615594",
            "tags": {
              "CommonTags": "packer-demo-demo-20210104-005138",
              "Name": "private-subnet-02"
            },
            "timeouts": null,
            "vpc_id": "vpc-057ffbaaac9a3217b"
          },
          "private": "eyJlMmJmYjczMC1lY2FhLTExZTYtOGY4OC0zNDM2M2JjN2M0YzAiOnsiY3JlYXRlIjo2MDAwMDAwMDAwMDAsImRlbGV0ZSI6MTIwMDAwMDAwMDAwMH0sInNjaGVtYV92ZXJzaW9uIjoiMSJ9",
          "dependencies": [
            "aws_vpc.demo-vpc"
          ]
        },
        {
          "index_key": 2,
          "schema_version": 1,
          "attributes": {
            "arn": "arn:aws:ec2:us-west-2:633834615594:subnet/subnet-085ee0d5a3ccf8b1a",
            "assign_ipv6_address_on_creation": false,
            "availability_zone": "us-west-2c",
            "availability_zone_id": "usw2-az3",
            "cidr_block": "10.1.12.0/24",
            "id": "subnet-085ee0d5a3ccf8b1a",
            "ipv6_cidr_block": "",
            "ipv6_cidr_block_association_id": "",
            "map_public_ip_on_launch": true,
            "outpost_arn": "",
            "owner_id": "633834615594",
            "tags": {
              "CommonTags": "packer-demo-demo-20210104-005138",
              "Name": "private-subnet-03"
            },
            "timeouts": null,
            "vpc_id": "vpc-057ffbaaac9a3217b"
          },
          "private": "eyJlMmJmYjczMC1lY2FhLTExZTYtOGY4OC0zNDM2M2JjN2M0YzAiOnsiY3JlYXRlIjo2MDAwMDAwMDAwMDAsImRlbGV0ZSI6MTIwMDAwMDAwMDAwMH0sInNjaGVtYV92ZXJzaW9uIjoiMSJ9",
          "dependencies": [
            "aws_vpc.demo-vpc"
          ]
        }
      ]
    },
    {
      "mode": "managed",
      "type": "aws_subnet",
      "name": "public",
      "each": "list",
      "provider": "provider.aws",
      "instances": [
        {
          "index_key": 0,
          "schema_version": 1,
          "attributes": {
            "arn": "arn:aws:ec2:us-west-2:633834615594:subnet/subnet-004daca6868dbf737",
            "assign_ipv6_address_on_creation": false,
            "availability_zone": "us-west-2a",
            "availability_zone_id": "usw2-az1",
            "cidr_block": "10.1.0.0/24",
            "id": "subnet-004daca6868dbf737",
            "ipv6_cidr_block": "",
            "ipv6_cidr_block_association_id": "",
            "map_public_ip_on_launch": true,
            "outpost_arn": "",
            "owner_id": "633834615594",
            "tags": {
              "CommonTags": "packer-demo-demo-20210104-005138",
              "Name": "public-subnet-01"
            },
            "timeouts": null,
            "vpc_id": "vpc-057ffbaaac9a3217b"
          },
          "private": "eyJlMmJmYjczMC1lY2FhLTExZTYtOGY4OC0zNDM2M2JjN2M0YzAiOnsiY3JlYXRlIjo2MDAwMDAwMDAwMDAsImRlbGV0ZSI6MTIwMDAwMDAwMDAwMH0sInNjaGVtYV92ZXJzaW9uIjoiMSJ9",
          "dependencies": [
            "aws_vpc.demo-vpc"
          ]
        },
        {
          "index_key": 1,
          "schema_version": 1,
          "attributes": {
            "arn": "arn:aws:ec2:us-west-2:633834615594:subnet/subnet-0685687578bfe562b",
            "assign_ipv6_address_on_creation": false,
            "availability_zone": "us-west-2b",
            "availability_zone_id": "usw2-az2",
            "cidr_block": "10.1.1.0/24",
            "id": "subnet-0685687578bfe562b",
            "ipv6_cidr_block": "",
            "ipv6_cidr_block_association_id": "",
            "map_public_ip_on_launch": true,
            "outpost_arn": "",
            "owner_id": "633834615594",
            "tags": {
              "CommonTags": "packer-demo-demo-20210104-005138",
              "Name": "public-subnet-02"
            },
            "timeouts": null,
            "vpc_id": "vpc-057ffbaaac9a3217b"
          },
          "private": "eyJlMmJmYjczMC1lY2FhLTExZTYtOGY4OC0zNDM2M2JjN2M0YzAiOnsiY3JlYXRlIjo2MDAwMDAwMDAwMDAsImRlbGV0ZSI6MTIwMDAwMDAwMDAwMH0sInNjaGVtYV92ZXJzaW9uIjoiMSJ9",
          "dependencies": [
            "aws_vpc.demo-vpc"
          ]
        },
        {
          "index_key": 2,
          "schema_version": 1,
          "attributes": {
            "arn": "arn:aws:ec2:us-west-2:633834615594:subnet/subnet-034f9912da39b9854",
            "assign_ipv6_address_on_creation": false,
            "availability_zone": "us-west-2c",
            "availability_zone_id": "usw2-az3",
            "cidr_block": "10.1.2.0/24",
            "id": "subnet-034f9912da39b9854",
            "ipv6_cidr_block": "",
            "ipv6_cidr_block_association_id": "",
            "map_public_ip_on_launch": true,
            "outpost_arn": "",
            "owner_id": "633834615594",
            "tags": {
              "CommonTags": "packer-demo-demo-20210104-005138",
              "Name": "public-subnet-03"
            },
            "timeouts": null,
            "vpc_id": "vpc-057ffbaaac9a3217b"
          },
          "private": "eyJlMmJmYjczMC1lY2FhLTExZTYtOGY4OC0zNDM2M2JjN2M0YzAiOnsiY3JlYXRlIjo2MDAwMDAwMDAwMDAsImRlbGV0ZSI6MTIwMDAwMDAwMDAwMH0sInNjaGVtYV92ZXJzaW9uIjoiMSJ9",
          "dependencies": [
            "aws_vpc.demo-vpc"
          ]
        }
      ]
    },
    {
      "mode": "managed",
      "type": "aws_vpc",
      "name": "demo-vpc",
      "provider": "provider.aws",
      "instances": [
        {
          "schema_version": 1,
          "attributes": {
            "arn": "arn:aws:ec2:us-west-2:633834615594:vpc/vpc-057ffbaaac9a3217b",
            "assign_generated_ipv6_cidr_block": false,
            "cidr_block": "10.1.0.0/16",
            "default_network_acl_id": "acl-0259666f37943851d",
            "default_route_table_id": "rtb-00c21b5e586cc291b",
            "default_security_group_id": "sg-03e6df8f3cd5f5048",
            "dhcp_options_id": "dopt-3bf2005e",
            "enable_classiclink": false,
            "enable_classiclink_dns_support": false,
            "enable_dns_hostnames": true,
            "enable_dns_support": true,
            "id": "vpc-057ffbaaac9a3217b",
            "instance_tenancy": "default",
            "ipv6_association_id": "",
            "ipv6_cidr_block": "",
            "main_route_table_id": "rtb-00c21b5e586cc291b",
            "owner_id": "633834615594",
            "tags": {
              "CommonTags": "packer-demo-demo-20210104-005138",
              "Name": "demo-vpc"
            }
          },
          "private": "eyJzY2hlbWFfdmVyc2lvbiI6IjEifQ=="
        }
      ]
    },
    {
      "mode": "managed",
      "type": "local_file",
      "name": "ansible-hosts",
      "provider": "provider.local",
      "instances": [
        {
          "schema_version": 0,
          "attributes": {
            "content": "all:\n  hosts:\n    bastion-01:\n      ansible_host: 34.220.164.196\n      ansible_user: ubuntu\n      ansible_ssh_common_args: -F ssh.conf\n      ansible_python_interpreter: /usr/bin/env python3\n    web-01:\n      ansible_host: 10.1.10.211\n      ansible_user: ubuntu\n      ansible_ssh_common_args: -F ssh.conf\n      ansible_python_interpreter: /usr/bin/env python3\n    web-02:\n      ansible_host: 10.1.11.199\n      ansible_user: ubuntu\n      ansible_ssh_common_args: -F ssh.conf\n      ansible_python_interpreter: /usr/bin/env python3\n    app-01:\n      ansible_host: 10.1.10.160\n      ansible_user: ubuntu\n      ansible_ssh_common_args: -F ssh.conf\n      ansible_python_interpreter: /usr/bin/env python3\n    app-02:\n      ansible_host: 10.1.11.109\n      ansible_user: ubuntu\n      ansible_ssh_common_args: -F ssh.conf\n      ansible_python_interpreter: /usr/bin/env python3\n\nbastion:\n  hosts:\n    bastion-01:\n\nweb:\n  hosts:\n    web-01:\n    web-02:\n\napp:\n  hosts:\n    app-01:\n    app-02:\n",
            "content_base64": null,
            "directory_permission": "0777",
            "file_permission": "0777",
            "filename": "/var/lib/jenkins/workspace/infra-deployment/vm-based/infra/aws/ansible-hosts.yml",
            "id": "546bc9b8368cd6d12fcb2c486f20f663ed124c62",
            "sensitive_content": null,
            "source": null
          },
          "private": "bnVsbA==",
          "dependencies": [
            "aws_instance.app",
            "aws_instance.bastion",
            "aws_instance.web",
            "aws_key_pair.app",
            "aws_key_pair.bastion",
            "aws_key_pair.web",
            "aws_security_group.admin",
            "aws_security_group.app",
            "aws_security_group.bastion",
            "aws_security_group.web",
            "aws_subnet.private",
            "aws_subnet.public",
            "aws_vpc.demo-vpc",
            "tls_private_key.app",
            "tls_private_key.bastion",
            "tls_private_key.web"
          ]
        }
      ]
    },
    {
      "mode": "managed",
      "type": "local_file",
      "name": "app",
      "provider": "provider.local",
      "instances": [
        {
          "schema_version": 0,
          "attributes": {
            "content": null,
            "content_base64": null,
            "directory_permission": "0777",
            "file_permission": "0777",
            "filename": "/var/lib/jenkins/workspace/infra-deployment/vm-based/infra/aws/keys/app.pem",
            "id": "ce79c55b53b5a3c05364152d260fcaee091811f1",
            "sensitive_content": "-----BEGIN RSA PRIVATE KEY-----\nMIIEowIBAAKCAQEAqIKozp8CcpgnQPa0ZQNGpXOjMwmgjQ9jFbepzHYHKFn8K/PE\nDnXF4niVJJtK2hIDW7SWNu85UfmaixabsD/wvapOl4gJiaaswoJYAHYtMrNzl5F3\n7kTw3vwMn2nuNZF8oJAeINYrZeg6GYm74DJPkdZzdlHtYXO0MbAAqxj3Bj3zhteK\nsUWZobvJgZhV+dJTVbosKAXb0U0kTkU2gFCHrTYLBkw3uwiGOR+6yh/GkecGerou\n9SB4RfMZObq4mL6402m07QD3fglsN3ANNuyJsTzzY3pmLSp0G4eUn6cgs4L20fCk\natBzH7TfpH11rJDtJQYx1lj06LsrVnrAMQ+7WQIDAQABAoIBAF9ARBVPcn2+Heot\nybiTinp5jBWMapFx0itzfuqRCOi5PL7HctpNnkaurHddxIjRx84tnP9+Z+M7eS0H\n4YdWDUnYm8Yx4lpJubvVG9Ne+ZuALmXNl4I6vAD/bk8p/LmQ/GZyMGWVSkC3bSgE\nYAuRxMKF+ww1sT31vjSb7TTJztBah2p3FspLN/shHSEkbix+GihSRudxK0BZAHnw\n/UE4edi3BzaRZY29L2YxQboQ8M9CvKhIUmcxYNgqUb+xnkDAPLV2uEEKj4LEMrl/\nM+9JTjDkrRXk01atrN/99bh06w/qBbpAj4LR3WMudVqoKWnpjgBwY4/26jeg7a7E\nyyEkS1ECgYEA2J7NhFapK6w1klD+cin5T0XA3INcNZ0mzex4WB39Hz6bDxNLUyeO\nPiij48rJOwTTFYTn11sPb/Shdl04VXUzEq4B3UEIflT2jxWG0d9GVNitGgIxatKP\n4aabSc5E3gp7R41Pi9iomN14JtO1/4VbsxN/sBiL4tOzWOvyuYsUHRUCgYEAxyTj\nwKwuxYbWgc7Mtuv29ifP6J3FvFWi6FbipjbHEZmhkgVP6Cegh73+zTIx4Ph2qJRS\nQ9A/GQRAb76D4VtZ91U5Ms1nqqMw/0XDaFcbyt1rwXOudg20GICVCsZ5gPd09Mdv\nuNR8ssykXLRaRmFYppWVKDaX8sDGzHtq1/RYXjUCgYAyURjd759WFKdQ+F1SOWu+\nvS4iSqUFkx5rYM1HcpfURR+RbeLmSt7gk2IWTIlXmzRI4FlWDcHVOJa0vsySFSoq\n4Z5vPWbyqVuoOtDZOSrGFJqI2w+Nh6GCQcf6ad5XUUn3gdyDWG05LOB27GBvHRQC\n0bmsNtdvdctIEW6NKMAgTQKBgQCKylf80UOroKThRSqBlgTBW8/X1BWag6iM+vjt\nVKH6zzK+3Prq1qtXz3/ErOX8X837AZwv7PP80GzENGgfaJZT/U5m7KcCUsf0MT/V\n+VfCU/0kjyYY2sYYiYzWPKszycL2UgS4MUdTKbKndX6xLGkneHrC0wGlStuCacV2\nCrKHvQKBgB4Jm3recNyUi0ywn0qjd2z4v+QI9Jx+Yi1gZCQ9PzrRxuBASH2Ig5lf\nu+4mW5RjJTZTCeF3qKZKDmW+4gql9AiPjZexWpmKEc75SDkWoZMIFu7SNjNr+4lm\nb0f91kLALpN7b4Ad1XdhT9qvfye4IxT1fjddh5AWdnvERUFdyilt\n-----END RSA PRIVATE KEY-----\n",
            "source": null
          },
          "private": "bnVsbA==",
          "dependencies": [
            "tls_private_key.app"
          ]
        }
      ]
    },
    {
      "mode": "managed",
      "type": "local_file",
      "name": "bastion",
      "provider": "provider.local",
      "instances": [
        {
          "schema_version": 0,
          "attributes": {
            "content": null,
            "content_base64": null,
            "directory_permission": "0777",
            "file_permission": "0777",
            "filename": "/var/lib/jenkins/workspace/infra-deployment/vm-based/infra/aws/keys/bastion.pem",
            "id": "ac6ba6751ef12a24536d69cfb5ebfd5f0a57d65e",
            "sensitive_content": "-----BEGIN RSA PRIVATE KEY-----\nMIIEpAIBAAKCAQEAuCtUZ7iBjTCuuNhJH0u9xFHmDCwcKBgx3sT/rSgo5poyfn/L\nbIPRfNnDHjRlv1N4Hrw6gG8dPhUBnadlgew4b2bsOjvL9Sirrg3+Bx0uFyOD6p6G\nus643TEJFNoFah1uMfUm0fiLVr87AkQmhZI9ZCjAI2MftCzvPCALy3yCXoB6cwH+\najqQT9ZOpZGdQbk9AXexb1E61fNOUzqk8yDWLuB64e5Hl5vlCTzidNnI1+Wu2xpy\nmdFHkq/GrVya5e2Vfw63XMPeJmBLIzW1IE5+b8oaMWwWtuBz/k7/NOewGrediY5L\no79BvMt/viSskxtLCaw8ZF4cGzaiO3KkYAKXxQIDAQABAoIBAFE4GqMbRVbkz0kJ\naUX5+xhnHdLkaQ5tjSC3NCJDAbag7f/HkAitIWe0CU56wRxdTS4QyKP3XKgST4Id\nXrCrYkAO3cLYuBvH8d5yoUK15auip/yCKNydaf1yMJUXiSfBDuXNPW9/8sMw1m8r\naumhEp3nMsToZATrhB257DmzETNnKZZqEtf0I/qHgdu18eLq8hwzxvo3dPWEZdu+\nsaC35IpOEnYF7J5wbkjDSp4hVX4MMnEF8xhAWRms5Ye1eEJSVyJSby24NOo91qWB\nDmgcV3lmauajzZ9fL5MEpamT4C3kBHf1mO0TqNux1+35S8keHIr+Gb8N8eexltCT\n9jnD0UECgYEAyhZLl9v65Nvkh2wF2bOVFCE2MDBmJIz5gRxNfsCsNqm+SJ1Es3Mq\nKHzB+Wgl6T1q7ahkXwn1OupomI8qge4NmYHMas+lECgGOuMFPrL4iK3d4pCDrnxr\njlZgM2CrtfAh4aGqucnUWeFCTer7eyZa0FhIgtz69aBeeqKmOogbT4kCgYEA6U1S\nNf+dwUESSClox7798HGFKnW5i57vUeGWkEwzIx+RXoB3CDC6rj39EXZ2OnyvgXdf\nCpirO4f3Qca6SoBYpXIKUu1jqErABftZ7y4fNNxawaedmB6Q5WyDvPtaae695Axd\nFkhrN15NVr6eSqW5boNOmhMOLjTx/xTC7cUJW10CgYEAiKai30FlWrRGyDwHiLqi\nqEX8+oD/0N9zKBcXYAqxaRVHEpsmBaJuc4pJMHl4iUt6rtIbbRiytvAjYmYM/GcY\n0yCuNdvLZi1qaQ9yUH99CA9p5vaJ1MdVg55s1tEby59hic1kQNV1voFP8JhhDVlW\nN2Q7RCJhoQ6cVJj/hrzamuECgYEAi4SJ3XD3zlIztKPO3WUCR4AbusCcLTrms3jM\nqY5oJmECdhktFeDOQtUfOgo1udRGwI26cIPMItW0r8lALr2CRa5lLiJ4rnPFUc52\ngep7DwmX3Kd4PzhIPmsefS1zbFYxiOc74897Dql+Zpmn38wrkENGBi3PFSLkdT7d\nM4PZjKECgYB9k2Zes2RzjXoxCr3oTSmlN7TOw7pRYJNdXky47m69GmK43RXIP0/p\nXIXmYqA2innNCto+sXhezrHkbkX7Vy/fZHz9FiTstmt2WZ78RxM+Mce/IYkQrhAB\neu13Dp8HgDCKMwZei4ZVAff3amWCmp8rsWfct7KN0QqO8uIat5eBug==\n-----END RSA PRIVATE KEY-----\n",
            "source": null
          },
          "private": "bnVsbA==",
          "dependencies": [
            "tls_private_key.bastion"
          ]
        }
      ]
    },
    {
      "mode": "managed",
      "type": "local_file",
      "name": "ssh-conf",
      "provider": "provider.local",
      "instances": [
        {
          "schema_version": 0,
          "attributes": {
            "content": "Host *\n  User ubuntu\n  StrictHostKeyChecking no\n  ControlMaster auto\n  ControlPath ~/.ssh/ansible-%r@%h:%p\n  ControlPersist 30m\n  ConnectionAttempts=100\n  ServerAliveInterval 60\n  ServerAliveCountMax 5\n\n# for bastion node\nHost bastion-01\n  HostName 34.220.164.196\n  User ubuntu\n  StrictHostKeyChecking no\n  UserKnownHostsFile=/dev/null\n  LogLevel ERROR\n  IdentityFile /var/lib/jenkins/workspace/infra-deployment/vm-based/infra/aws/keys/bastion.pem\n\n# for web server node\nHost web-01 10.1.10.211\n  HostName 10.1.10.211\n  User ubuntu\n  ProxyCommand ssh -o StrictHostKeyChecking=no -o UserKnownHostsFile=/dev/null -W %h:%p -i /var/lib/jenkins/workspace/infra-deployment/vm-based/infra/aws/keys/bastion.pem ubuntu@34.220.164.196\n  StrictHostKeyChecking no\n  UserKnownHostsFile=/dev/null\n  LogLevel ERROR\n  IdentityFile /var/lib/jenkins/workspace/infra-deployment/vm-based/infra/aws/keys/web.pem\nHost web-02 10.1.11.199\n  HostName 10.1.11.199\n  User ubuntu\n  ProxyCommand ssh -o StrictHostKeyChecking=no -o UserKnownHostsFile=/dev/null -W %h:%p -i /var/lib/jenkins/workspace/infra-deployment/vm-based/infra/aws/keys/bastion.pem ubuntu@34.220.164.196\n  StrictHostKeyChecking no\n  UserKnownHostsFile=/dev/null\n  LogLevel ERROR\n  IdentityFile /var/lib/jenkins/workspace/infra-deployment/vm-based/infra/aws/keys/web.pem\n\n# for app server node\nHost app-01 10.1.10.160\n  HostName 10.1.10.160\n  User ubuntu\n  ProxyCommand ssh -o StrictHostKeyChecking=no -o UserKnownHostsFile=/dev/null -W %h:%p -i /var/lib/jenkins/workspace/infra-deployment/vm-based/infra/aws/keys/bastion.pem ubuntu@34.220.164.196\n  StrictHostKeyChecking no\n  UserKnownHostsFile=/dev/null\n  LogLevel ERROR\n  IdentityFile /var/lib/jenkins/workspace/infra-deployment/vm-based/infra/aws/keys/app.pem\nHost app-02 10.1.11.109\n  HostName 10.1.11.109\n  User ubuntu\n  ProxyCommand ssh -o StrictHostKeyChecking=no -o UserKnownHostsFile=/dev/null -W %h:%p -i /var/lib/jenkins/workspace/infra-deployment/vm-based/infra/aws/keys/bastion.pem ubuntu@34.220.164.196\n  StrictHostKeyChecking no\n  UserKnownHostsFile=/dev/null\n  LogLevel ERROR\n  IdentityFile /var/lib/jenkins/workspace/infra-deployment/vm-based/infra/aws/keys/app.pem\n",
            "content_base64": null,
            "directory_permission": "0777",
            "file_permission": "0777",
            "filename": "/var/lib/jenkins/workspace/infra-deployment/vm-based/infra/aws/ssh.conf",
            "id": "4add2200976ba8822a072a8e870d212d56a0dcd6",
            "sensitive_content": null,
            "source": null
          },
          "private": "bnVsbA==",
          "dependencies": [
            "aws_instance.app",
            "aws_instance.bastion",
            "aws_instance.web",
            "aws_key_pair.app",
            "aws_key_pair.bastion",
            "aws_key_pair.web",
            "aws_security_group.admin",
            "aws_security_group.app",
            "aws_security_group.bastion",
            "aws_security_group.web",
            "aws_subnet.private",
            "aws_subnet.public",
            "aws_vpc.demo-vpc",
            "tls_private_key.app",
            "tls_private_key.bastion",
            "tls_private_key.web"
          ]
        }
      ]
    },
    {
      "mode": "managed",
      "type": "local_file",
      "name": "web",
      "provider": "provider.local",
      "instances": [
        {
          "schema_version": 0,
          "attributes": {
            "content": null,
            "content_base64": null,
            "directory_permission": "0777",
            "file_permission": "0777",
            "filename": "/var/lib/jenkins/workspace/infra-deployment/vm-based/infra/aws/keys/web.pem",
            "id": "80fb653abbe0c174189c3ade5ec2ba4854975821",
            "sensitive_content": "-----BEGIN RSA PRIVATE KEY-----\nMIIEowIBAAKCAQEAvxHO3LZWADeub4fz5/tXV5Op8+kV8BkCwdhWGRxBHo63Ug92\nsoAztlSELhmaIfCs0XmI7eVKvt6GrV3IPqaQOnFdakV9nB5ovw7qgVUHxohXE3Yo\nbK9BBmd0+rVS615NUcQvcYZpQlfGZcVFwam4JQzvQ62HDIIGaCv5Y/4M+EYE0g3f\nOHXdWt9vio9DSXeEfLAplye4msKtmL+rMeLTUsndCThqiUvgPWb1wTxe7lwxwP2O\nZWRygIRzEqAD2Blow9fFlshuytJGobUvq0HXfoIICDjczaaUA5vtsva1U4d86Ash\nisFHRHhWQfktNgwRLtbfYlImoMol8d6GKG5MlQIDAQABAoIBAFRTi7SlVHdsG7Rl\nkCQGLZodNZjMej4pC6p5zCXw7lyKKCYzZPOK2UfTLTMbYYcxLVSWCvTTiZWLqGzD\nQylDYcwpVE0etj08voX0E1NZL8FTUvrn3xd4kX4+EsbDWAFA8Wbw6u9znukEzC8G\nTa8XNIpFlyOLZlsC18kJ/1s+OIMpwJXQvRqVgS8L+MyOPSGIwoFrPTj4UWKj2f9H\n0qsfs1k4+Mk3Av7r7G4fT71b0nWS1TV0rXcv9EhClolXHpKx00JJMrF/jX6qq6FF\n1stqiETYNTOVfLw6LdySwBpjA6M51XKl2//6jcHx741fza9rU9zYrbMTll3L0B1s\nFN3lU9ECgYEA14IeUnD4K1gfXVFl8wOnpWqmbz0etEJLs3UtQI5mZgyYZGLRw4uQ\nSx4sYR0sEIrlwvX4udlm9bZLcoqHRSoIWUUNwTlzes6bEvA5ii9gPuajZff2YiG5\nOi2zLhWg2gj0cfnt24+mBBf1JjW7sgJm04A5QHBXDQGDD2B3nKLeZEMCgYEA4vgx\n8LpwhwbGqFPvRd2+15TELD3gSFQrhwQC+zLrJVy+AQDkpnFngX2UmCPNUzn1b0Av\nv5bhvHFe7fIUNslk8tpoiyfjfrXeP7sZgiP2qekvuTgQfLW1QP5emXmxNtLvJ9mo\nUDtFDuEJI83vtXtvHa0WrVIx9lAh5eC0CQxkqkcCgYEApxSwYYZIQYKOvpCvE9uP\njEXFR5UBSwvjGP0N2nEMnq3BMIMU0iBP/I0mJxyw3xpwy9hbv+r3UiTFFcak3VCb\nLGrHITljeKDZxbMNST81xU6W/CVklexDaQGpW19VV/V9Xyg/6uvR8HaKj9c07+vA\nwNU2jekK9IBplfBai8wR03UCgYB4+VcM+yKNJbRu9cXb1FQq7bUd66EGjC5jGWVJ\nZJtm36a6PDKi8GD96ORxrut6h7LkqC6LDK2m1jqF0vipNvDibD06pnkgCWm7SEtR\nTT/k0lBIhbRr9CH20V20qeMl2In2EJIgqWamhpVrixFQBslz5NTobp4Iri9TKlBr\nXjqtcwKBgEMQ0QK8oKb0rd46170pJMHS+y3XTvOAYmPr662UxnlkkwPkCAQHYDVo\npT5pzRqMxCMpavANEH1Z7DQ/XBauM48GUIiSucT8ZmSsxhHgtyHdjEtrsDtqsrLf\n/Bu8o1Pg6rh5Rwo6CR+uEh60l4RXWVD14iymMviGmz91T1rfxTD9\n-----END RSA PRIVATE KEY-----\n",
            "source": null
          },
          "private": "bnVsbA==",
          "dependencies": [
            "tls_private_key.web"
          ]
        }
      ]
    },
    {
      "mode": "managed",
      "type": "tls_private_key",
      "name": "app",
      "provider": "provider.tls",
      "instances": [
        {
          "schema_version": 0,
          "attributes": {
            "algorithm": "RSA",
            "ecdsa_curve": "P224",
            "id": "f14b8fb43425bd8b38d138ee1b0121111706f922",
            "private_key_pem": "-----BEGIN RSA PRIVATE KEY-----\nMIIEowIBAAKCAQEAqIKozp8CcpgnQPa0ZQNGpXOjMwmgjQ9jFbepzHYHKFn8K/PE\nDnXF4niVJJtK2hIDW7SWNu85UfmaixabsD/wvapOl4gJiaaswoJYAHYtMrNzl5F3\n7kTw3vwMn2nuNZF8oJAeINYrZeg6GYm74DJPkdZzdlHtYXO0MbAAqxj3Bj3zhteK\nsUWZobvJgZhV+dJTVbosKAXb0U0kTkU2gFCHrTYLBkw3uwiGOR+6yh/GkecGerou\n9SB4RfMZObq4mL6402m07QD3fglsN3ANNuyJsTzzY3pmLSp0G4eUn6cgs4L20fCk\natBzH7TfpH11rJDtJQYx1lj06LsrVnrAMQ+7WQIDAQABAoIBAF9ARBVPcn2+Heot\nybiTinp5jBWMapFx0itzfuqRCOi5PL7HctpNnkaurHddxIjRx84tnP9+Z+M7eS0H\n4YdWDUnYm8Yx4lpJubvVG9Ne+ZuALmXNl4I6vAD/bk8p/LmQ/GZyMGWVSkC3bSgE\nYAuRxMKF+ww1sT31vjSb7TTJztBah2p3FspLN/shHSEkbix+GihSRudxK0BZAHnw\n/UE4edi3BzaRZY29L2YxQboQ8M9CvKhIUmcxYNgqUb+xnkDAPLV2uEEKj4LEMrl/\nM+9JTjDkrRXk01atrN/99bh06w/qBbpAj4LR3WMudVqoKWnpjgBwY4/26jeg7a7E\nyyEkS1ECgYEA2J7NhFapK6w1klD+cin5T0XA3INcNZ0mzex4WB39Hz6bDxNLUyeO\nPiij48rJOwTTFYTn11sPb/Shdl04VXUzEq4B3UEIflT2jxWG0d9GVNitGgIxatKP\n4aabSc5E3gp7R41Pi9iomN14JtO1/4VbsxN/sBiL4tOzWOvyuYsUHRUCgYEAxyTj\nwKwuxYbWgc7Mtuv29ifP6J3FvFWi6FbipjbHEZmhkgVP6Cegh73+zTIx4Ph2qJRS\nQ9A/GQRAb76D4VtZ91U5Ms1nqqMw/0XDaFcbyt1rwXOudg20GICVCsZ5gPd09Mdv\nuNR8ssykXLRaRmFYppWVKDaX8sDGzHtq1/RYXjUCgYAyURjd759WFKdQ+F1SOWu+\nvS4iSqUFkx5rYM1HcpfURR+RbeLmSt7gk2IWTIlXmzRI4FlWDcHVOJa0vsySFSoq\n4Z5vPWbyqVuoOtDZOSrGFJqI2w+Nh6GCQcf6ad5XUUn3gdyDWG05LOB27GBvHRQC\n0bmsNtdvdctIEW6NKMAgTQKBgQCKylf80UOroKThRSqBlgTBW8/X1BWag6iM+vjt\nVKH6zzK+3Prq1qtXz3/ErOX8X837AZwv7PP80GzENGgfaJZT/U5m7KcCUsf0MT/V\n+VfCU/0kjyYY2sYYiYzWPKszycL2UgS4MUdTKbKndX6xLGkneHrC0wGlStuCacV2\nCrKHvQKBgB4Jm3recNyUi0ywn0qjd2z4v+QI9Jx+Yi1gZCQ9PzrRxuBASH2Ig5lf\nu+4mW5RjJTZTCeF3qKZKDmW+4gql9AiPjZexWpmKEc75SDkWoZMIFu7SNjNr+4lm\nb0f91kLALpN7b4Ad1XdhT9qvfye4IxT1fjddh5AWdnvERUFdyilt\n-----END RSA PRIVATE KEY-----\n",
            "public_key_fingerprint_md5": "66:10:7e:93:fb:ce:67:dc:2e:b9:8b:44:e0:76:f6:c8",
            "public_key_openssh": "ssh-rsa AAAAB3NzaC1yc2EAAAADAQABAAABAQCogqjOnwJymCdA9rRlA0alc6MzCaCND2MVt6nMdgcoWfwr88QOdcXieJUkm0raEgNbtJY27zlR+ZqLFpuwP/C9qk6XiAmJpqzCglgAdi0ys3OXkXfuRPDe/Ayfae41kXygkB4g1itl6DoZibvgMk+R1nN2Ue1hc7QxsACrGPcGPfOG14qxRZmhu8mBmFX50lNVuiwoBdvRTSRORTaAUIetNgsGTDe7CIY5H7rKH8aR5wZ6ui71IHhF8xk5uriYvrjTabTtAPd+CWw3cA027ImxPPNjemYtKnQbh5SfpyCzgvbR8KRq0HMftN+kfXWskO0lBjHWWPTouytWesAxD7tZ\n",
            "public_key_pem": "-----BEGIN PUBLIC KEY-----\nMIIBIjANBgkqhkiG9w0BAQEFAAOCAQ8AMIIBCgKCAQEAqIKozp8CcpgnQPa0ZQNG\npXOjMwmgjQ9jFbepzHYHKFn8K/PEDnXF4niVJJtK2hIDW7SWNu85UfmaixabsD/w\nvapOl4gJiaaswoJYAHYtMrNzl5F37kTw3vwMn2nuNZF8oJAeINYrZeg6GYm74DJP\nkdZzdlHtYXO0MbAAqxj3Bj3zhteKsUWZobvJgZhV+dJTVbosKAXb0U0kTkU2gFCH\nrTYLBkw3uwiGOR+6yh/GkecGerou9SB4RfMZObq4mL6402m07QD3fglsN3ANNuyJ\nsTzzY3pmLSp0G4eUn6cgs4L20fCkatBzH7TfpH11rJDtJQYx1lj06LsrVnrAMQ+7\nWQIDAQAB\n-----END PUBLIC KEY-----\n",
            "rsa_bits": 2048
          },
          "private": "bnVsbA=="
        }
      ]
    },
    {
      "mode": "managed",
      "type": "tls_private_key",
      "name": "bastion",
      "provider": "provider.tls",
      "instances": [
        {
          "schema_version": 0,
          "attributes": {
            "algorithm": "RSA",
            "ecdsa_curve": "P224",
            "id": "07053efebe796641f26a38ef40e78f0b1642ff9d",
            "private_key_pem": "-----BEGIN RSA PRIVATE KEY-----\nMIIEpAIBAAKCAQEAuCtUZ7iBjTCuuNhJH0u9xFHmDCwcKBgx3sT/rSgo5poyfn/L\nbIPRfNnDHjRlv1N4Hrw6gG8dPhUBnadlgew4b2bsOjvL9Sirrg3+Bx0uFyOD6p6G\nus643TEJFNoFah1uMfUm0fiLVr87AkQmhZI9ZCjAI2MftCzvPCALy3yCXoB6cwH+\najqQT9ZOpZGdQbk9AXexb1E61fNOUzqk8yDWLuB64e5Hl5vlCTzidNnI1+Wu2xpy\nmdFHkq/GrVya5e2Vfw63XMPeJmBLIzW1IE5+b8oaMWwWtuBz/k7/NOewGrediY5L\no79BvMt/viSskxtLCaw8ZF4cGzaiO3KkYAKXxQIDAQABAoIBAFE4GqMbRVbkz0kJ\naUX5+xhnHdLkaQ5tjSC3NCJDAbag7f/HkAitIWe0CU56wRxdTS4QyKP3XKgST4Id\nXrCrYkAO3cLYuBvH8d5yoUK15auip/yCKNydaf1yMJUXiSfBDuXNPW9/8sMw1m8r\naumhEp3nMsToZATrhB257DmzETNnKZZqEtf0I/qHgdu18eLq8hwzxvo3dPWEZdu+\nsaC35IpOEnYF7J5wbkjDSp4hVX4MMnEF8xhAWRms5Ye1eEJSVyJSby24NOo91qWB\nDmgcV3lmauajzZ9fL5MEpamT4C3kBHf1mO0TqNux1+35S8keHIr+Gb8N8eexltCT\n9jnD0UECgYEAyhZLl9v65Nvkh2wF2bOVFCE2MDBmJIz5gRxNfsCsNqm+SJ1Es3Mq\nKHzB+Wgl6T1q7ahkXwn1OupomI8qge4NmYHMas+lECgGOuMFPrL4iK3d4pCDrnxr\njlZgM2CrtfAh4aGqucnUWeFCTer7eyZa0FhIgtz69aBeeqKmOogbT4kCgYEA6U1S\nNf+dwUESSClox7798HGFKnW5i57vUeGWkEwzIx+RXoB3CDC6rj39EXZ2OnyvgXdf\nCpirO4f3Qca6SoBYpXIKUu1jqErABftZ7y4fNNxawaedmB6Q5WyDvPtaae695Axd\nFkhrN15NVr6eSqW5boNOmhMOLjTx/xTC7cUJW10CgYEAiKai30FlWrRGyDwHiLqi\nqEX8+oD/0N9zKBcXYAqxaRVHEpsmBaJuc4pJMHl4iUt6rtIbbRiytvAjYmYM/GcY\n0yCuNdvLZi1qaQ9yUH99CA9p5vaJ1MdVg55s1tEby59hic1kQNV1voFP8JhhDVlW\nN2Q7RCJhoQ6cVJj/hrzamuECgYEAi4SJ3XD3zlIztKPO3WUCR4AbusCcLTrms3jM\nqY5oJmECdhktFeDOQtUfOgo1udRGwI26cIPMItW0r8lALr2CRa5lLiJ4rnPFUc52\ngep7DwmX3Kd4PzhIPmsefS1zbFYxiOc74897Dql+Zpmn38wrkENGBi3PFSLkdT7d\nM4PZjKECgYB9k2Zes2RzjXoxCr3oTSmlN7TOw7pRYJNdXky47m69GmK43RXIP0/p\nXIXmYqA2innNCto+sXhezrHkbkX7Vy/fZHz9FiTstmt2WZ78RxM+Mce/IYkQrhAB\neu13Dp8HgDCKMwZei4ZVAff3amWCmp8rsWfct7KN0QqO8uIat5eBug==\n-----END RSA PRIVATE KEY-----\n",
            "public_key_fingerprint_md5": "25:0f:9e:43:49:a9:71:20:5c:c7:78:1f:50:08:02:16",
            "public_key_openssh": "ssh-rsa AAAAB3NzaC1yc2EAAAADAQABAAABAQC4K1RnuIGNMK642EkfS73EUeYMLBwoGDHexP+tKCjmmjJ+f8tsg9F82cMeNGW/U3gevDqAbx0+FQGdp2WB7DhvZuw6O8v1KKuuDf4HHS4XI4Pqnoa6zrjdMQkU2gVqHW4x9SbR+ItWvzsCRCaFkj1kKMAjYx+0LO88IAvLfIJegHpzAf5qOpBP1k6lkZ1BuT0Bd7FvUTrV805TOqTzINYu4Hrh7keXm+UJPOJ02cjX5a7bGnKZ0UeSr8atXJrl7ZV/Drdcw94mYEsjNbUgTn5vyhoxbBa24HP+Tv8057Aat52Jjkujv0G8y3++JKyTG0sJrDxkXhwbNqI7cqRgApfF\n",
            "public_key_pem": "-----BEGIN PUBLIC KEY-----\nMIIBIjANBgkqhkiG9w0BAQEFAAOCAQ8AMIIBCgKCAQEAuCtUZ7iBjTCuuNhJH0u9\nxFHmDCwcKBgx3sT/rSgo5poyfn/LbIPRfNnDHjRlv1N4Hrw6gG8dPhUBnadlgew4\nb2bsOjvL9Sirrg3+Bx0uFyOD6p6Gus643TEJFNoFah1uMfUm0fiLVr87AkQmhZI9\nZCjAI2MftCzvPCALy3yCXoB6cwH+ajqQT9ZOpZGdQbk9AXexb1E61fNOUzqk8yDW\nLuB64e5Hl5vlCTzidNnI1+Wu2xpymdFHkq/GrVya5e2Vfw63XMPeJmBLIzW1IE5+\nb8oaMWwWtuBz/k7/NOewGrediY5Lo79BvMt/viSskxtLCaw8ZF4cGzaiO3KkYAKX\nxQIDAQAB\n-----END PUBLIC KEY-----\n",
            "rsa_bits": 2048
          },
          "private": "bnVsbA=="
        }
      ]
    },
    {
      "mode": "managed",
      "type": "tls_private_key",
      "name": "web",
      "provider": "provider.tls",
      "instances": [
        {
          "schema_version": 0,
          "attributes": {
            "algorithm": "RSA",
            "ecdsa_curve": "P224",
            "id": "21f1c8fc6c864102b55333288e375482147eb56d",
            "private_key_pem": "-----BEGIN RSA PRIVATE KEY-----\nMIIEowIBAAKCAQEAvxHO3LZWADeub4fz5/tXV5Op8+kV8BkCwdhWGRxBHo63Ug92\nsoAztlSELhmaIfCs0XmI7eVKvt6GrV3IPqaQOnFdakV9nB5ovw7qgVUHxohXE3Yo\nbK9BBmd0+rVS615NUcQvcYZpQlfGZcVFwam4JQzvQ62HDIIGaCv5Y/4M+EYE0g3f\nOHXdWt9vio9DSXeEfLAplye4msKtmL+rMeLTUsndCThqiUvgPWb1wTxe7lwxwP2O\nZWRygIRzEqAD2Blow9fFlshuytJGobUvq0HXfoIICDjczaaUA5vtsva1U4d86Ash\nisFHRHhWQfktNgwRLtbfYlImoMol8d6GKG5MlQIDAQABAoIBAFRTi7SlVHdsG7Rl\nkCQGLZodNZjMej4pC6p5zCXw7lyKKCYzZPOK2UfTLTMbYYcxLVSWCvTTiZWLqGzD\nQylDYcwpVE0etj08voX0E1NZL8FTUvrn3xd4kX4+EsbDWAFA8Wbw6u9znukEzC8G\nTa8XNIpFlyOLZlsC18kJ/1s+OIMpwJXQvRqVgS8L+MyOPSGIwoFrPTj4UWKj2f9H\n0qsfs1k4+Mk3Av7r7G4fT71b0nWS1TV0rXcv9EhClolXHpKx00JJMrF/jX6qq6FF\n1stqiETYNTOVfLw6LdySwBpjA6M51XKl2//6jcHx741fza9rU9zYrbMTll3L0B1s\nFN3lU9ECgYEA14IeUnD4K1gfXVFl8wOnpWqmbz0etEJLs3UtQI5mZgyYZGLRw4uQ\nSx4sYR0sEIrlwvX4udlm9bZLcoqHRSoIWUUNwTlzes6bEvA5ii9gPuajZff2YiG5\nOi2zLhWg2gj0cfnt24+mBBf1JjW7sgJm04A5QHBXDQGDD2B3nKLeZEMCgYEA4vgx\n8LpwhwbGqFPvRd2+15TELD3gSFQrhwQC+zLrJVy+AQDkpnFngX2UmCPNUzn1b0Av\nv5bhvHFe7fIUNslk8tpoiyfjfrXeP7sZgiP2qekvuTgQfLW1QP5emXmxNtLvJ9mo\nUDtFDuEJI83vtXtvHa0WrVIx9lAh5eC0CQxkqkcCgYEApxSwYYZIQYKOvpCvE9uP\njEXFR5UBSwvjGP0N2nEMnq3BMIMU0iBP/I0mJxyw3xpwy9hbv+r3UiTFFcak3VCb\nLGrHITljeKDZxbMNST81xU6W/CVklexDaQGpW19VV/V9Xyg/6uvR8HaKj9c07+vA\nwNU2jekK9IBplfBai8wR03UCgYB4+VcM+yKNJbRu9cXb1FQq7bUd66EGjC5jGWVJ\nZJtm36a6PDKi8GD96ORxrut6h7LkqC6LDK2m1jqF0vipNvDibD06pnkgCWm7SEtR\nTT/k0lBIhbRr9CH20V20qeMl2In2EJIgqWamhpVrixFQBslz5NTobp4Iri9TKlBr\nXjqtcwKBgEMQ0QK8oKb0rd46170pJMHS+y3XTvOAYmPr662UxnlkkwPkCAQHYDVo\npT5pzRqMxCMpavANEH1Z7DQ/XBauM48GUIiSucT8ZmSsxhHgtyHdjEtrsDtqsrLf\n/Bu8o1Pg6rh5Rwo6CR+uEh60l4RXWVD14iymMviGmz91T1rfxTD9\n-----END RSA PRIVATE KEY-----\n",
            "public_key_fingerprint_md5": "c2:13:2b:98:6b:06:f5:82:91:f4:37:18:71:36:21:df",
            "public_key_openssh": "ssh-rsa AAAAB3NzaC1yc2EAAAADAQABAAABAQC/Ec7ctlYAN65vh/Pn+1dXk6nz6RXwGQLB2FYZHEEejrdSD3aygDO2VIQuGZoh8KzReYjt5Uq+3oatXcg+ppA6cV1qRX2cHmi/DuqBVQfGiFcTdihsr0EGZ3T6tVLrXk1RxC9xhmlCV8ZlxUXBqbglDO9DrYcMggZoK/lj/gz4RgTSDd84dd1a32+Kj0NJd4R8sCmXJ7iawq2Yv6sx4tNSyd0JOGqJS+A9ZvXBPF7uXDHA/Y5lZHKAhHMSoAPYGWjD18WWyG7K0kahtS+rQdd+gggIONzNppQDm+2y9rVTh3zoCyGKwUdEeFZB+S02DBEu1t9iUiagyiXx3oYobkyV\n",
            "public_key_pem": "-----BEGIN PUBLIC KEY-----\nMIIBIjANBgkqhkiG9w0BAQEFAAOCAQ8AMIIBCgKCAQEAvxHO3LZWADeub4fz5/tX\nV5Op8+kV8BkCwdhWGRxBHo63Ug92soAztlSELhmaIfCs0XmI7eVKvt6GrV3IPqaQ\nOnFdakV9nB5ovw7qgVUHxohXE3YobK9BBmd0+rVS615NUcQvcYZpQlfGZcVFwam4\nJQzvQ62HDIIGaCv5Y/4M+EYE0g3fOHXdWt9vio9DSXeEfLAplye4msKtmL+rMeLT\nUsndCThqiUvgPWb1wTxe7lwxwP2OZWRygIRzEqAD2Blow9fFlshuytJGobUvq0HX\nfoIICDjczaaUA5vtsva1U4d86AshisFHRHhWQfktNgwRLtbfYlImoMol8d6GKG5M\nlQIDAQAB\n-----END PUBLIC KEY-----\n",
            "rsa_bits": 2048
          },
          "private": "bnVsbA=="
        }
      ]
    }
  ]
}
