{
  "version": 4,
  "terraform_version": "0.12.24",
  "serial": 194,
  "lineage": "8161d2cf-fe82-370f-81a7-3751e4771ac3",
  "outputs": {
    "lb_dns": {
      "value": "web-lb-1052231808.us-west-2.elb.amazonaws.com",
      "type": "string"
    }
  },
  "resources": [
    {
      "mode": "data",
      "type": "aws_ami",
      "name": "app",
      "provider": "provider.aws",
      "instances": [
        {
          "schema_version": 0,
          "attributes": {
            "architecture": "x86_64",
            "arn": "arn:aws:ec2:us-west-2::image/ami-0865b14ad73062365",
            "block_device_mappings": [
              {
                "device_name": "/dev/sda1",
                "ebs": {
                  "delete_on_termination": "true",
                  "encrypted": "false",
                  "iops": "0",
                  "snapshot_id": "snap-0f75330e8e0b103c7",
                  "volume_size": "20",
                  "volume_type": "gp2"
                },
                "no_device": "",
                "virtual_name": ""
              },
              {
                "device_name": "/dev/sdb",
                "ebs": {},
                "no_device": "",
                "virtual_name": "ephemeral0"
              },
              {
                "device_name": "/dev/sdc",
                "ebs": {},
                "no_device": "",
                "virtual_name": "ephemeral1"
              }
            ],
            "creation_date": "2020-12-31T07:29:58.000Z",
            "description": "packer-demo-app_us-west-2_1609399639 AMI",
            "executable_users": null,
            "filter": [
              {
                "name": "description",
                "values": [
                  "packer-demo-app*"
                ]
              }
            ],
            "hypervisor": "xen",
            "id": "ami-0865b14ad73062365",
            "image_id": "ami-0865b14ad73062365",
            "image_location": "633834615594/packer-demo-app_1609399639",
            "image_owner_alias": null,
            "image_type": "machine",
            "kernel_id": null,
            "most_recent": true,
            "name": "packer-demo-app_1609399639",
            "name_regex": null,
            "owner_id": "633834615594",
            "owners": [
              "self"
            ],
            "platform": null,
            "product_codes": [],
            "public": false,
            "ramdisk_id": null,
            "root_device_name": "/dev/sda1",
            "root_device_type": "ebs",
            "root_snapshot_id": "snap-0f75330e8e0b103c7",
            "sriov_net_support": "simple",
            "state": "available",
            "state_reason": {
              "code": "UNSET",
              "message": "UNSET"
            },
            "tags": {
              "Owner": "hoa.nh",
              "PrincipalId": "AIDAIRF62RTJXCL5MBT3C"
            },
            "virtualization_type": "hvm"
          }
        }
      ]
    },
    {
      "mode": "data",
      "type": "aws_ami",
      "name": "bastion",
      "provider": "provider.aws",
      "instances": [
        {
          "schema_version": 0,
          "attributes": {
            "architecture": "x86_64",
            "arn": "arn:aws:ec2:us-west-2::image/ami-0cc158853935719b7",
            "block_device_mappings": [
              {
                "device_name": "/dev/sda1",
                "ebs": {
                  "delete_on_termination": "true",
                  "encrypted": "false",
                  "iops": "0",
                  "snapshot_id": "snap-0578125002fc46a4a",
                  "volume_size": "8",
                  "volume_type": "gp2"
                },
                "no_device": "",
                "virtual_name": ""
              },
              {
                "device_name": "/dev/sdb",
                "ebs": {},
                "no_device": "",
                "virtual_name": "ephemeral0"
              },
              {
                "device_name": "/dev/sdc",
                "ebs": {},
                "no_device": "",
                "virtual_name": "ephemeral1"
              }
            ],
            "creation_date": "2020-12-11T12:23:28.000Z",
            "description": "Canonical, Ubuntu, 18.04 LTS, amd64 bionic image build on 2020-12-11",
            "executable_users": null,
            "filter": [
              {
                "name": "architecture",
                "values": [
                  "x86_64"
                ]
              },
              {
                "name": "description",
                "values": [
                  "Canonical, Ubuntu, 18.04 LTS*"
                ]
              },
              {
                "name": "root-device-type",
                "values": [
                  "ebs"
                ]
              }
            ],
            "hypervisor": "xen",
            "id": "ami-0cc158853935719b7",
            "image_id": "ami-0cc158853935719b7",
            "image_location": "099720109477/ubuntu/images/hvm-ssd/ubuntu-bionic-18.04-amd64-server-20201211.1",
            "image_owner_alias": null,
            "image_type": "machine",
            "kernel_id": null,
            "most_recent": true,
            "name": "ubuntu/images/hvm-ssd/ubuntu-bionic-18.04-amd64-server-20201211.1",
            "name_regex": null,
            "owner_id": "099720109477",
            "owners": [
              "099720109477"
            ],
            "platform": null,
            "product_codes": [],
            "public": true,
            "ramdisk_id": null,
            "root_device_name": "/dev/sda1",
            "root_device_type": "ebs",
            "root_snapshot_id": "snap-0578125002fc46a4a",
            "sriov_net_support": "simple",
            "state": "available",
            "state_reason": {
              "code": "UNSET",
              "message": "UNSET"
            },
            "tags": {},
            "virtualization_type": "hvm"
          }
        }
      ]
    },
    {
      "mode": "data",
      "type": "aws_ami",
      "name": "web",
      "provider": "provider.aws",
      "instances": [
        {
          "schema_version": 0,
          "attributes": {
            "architecture": "x86_64",
            "arn": "arn:aws:ec2:us-west-2::image/ami-064e3a8a9cb579782",
            "block_device_mappings": [
              {
                "device_name": "/dev/sda1",
                "ebs": {
                  "delete_on_termination": "true",
                  "encrypted": "false",
                  "iops": "0",
                  "snapshot_id": "snap-0a99ac4ba8248713a",
                  "volume_size": "20",
                  "volume_type": "gp2"
                },
                "no_device": "",
                "virtual_name": ""
              },
              {
                "device_name": "/dev/sdb",
                "ebs": {},
                "no_device": "",
                "virtual_name": "ephemeral0"
              },
              {
                "device_name": "/dev/sdc",
                "ebs": {},
                "no_device": "",
                "virtual_name": "ephemeral1"
              }
            ],
            "creation_date": "2020-12-31T07:25:30.000Z",
            "description": "packer-demo-web_us-west-2_1609399422 AMI",
            "executable_users": null,
            "filter": [
              {
                "name": "description",
                "values": [
                  "packer-demo-web*"
                ]
              }
            ],
            "hypervisor": "xen",
            "id": "ami-064e3a8a9cb579782",
            "image_id": "ami-064e3a8a9cb579782",
            "image_location": "633834615594/packer-demo-web_1609399422",
            "image_owner_alias": null,
            "image_type": "machine",
            "kernel_id": null,
            "most_recent": true,
            "name": "packer-demo-web_1609399422",
            "name_regex": null,
            "owner_id": "633834615594",
            "owners": [
              "self"
            ],
            "platform": null,
            "product_codes": [],
            "public": false,
            "ramdisk_id": null,
            "root_device_name": "/dev/sda1",
            "root_device_type": "ebs",
            "root_snapshot_id": "snap-0a99ac4ba8248713a",
            "sriov_net_support": "simple",
            "state": "available",
            "state_reason": {
              "code": "UNSET",
              "message": "UNSET"
            },
            "tags": {
              "Owner": "hoa.nh",
              "PrincipalId": "AIDAIRF62RTJXCL5MBT3C"
            },
            "virtualization_type": "hvm"
          }
        }
      ]
    },
    {
      "mode": "data",
      "type": "aws_availability_zones",
      "name": "available",
      "provider": "provider.aws",
      "instances": [
        {
          "schema_version": 0,
          "attributes": {
            "all_availability_zones": null,
            "blacklisted_names": null,
            "blacklisted_zone_ids": null,
            "exclude_names": null,
            "exclude_zone_ids": null,
            "filter": null,
            "group_names": [
              "us-west-2"
            ],
            "id": "2020-12-31 08:06:56.571989 +0000 UTC",
            "names": [
              "us-west-2a",
              "us-west-2b",
              "us-west-2c",
              "us-west-2d"
            ],
            "state": "available",
            "zone_ids": [
              "usw2-az1",
              "usw2-az2",
              "usw2-az3",
              "usw2-az4"
            ]
          }
        }
      ]
    },
    {
      "mode": "managed",
      "type": "aws_eip",
      "name": "bastion",
      "provider": "provider.aws",
      "instances": [
        {
          "schema_version": 0,
          "attributes": {
            "allocation_id": null,
            "associate_with_private_ip": null,
            "association_id": "eipassoc-0a8384a8d24ab6dcf",
            "customer_owned_ip": "",
            "customer_owned_ipv4_pool": "",
            "domain": "vpc",
            "id": "eipalloc-0339614c6dd0d4506",
            "instance": "i-0e75ac4ca44979a83",
            "network_interface": "eni-01cbd6b48f9f3e3af",
            "private_dns": "ip-10-1-0-63.us-west-2.compute.internal",
            "private_ip": "10.1.0.63",
            "public_dns": "ec2-44-231-199-71.us-west-2.compute.amazonaws.com",
            "public_ip": "44.231.199.71",
            "public_ipv4_pool": "amazon",
            "tags": {},
            "timeouts": null,
            "vpc": true
          },
          "private": "eyJlMmJmYjczMC1lY2FhLTExZTYtOGY4OC0zNDM2M2JjN2M0YzAiOnsiZGVsZXRlIjoxODAwMDAwMDAwMDAsInJlYWQiOjkwMDAwMDAwMDAwMCwidXBkYXRlIjozMDAwMDAwMDAwMDB9fQ=="
        }
      ]
    },
    {
      "mode": "managed",
      "type": "aws_eip",
      "name": "nat-gw",
      "provider": "provider.aws",
      "instances": [
        {
          "schema_version": 0,
          "attributes": {
            "allocation_id": null,
            "associate_with_private_ip": null,
            "association_id": "eipassoc-0f2725db3675733c6",
            "customer_owned_ip": "",
            "customer_owned_ipv4_pool": "",
            "domain": "vpc",
            "id": "eipalloc-04d19cdcf4b914735",
            "instance": "",
            "network_interface": "eni-0706b6b767466fa09",
            "private_dns": "ip-10-1-0-23.us-west-2.compute.internal",
            "private_ip": "10.1.0.23",
            "public_dns": "ec2-52-35-154-7.us-west-2.compute.amazonaws.com",
            "public_ip": "52.35.154.7",
            "public_ipv4_pool": "amazon",
            "tags": {},
            "timeouts": null,
            "vpc": true
          },
          "private": "eyJlMmJmYjczMC1lY2FhLTExZTYtOGY4OC0zNDM2M2JjN2M0YzAiOnsiZGVsZXRlIjoxODAwMDAwMDAwMDAsInJlYWQiOjkwMDAwMDAwMDAwMCwidXBkYXRlIjozMDAwMDAwMDAwMDB9fQ=="
        }
      ]
    },
    {
      "mode": "managed",
      "type": "aws_eip_association",
      "name": "bastion",
      "provider": "provider.aws",
      "instances": [
        {
          "schema_version": 0,
          "attributes": {
            "allocation_id": "eipalloc-0339614c6dd0d4506",
            "allow_reassociation": null,
            "id": "eipassoc-0a8384a8d24ab6dcf",
            "instance_id": "i-0e75ac4ca44979a83",
            "network_interface_id": "eni-01cbd6b48f9f3e3af",
            "private_ip_address": "10.1.0.63",
            "public_ip": "44.231.199.71"
          },
          "private": "bnVsbA==",
          "dependencies": [
            "aws_eip.bastion",
            "aws_instance.bastion",
            "aws_key_pair.bastion",
            "aws_security_group.bastion",
            "aws_subnet.public",
            "aws_vpc.demo-vpc"
          ]
        }
      ]
    },
    {
      "mode": "managed",
      "type": "aws_instance",
      "name": "app",
      "each": "list",
      "provider": "provider.aws",
      "instances": [
        {
          "index_key": 0,
          "schema_version": 1,
          "attributes": {
            "ami": "ami-0865b14ad73062365",
            "arn": "arn:aws:ec2:us-west-2:633834615594:instance/i-0c099743186a52310",
            "associate_public_ip_address": true,
            "availability_zone": "us-west-2a",
            "cpu_core_count": 1,
            "cpu_threads_per_core": 2,
            "credit_specification": [
              {
                "cpu_credits": "unlimited"
              }
            ],
            "disable_api_termination": false,
            "ebs_block_device": [],
            "ebs_optimized": false,
            "ephemeral_block_device": [],
            "get_password_data": false,
            "hibernation": false,
            "host_id": null,
            "iam_instance_profile": "",
            "id": "i-0c099743186a52310",
            "instance_initiated_shutdown_behavior": null,
            "instance_state": "running",
            "instance_type": "t3.micro",
            "ipv6_address_count": 0,
            "ipv6_addresses": [],
            "key_name": "app_key",
            "metadata_options": [
              {
                "http_endpoint": "enabled",
                "http_put_response_hop_limit": 1,
                "http_tokens": "optional"
              }
            ],
            "monitoring": false,
            "network_interface": [],
            "network_interface_id": null,
            "outpost_arn": "",
            "password_data": "",
            "placement_group": "",
            "primary_network_interface_id": "eni-074128d8f1556ad69",
            "private_dns": "ip-10-1-10-116.us-west-2.compute.internal",
            "private_ip": "10.1.10.116",
            "public_dns": "ec2-54-202-4-112.us-west-2.compute.amazonaws.com",
            "public_ip": "54.202.4.112",
            "root_block_device": [
              {
                "delete_on_termination": true,
                "device_name": "/dev/sda1",
                "encrypted": false,
                "iops": 100,
                "kms_key_id": "",
                "volume_id": "vol-0b76212df592870b7",
                "volume_size": 20,
                "volume_type": "gp2"
              }
            ],
            "security_groups": [],
            "source_dest_check": true,
            "subnet_id": "subnet-0c2eb1f77395190e6",
            "tags": {
              "Name": "app-01"
            },
            "tenancy": "default",
            "timeouts": null,
            "user_data": null,
            "user_data_base64": null,
            "volume_tags": {
              "Owner": "hoa.nh",
              "PrincipalId": "AIDAIRF62RTJXCL5MBT3C"
            },
            "vpc_security_group_ids": [
              "sg-00e4213d4f3f5e39e",
              "sg-054b91882e0fa7cfa"
            ]
          },
          "private": "eyJlMmJmYjczMC1lY2FhLTExZTYtOGY4OC0zNDM2M2JjN2M0YzAiOnsiY3JlYXRlIjo2MDAwMDAwMDAwMDAsImRlbGV0ZSI6MTIwMDAwMDAwMDAwMCwidXBkYXRlIjo2MDAwMDAwMDAwMDB9LCJzY2hlbWFfdmVyc2lvbiI6IjEifQ==",
          "dependencies": [
            "aws_key_pair.app",
            "aws_security_group.admin",
            "aws_security_group.app",
            "aws_subnet.private",
            "aws_vpc.demo-vpc"
          ]
        },
        {
          "index_key": 1,
          "schema_version": 1,
          "attributes": {
            "ami": "ami-0865b14ad73062365",
            "arn": "arn:aws:ec2:us-west-2:633834615594:instance/i-01c3c771d28ebfdbf",
            "associate_public_ip_address": true,
            "availability_zone": "us-west-2b",
            "cpu_core_count": 1,
            "cpu_threads_per_core": 2,
            "credit_specification": [
              {
                "cpu_credits": "unlimited"
              }
            ],
            "disable_api_termination": false,
            "ebs_block_device": [],
            "ebs_optimized": false,
            "ephemeral_block_device": [],
            "get_password_data": false,
            "hibernation": false,
            "host_id": null,
            "iam_instance_profile": "",
            "id": "i-01c3c771d28ebfdbf",
            "instance_initiated_shutdown_behavior": null,
            "instance_state": "running",
            "instance_type": "t3.micro",
            "ipv6_address_count": 0,
            "ipv6_addresses": [],
            "key_name": "app_key",
            "metadata_options": [
              {
                "http_endpoint": "enabled",
                "http_put_response_hop_limit": 1,
                "http_tokens": "optional"
              }
            ],
            "monitoring": false,
            "network_interface": [],
            "network_interface_id": null,
            "outpost_arn": "",
            "password_data": "",
            "placement_group": "",
            "primary_network_interface_id": "eni-004ec17b8cf4b1852",
            "private_dns": "ip-10-1-11-224.us-west-2.compute.internal",
            "private_ip": "10.1.11.224",
            "public_dns": "ec2-54-202-23-203.us-west-2.compute.amazonaws.com",
            "public_ip": "54.202.23.203",
            "root_block_device": [
              {
                "delete_on_termination": true,
                "device_name": "/dev/sda1",
                "encrypted": false,
                "iops": 100,
                "kms_key_id": "",
                "volume_id": "vol-06e4b9b2e7bffc821",
                "volume_size": 20,
                "volume_type": "gp2"
              }
            ],
            "security_groups": [],
            "source_dest_check": true,
            "subnet_id": "subnet-0e546da7d947b2b98",
            "tags": {
              "Name": "app-02"
            },
            "tenancy": "default",
            "timeouts": null,
            "user_data": null,
            "user_data_base64": null,
            "volume_tags": {
              "Owner": "hoa.nh",
              "PrincipalId": "AIDAIRF62RTJXCL5MBT3C"
            },
            "vpc_security_group_ids": [
              "sg-00e4213d4f3f5e39e",
              "sg-054b91882e0fa7cfa"
            ]
          },
          "private": "eyJlMmJmYjczMC1lY2FhLTExZTYtOGY4OC0zNDM2M2JjN2M0YzAiOnsiY3JlYXRlIjo2MDAwMDAwMDAwMDAsImRlbGV0ZSI6MTIwMDAwMDAwMDAwMCwidXBkYXRlIjo2MDAwMDAwMDAwMDB9LCJzY2hlbWFfdmVyc2lvbiI6IjEifQ==",
          "dependencies": [
            "aws_key_pair.app",
            "aws_security_group.admin",
            "aws_security_group.app",
            "aws_subnet.private",
            "aws_vpc.demo-vpc"
          ]
        }
      ]
    },
    {
      "mode": "managed",
      "type": "aws_instance",
      "name": "bastion",
      "provider": "provider.aws",
      "instances": [
        {
          "schema_version": 1,
          "attributes": {
            "ami": "ami-0cc158853935719b7",
            "arn": "arn:aws:ec2:us-west-2:633834615594:instance/i-0e75ac4ca44979a83",
            "associate_public_ip_address": true,
            "availability_zone": "us-west-2a",
            "cpu_core_count": 1,
            "cpu_threads_per_core": 2,
            "credit_specification": [
              {
                "cpu_credits": "unlimited"
              }
            ],
            "disable_api_termination": false,
            "ebs_block_device": [],
            "ebs_optimized": false,
            "ephemeral_block_device": [],
            "get_password_data": false,
            "hibernation": false,
            "host_id": null,
            "iam_instance_profile": "",
            "id": "i-0e75ac4ca44979a83",
            "instance_initiated_shutdown_behavior": null,
            "instance_state": "running",
            "instance_type": "t3.micro",
            "ipv6_address_count": 0,
            "ipv6_addresses": [],
            "key_name": "bastion_key",
            "metadata_options": [
              {
                "http_endpoint": "enabled",
                "http_put_response_hop_limit": 1,
                "http_tokens": "optional"
              }
            ],
            "monitoring": false,
            "network_interface": [],
            "network_interface_id": null,
            "outpost_arn": "",
            "password_data": "",
            "placement_group": "",
            "primary_network_interface_id": "eni-01cbd6b48f9f3e3af",
            "private_dns": "ip-10-1-0-63.us-west-2.compute.internal",
            "private_ip": "10.1.0.63",
            "public_dns": "ec2-44-231-199-71.us-west-2.compute.amazonaws.com",
            "public_ip": "44.231.199.71",
            "root_block_device": [
              {
                "delete_on_termination": true,
                "device_name": "/dev/sda1",
                "encrypted": false,
                "iops": 100,
                "kms_key_id": "",
                "volume_id": "vol-08a143a71e2854d9e",
                "volume_size": 10,
                "volume_type": "gp2"
              }
            ],
            "security_groups": [],
            "source_dest_check": true,
            "subnet_id": "subnet-051990ea06cb55042",
            "tags": {
              "Name": "bastion-01"
            },
            "tenancy": "default",
            "timeouts": null,
            "user_data": null,
            "user_data_base64": null,
            "volume_tags": {
              "Owner": "hoa.nh",
              "PrincipalId": "AIDAIRF62RTJXCL5MBT3C"
            },
            "vpc_security_group_ids": [
              "sg-087b3071c4177bcef"
            ]
          },
          "private": "eyJlMmJmYjczMC1lY2FhLTExZTYtOGY4OC0zNDM2M2JjN2M0YzAiOnsiY3JlYXRlIjo2MDAwMDAwMDAwMDAsImRlbGV0ZSI6MTIwMDAwMDAwMDAwMCwidXBkYXRlIjo2MDAwMDAwMDAwMDB9LCJzY2hlbWFfdmVyc2lvbiI6IjEifQ==",
          "dependencies": [
            "aws_key_pair.bastion",
            "aws_security_group.bastion",
            "aws_subnet.public",
            "aws_vpc.demo-vpc"
          ]
        }
      ]
    },
    {
      "mode": "managed",
      "type": "aws_instance",
      "name": "web",
      "each": "list",
      "provider": "provider.aws",
      "instances": [
        {
          "index_key": 0,
          "schema_version": 1,
          "attributes": {
            "ami": "ami-064e3a8a9cb579782",
            "arn": "arn:aws:ec2:us-west-2:633834615594:instance/i-0be0fad7f03902a8e",
            "associate_public_ip_address": true,
            "availability_zone": "us-west-2a",
            "cpu_core_count": 1,
            "cpu_threads_per_core": 2,
            "credit_specification": [
              {
                "cpu_credits": "unlimited"
              }
            ],
            "disable_api_termination": false,
            "ebs_block_device": [],
            "ebs_optimized": false,
            "ephemeral_block_device": [],
            "get_password_data": false,
            "hibernation": false,
            "host_id": null,
            "iam_instance_profile": "",
            "id": "i-0be0fad7f03902a8e",
            "instance_initiated_shutdown_behavior": null,
            "instance_state": "running",
            "instance_type": "t3.micro",
            "ipv6_address_count": 0,
            "ipv6_addresses": [],
            "key_name": "web_key",
            "metadata_options": [
              {
                "http_endpoint": "enabled",
                "http_put_response_hop_limit": 1,
                "http_tokens": "optional"
              }
            ],
            "monitoring": false,
            "network_interface": [],
            "network_interface_id": null,
            "outpost_arn": "",
            "password_data": "",
            "placement_group": "",
            "primary_network_interface_id": "eni-0c9dc0e15f6e2e74f",
            "private_dns": "ip-10-1-10-158.us-west-2.compute.internal",
            "private_ip": "10.1.10.158",
            "public_dns": "ec2-18-237-95-168.us-west-2.compute.amazonaws.com",
            "public_ip": "18.237.95.168",
            "root_block_device": [
              {
                "delete_on_termination": true,
                "device_name": "/dev/sda1",
                "encrypted": false,
                "iops": 100,
                "kms_key_id": "",
                "volume_id": "vol-0b22b46a1683531e0",
                "volume_size": 20,
                "volume_type": "gp2"
              }
            ],
            "security_groups": [],
            "source_dest_check": true,
            "subnet_id": "subnet-0c2eb1f77395190e6",
            "tags": {
              "Name": "web-01"
            },
            "tenancy": "default",
            "timeouts": null,
            "user_data": null,
            "user_data_base64": null,
            "volume_tags": {
              "Owner": "hoa.nh",
              "PrincipalId": "AIDAIRF62RTJXCL5MBT3C"
            },
            "vpc_security_group_ids": [
              "sg-051e741edc74d411d",
              "sg-054b91882e0fa7cfa"
            ]
          },
          "private": "eyJlMmJmYjczMC1lY2FhLTExZTYtOGY4OC0zNDM2M2JjN2M0YzAiOnsiY3JlYXRlIjo2MDAwMDAwMDAwMDAsImRlbGV0ZSI6MTIwMDAwMDAwMDAwMCwidXBkYXRlIjo2MDAwMDAwMDAwMDB9LCJzY2hlbWFfdmVyc2lvbiI6IjEifQ==",
          "dependencies": [
            "aws_key_pair.web",
            "aws_security_group.admin",
            "aws_security_group.web",
            "aws_subnet.private",
            "aws_vpc.demo-vpc"
          ]
        },
        {
          "index_key": 1,
          "schema_version": 1,
          "attributes": {
            "ami": "ami-064e3a8a9cb579782",
            "arn": "arn:aws:ec2:us-west-2:633834615594:instance/i-0c78d748fc3295a84",
            "associate_public_ip_address": true,
            "availability_zone": "us-west-2b",
            "cpu_core_count": 1,
            "cpu_threads_per_core": 2,
            "credit_specification": [
              {
                "cpu_credits": "unlimited"
              }
            ],
            "disable_api_termination": false,
            "ebs_block_device": [],
            "ebs_optimized": false,
            "ephemeral_block_device": [],
            "get_password_data": false,
            "hibernation": false,
            "host_id": null,
            "iam_instance_profile": "",
            "id": "i-0c78d748fc3295a84",
            "instance_initiated_shutdown_behavior": null,
            "instance_state": "running",
            "instance_type": "t3.micro",
            "ipv6_address_count": 0,
            "ipv6_addresses": [],
            "key_name": "web_key",
            "metadata_options": [
              {
                "http_endpoint": "enabled",
                "http_put_response_hop_limit": 1,
                "http_tokens": "optional"
              }
            ],
            "monitoring": false,
            "network_interface": [],
            "network_interface_id": null,
            "outpost_arn": "",
            "password_data": "",
            "placement_group": "",
            "primary_network_interface_id": "eni-0f2aebd248f494eb4",
            "private_dns": "ip-10-1-11-31.us-west-2.compute.internal",
            "private_ip": "10.1.11.31",
            "public_dns": "ec2-34-219-188-224.us-west-2.compute.amazonaws.com",
            "public_ip": "34.219.188.224",
            "root_block_device": [
              {
                "delete_on_termination": true,
                "device_name": "/dev/sda1",
                "encrypted": false,
                "iops": 100,
                "kms_key_id": "",
                "volume_id": "vol-0bc48b91af731b98f",
                "volume_size": 20,
                "volume_type": "gp2"
              }
            ],
            "security_groups": [],
            "source_dest_check": true,
            "subnet_id": "subnet-0e546da7d947b2b98",
            "tags": {
              "Name": "web-02"
            },
            "tenancy": "default",
            "timeouts": null,
            "user_data": null,
            "user_data_base64": null,
            "volume_tags": {
              "Owner": "hoa.nh",
              "PrincipalId": "AIDAIRF62RTJXCL5MBT3C"
            },
            "vpc_security_group_ids": [
              "sg-051e741edc74d411d",
              "sg-054b91882e0fa7cfa"
            ]
          },
          "private": "eyJlMmJmYjczMC1lY2FhLTExZTYtOGY4OC0zNDM2M2JjN2M0YzAiOnsiY3JlYXRlIjo2MDAwMDAwMDAwMDAsImRlbGV0ZSI6MTIwMDAwMDAwMDAwMCwidXBkYXRlIjo2MDAwMDAwMDAwMDB9LCJzY2hlbWFfdmVyc2lvbiI6IjEifQ==",
          "dependencies": [
            "aws_key_pair.web",
            "aws_security_group.admin",
            "aws_security_group.web",
            "aws_subnet.private",
            "aws_vpc.demo-vpc"
          ]
        }
      ]
    },
    {
      "mode": "managed",
      "type": "aws_internet_gateway",
      "name": "demo-vpc",
      "provider": "provider.aws",
      "instances": [
        {
          "schema_version": 0,
          "attributes": {
            "arn": "arn:aws:ec2:us-west-2:633834615594:internet-gateway/igw-0933e1e3b914076b9",
            "id": "igw-0933e1e3b914076b9",
            "owner_id": "633834615594",
            "tags": {
              "CommonTags": "packer-demo-demo-20201231-080719",
              "Name": "igw-demo-vpc"
            },
            "vpc_id": "vpc-0091078598950ff3c"
          },
          "private": "bnVsbA==",
          "dependencies": [
            "aws_vpc.demo-vpc"
          ]
        }
      ]
    },
    {
      "mode": "managed",
      "type": "aws_key_pair",
      "name": "app",
      "provider": "provider.aws",
      "instances": [
        {
          "schema_version": 1,
          "attributes": {
            "arn": "arn:aws:ec2:us-west-2:633834615594:key-pair/app_key",
            "fingerprint": "4f:6e:96:25:de:56:e4:3c:78:57:d3:22:d4:12:20:6b",
            "id": "app_key",
            "key_name": "app_key",
            "key_name_prefix": null,
            "key_pair_id": "key-07d5dd10e35d5bbb2",
            "public_key": "ssh-rsa AAAAB3NzaC1yc2EAAAADAQABAAABAQDQXiadNc7lsgWla6UzGC+ukjv/qick+LFxz6e50dzaJM5nCXsVtFwZIpnAfIV7kQqcS7k+J3hY64xI3PxoKT03b625rI6S8ZjtCBOjd95JgTDPZZxkyhUUMXfkN2ZJhoG+szhKZimxhbPhqzKJ771dKIt7koQEFA2xARsiOhbwrkKzHYzt9IGOTJpc/c50a64gjhJL5gd9/7z/Iam/SoSQj+H6sZTD1GBcntKPsawj7GBqFdTseBRJVAxKhrazundDHyZ/fxVTEqWNVNXJywr2DcURC/bl5pyd6KKPcU+Gv8mFdul6QqvQxzD9+fYIjC0umVvbSD/DODZdfwQW2yYr",
            "tags": {}
          },
          "private": "eyJzY2hlbWFfdmVyc2lvbiI6IjEifQ==",
          "dependencies": [
            "tls_private_key.app"
          ]
        }
      ]
    },
    {
      "mode": "managed",
      "type": "aws_key_pair",
      "name": "bastion",
      "provider": "provider.aws",
      "instances": [
        {
          "schema_version": 1,
          "attributes": {
            "arn": "arn:aws:ec2:us-west-2:633834615594:key-pair/bastion_key",
            "fingerprint": "08:a3:2b:bd:52:f3:dd:f7:9b:55:be:ae:4c:71:11:9b",
            "id": "bastion_key",
            "key_name": "bastion_key",
            "key_name_prefix": null,
            "key_pair_id": "key-097d6482b9688beb5",
            "public_key": "ssh-rsa AAAAB3NzaC1yc2EAAAADAQABAAABAQDAAOLHAqlkckDFuvuX+ol5YcHmwugmfxZafvocT5uUFsrAkfxFed9G1ZQ0+bxoWVmVxvISMKOW3+v7Rjyvb/xquX7ET2b2i6bRHjgJEnWG/K5LYV73IZ0H/1IwFtHm7/qXxsLTEUPa964N8KNBcFgv4FRoEFY54mVeFHwHc6lpC3pv5OufSNhp3LeVWT5/kUc9ruQt/Jaqa2NFrkb9xMhIKyq32Whm7drxEAmsfezxFeDP+ZWhUM7lM+qloN5QpIpcE4TmBf9BQuLUM5haaQvvWiqEVnIEIekBszP/QUtB1zyz3Noat7gVtbqSPED93Zeu++HQqROEc9SJOENJ13C5",
            "tags": {}
          },
          "private": "eyJzY2hlbWFfdmVyc2lvbiI6IjEifQ==",
          "dependencies": [
            "tls_private_key.bastion"
          ]
        }
      ]
    },
    {
      "mode": "managed",
      "type": "aws_key_pair",
      "name": "web",
      "provider": "provider.aws",
      "instances": [
        {
          "schema_version": 1,
          "attributes": {
            "arn": "arn:aws:ec2:us-west-2:633834615594:key-pair/web_key",
            "fingerprint": "49:23:b4:2b:30:eb:8e:aa:6e:31:2b:ec:99:ec:cc:f0",
            "id": "web_key",
            "key_name": "web_key",
            "key_name_prefix": null,
            "key_pair_id": "key-0f6154b2350b002ac",
            "public_key": "ssh-rsa AAAAB3NzaC1yc2EAAAADAQABAAABAQDAb6rQymKhr/DSJwRbsyd+VK834yyJy1EKRlOHRAdEASR51O/pT0CzOkAHA28uo0Q4FH3eDTknGEwPCX3JF4jzMu4k3L1qvDl0WIFoIXPjU67+XUm3mVm/TAmynuFqR/vkaZhs85Tsq2o98hiKJWK1yD9mIh5/e0vLdxdn8ARfO09Iy9QWK2ivLLGE+19uS3lgZRdsxyK0jOtRJJZmaebXNdZILJNr9eVRUB081uSvwKoE5EHnfxr6Loa/EONAKQXuf4DHiNyM7mFyrJ8dtb9KjWWGpbCNW7TdziyveUUhIuoSX5mL7OPRP0WbZj0UMLHRLrZQ8Bar22kRIoB/fyiL",
            "tags": {}
          },
          "private": "eyJzY2hlbWFfdmVyc2lvbiI6IjEifQ==",
          "dependencies": [
            "tls_private_key.web"
          ]
        }
      ]
    },
    {
      "mode": "managed",
      "type": "aws_lb",
      "name": "web-lb",
      "provider": "provider.aws",
      "instances": [
        {
          "schema_version": 0,
          "attributes": {
            "access_logs": [
              {
                "bucket": "",
                "enabled": false,
                "prefix": ""
              }
            ],
            "arn": "arn:aws:elasticloadbalancing:us-west-2:633834615594:loadbalancer/app/web-lb/32212442d89f7e9d",
            "arn_suffix": "app/web-lb/32212442d89f7e9d",
            "dns_name": "web-lb-1052231808.us-west-2.elb.amazonaws.com",
            "drop_invalid_header_fields": false,
            "enable_cross_zone_load_balancing": null,
            "enable_deletion_protection": false,
            "enable_http2": true,
            "id": "arn:aws:elasticloadbalancing:us-west-2:633834615594:loadbalancer/app/web-lb/32212442d89f7e9d",
            "idle_timeout": 60,
            "internal": false,
            "ip_address_type": "ipv4",
            "load_balancer_type": "application",
            "name": "web-lb",
            "name_prefix": null,
            "security_groups": [
              "sg-09e342a4f474d5679"
            ],
            "subnet_mapping": [
              {
                "allocation_id": "",
                "subnet_id": "subnet-051990ea06cb55042"
              },
              {
                "allocation_id": "",
                "subnet_id": "subnet-0aaa155cf5d8c3561"
              },
              {
                "allocation_id": "",
                "subnet_id": "subnet-0e9afe3a9c44f9eb8"
              }
            ],
            "subnets": [
              "subnet-051990ea06cb55042",
              "subnet-0aaa155cf5d8c3561",
              "subnet-0e9afe3a9c44f9eb8"
            ],
            "tags": {
              "Name": "web-lb"
            },
            "timeouts": null,
            "vpc_id": "vpc-0091078598950ff3c",
            "zone_id": "Z1H1FL5HABSF5"
          },
          "private": "eyJlMmJmYjczMC1lY2FhLTExZTYtOGY4OC0zNDM2M2JjN2M0YzAiOnsiY3JlYXRlIjo2MDAwMDAwMDAwMDAsImRlbGV0ZSI6NjAwMDAwMDAwMDAwLCJ1cGRhdGUiOjYwMDAwMDAwMDAwMH19",
          "dependencies": [
            "aws_security_group.lb-external",
            "aws_subnet.public",
            "aws_vpc.demo-vpc"
          ]
        }
      ]
    },
    {
      "mode": "managed",
      "type": "aws_lb_listener",
      "name": "web-lb",
      "provider": "provider.aws",
      "instances": [
        {
          "schema_version": 0,
          "attributes": {
            "arn": "arn:aws:elasticloadbalancing:us-west-2:633834615594:listener/app/web-lb/32212442d89f7e9d/303d3004e156899b",
            "certificate_arn": null,
            "default_action": [
              {
                "authenticate_cognito": [],
                "authenticate_oidc": [],
                "fixed_response": [],
                "forward": [],
                "order": 1,
                "redirect": [],
                "target_group_arn": "arn:aws:elasticloadbalancing:us-west-2:633834615594:targetgroup/web-tg/2c45083c558d9099",
                "type": "forward"
              }
            ],
            "id": "arn:aws:elasticloadbalancing:us-west-2:633834615594:listener/app/web-lb/32212442d89f7e9d/303d3004e156899b",
            "load_balancer_arn": "arn:aws:elasticloadbalancing:us-west-2:633834615594:loadbalancer/app/web-lb/32212442d89f7e9d",
            "port": 80,
            "protocol": "HTTP",
            "ssl_policy": "",
            "timeouts": null
          },
          "private": "eyJlMmJmYjczMC1lY2FhLTExZTYtOGY4OC0zNDM2M2JjN2M0YzAiOnsicmVhZCI6NjAwMDAwMDAwMDAwfX0=",
          "dependencies": [
            "aws_lb.web-lb",
            "aws_lb_target_group.web",
            "aws_security_group.lb-external",
            "aws_subnet.public",
            "aws_vpc.demo-vpc"
          ]
        }
      ]
    },
    {
      "mode": "managed",
      "type": "aws_lb_target_group",
      "name": "web",
      "provider": "provider.aws",
      "instances": [
        {
          "schema_version": 0,
          "attributes": {
            "arn": "arn:aws:elasticloadbalancing:us-west-2:633834615594:targetgroup/web-tg/2c45083c558d9099",
            "arn_suffix": "targetgroup/web-tg/2c45083c558d9099",
            "deregistration_delay": 300,
            "health_check": [
              {
                "enabled": true,
                "healthy_threshold": 5,
                "interval": 30,
                "matcher": "200",
                "path": "/",
                "port": "traffic-port",
                "protocol": "HTTP",
                "timeout": 5,
                "unhealthy_threshold": 2
              }
            ],
            "id": "arn:aws:elasticloadbalancing:us-west-2:633834615594:targetgroup/web-tg/2c45083c558d9099",
            "lambda_multi_value_headers_enabled": false,
            "load_balancing_algorithm_type": "round_robin",
            "name": "web-tg",
            "name_prefix": null,
            "port": 80,
            "protocol": "HTTP",
            "proxy_protocol_v2": false,
            "slow_start": 0,
            "stickiness": [
              {
                "cookie_duration": 86400,
                "enabled": false,
                "type": "lb_cookie"
              }
            ],
            "tags": {},
            "target_type": "instance",
            "vpc_id": "vpc-0091078598950ff3c"
          },
          "private": "bnVsbA==",
          "dependencies": [
            "aws_vpc.demo-vpc"
          ]
        }
      ]
    },
    {
      "mode": "managed",
      "type": "aws_lb_target_group_attachment",
      "name": "web",
      "each": "list",
      "provider": "provider.aws",
      "instances": [
        {
          "index_key": 0,
          "schema_version": 0,
          "attributes": {
            "availability_zone": null,
            "id": "arn:aws:elasticloadbalancing:us-west-2:633834615594:targetgroup/web-tg/2c45083c558d9099-20201231074341902900000001",
            "port": null,
            "target_group_arn": "arn:aws:elasticloadbalancing:us-west-2:633834615594:targetgroup/web-tg/2c45083c558d9099",
            "target_id": "i-0be0fad7f03902a8e"
          },
          "private": "bnVsbA==",
          "dependencies": [
            "aws_instance.web",
            "aws_key_pair.web",
            "aws_lb_target_group.web",
            "aws_security_group.admin",
            "aws_security_group.web",
            "aws_subnet.private",
            "aws_vpc.demo-vpc"
          ]
        },
        {
          "index_key": 1,
          "schema_version": 0,
          "attributes": {
            "availability_zone": null,
            "id": "arn:aws:elasticloadbalancing:us-west-2:633834615594:targetgroup/web-tg/2c45083c558d9099-20201231074341952700000002",
            "port": null,
            "target_group_arn": "arn:aws:elasticloadbalancing:us-west-2:633834615594:targetgroup/web-tg/2c45083c558d9099",
            "target_id": "i-0c78d748fc3295a84"
          },
          "private": "bnVsbA==",
          "dependencies": [
            "aws_instance.web",
            "aws_key_pair.web",
            "aws_lb_target_group.web",
            "aws_security_group.admin",
            "aws_security_group.web",
            "aws_subnet.private",
            "aws_vpc.demo-vpc"
          ]
        }
      ]
    },
    {
      "mode": "managed",
      "type": "aws_nat_gateway",
      "name": "demo-vpc",
      "provider": "provider.aws",
      "instances": [
        {
          "schema_version": 0,
          "attributes": {
            "allocation_id": "eipalloc-04d19cdcf4b914735",
            "id": "nat-0a952e5525a04dc1a",
            "network_interface_id": "eni-0706b6b767466fa09",
            "private_ip": "10.1.0.23",
            "public_ip": "52.35.154.7",
            "subnet_id": "subnet-051990ea06cb55042",
            "tags": {}
          },
          "private": "bnVsbA==",
          "dependencies": [
            "aws_eip.nat-gw",
            "aws_subnet.public",
            "aws_vpc.demo-vpc"
          ]
        }
      ]
    },
    {
      "mode": "managed",
      "type": "aws_route_table",
      "name": "private-rt",
      "provider": "provider.aws",
      "instances": [
        {
          "schema_version": 0,
          "attributes": {
            "id": "rtb-0433e25bb8b72e303",
            "owner_id": "633834615594",
            "propagating_vgws": [],
            "route": [
              {
                "cidr_block": "0.0.0.0/0",
                "egress_only_gateway_id": "",
                "gateway_id": "",
                "instance_id": "",
                "ipv6_cidr_block": "",
                "nat_gateway_id": "nat-0a952e5525a04dc1a",
                "network_interface_id": "",
                "transit_gateway_id": "",
                "vpc_peering_connection_id": ""
              }
            ],
            "tags": {
              "CommonTags": "packer-demo-demo-20201231-080719",
              "Name": "private-rt"
            },
            "vpc_id": "vpc-0091078598950ff3c"
          },
          "private": "bnVsbA==",
          "dependencies": [
            "aws_nat_gateway.demo-vpc",
            "aws_vpc.demo-vpc"
          ]
        }
      ]
    },
    {
      "mode": "managed",
      "type": "aws_route_table",
      "name": "public-rt",
      "provider": "provider.aws",
      "instances": [
        {
          "schema_version": 0,
          "attributes": {
            "id": "rtb-07de2eebbd994d128",
            "owner_id": "633834615594",
            "propagating_vgws": [],
            "route": [
              {
                "cidr_block": "0.0.0.0/0",
                "egress_only_gateway_id": "",
                "gateway_id": "igw-0933e1e3b914076b9",
                "instance_id": "",
                "ipv6_cidr_block": "",
                "nat_gateway_id": "",
                "network_interface_id": "",
                "transit_gateway_id": "",
                "vpc_peering_connection_id": ""
              }
            ],
            "tags": {
              "CommonTags": "packer-demo-demo-20201231-080719",
              "Name": "public-rt"
            },
            "vpc_id": "vpc-0091078598950ff3c"
          },
          "private": "bnVsbA==",
          "dependencies": [
            "aws_internet_gateway.demo-vpc",
            "aws_vpc.demo-vpc"
          ]
        }
      ]
    },
    {
      "mode": "managed",
      "type": "aws_route_table_association",
      "name": "private",
      "each": "list",
      "provider": "provider.aws",
      "instances": [
        {
          "index_key": 0,
          "schema_version": 0,
          "attributes": {
            "gateway_id": null,
            "id": "rtbassoc-0c7a290df47cd1c5e",
            "route_table_id": "rtb-0433e25bb8b72e303",
            "subnet_id": "subnet-0c2eb1f77395190e6"
          },
          "private": "bnVsbA==",
          "dependencies": [
            "aws_eip.nat-gw",
            "aws_nat_gateway.demo-vpc",
            "aws_route_table.private-rt",
            "aws_subnet.private",
            "aws_subnet.public",
            "aws_vpc.demo-vpc"
          ]
        },
        {
          "index_key": 1,
          "schema_version": 0,
          "attributes": {
            "gateway_id": null,
            "id": "rtbassoc-058f94e810776cf38",
            "route_table_id": "rtb-0433e25bb8b72e303",
            "subnet_id": "subnet-0e546da7d947b2b98"
          },
          "private": "bnVsbA==",
          "dependencies": [
            "aws_eip.nat-gw",
            "aws_nat_gateway.demo-vpc",
            "aws_route_table.private-rt",
            "aws_subnet.private",
            "aws_subnet.public",
            "aws_vpc.demo-vpc"
          ]
        },
        {
          "index_key": 2,
          "schema_version": 0,
          "attributes": {
            "gateway_id": null,
            "id": "rtbassoc-0879bcfe52af867e3",
            "route_table_id": "rtb-0433e25bb8b72e303",
            "subnet_id": "subnet-09fee2aea64580594"
          },
          "private": "bnVsbA==",
          "dependencies": [
            "aws_eip.nat-gw",
            "aws_nat_gateway.demo-vpc",
            "aws_route_table.private-rt",
            "aws_subnet.private",
            "aws_subnet.public",
            "aws_vpc.demo-vpc"
          ]
        }
      ]
    },
    {
      "mode": "managed",
      "type": "aws_route_table_association",
      "name": "public",
      "each": "list",
      "provider": "provider.aws",
      "instances": [
        {
          "index_key": 0,
          "schema_version": 0,
          "attributes": {
            "gateway_id": null,
            "id": "rtbassoc-04bf3c67bcee128a5",
            "route_table_id": "rtb-07de2eebbd994d128",
            "subnet_id": "subnet-051990ea06cb55042"
          },
          "private": "bnVsbA==",
          "dependencies": [
            "aws_internet_gateway.demo-vpc",
            "aws_route_table.public-rt",
            "aws_subnet.public",
            "aws_vpc.demo-vpc"
          ]
        },
        {
          "index_key": 1,
          "schema_version": 0,
          "attributes": {
            "gateway_id": null,
            "id": "rtbassoc-0df7a4487889c010b",
            "route_table_id": "rtb-07de2eebbd994d128",
            "subnet_id": "subnet-0aaa155cf5d8c3561"
          },
          "private": "bnVsbA==",
          "dependencies": [
            "aws_internet_gateway.demo-vpc",
            "aws_route_table.public-rt",
            "aws_subnet.public",
            "aws_vpc.demo-vpc"
          ]
        },
        {
          "index_key": 2,
          "schema_version": 0,
          "attributes": {
            "gateway_id": null,
            "id": "rtbassoc-0161c7424ccbc2b54",
            "route_table_id": "rtb-07de2eebbd994d128",
            "subnet_id": "subnet-0e9afe3a9c44f9eb8"
          },
          "private": "bnVsbA==",
          "dependencies": [
            "aws_internet_gateway.demo-vpc",
            "aws_route_table.public-rt",
            "aws_subnet.public",
            "aws_vpc.demo-vpc"
          ]
        }
      ]
    },
    {
      "mode": "managed",
      "type": "aws_security_group",
      "name": "admin",
      "provider": "provider.aws",
      "instances": [
        {
          "schema_version": 1,
          "attributes": {
            "arn": "arn:aws:ec2:us-west-2:633834615594:security-group/sg-054b91882e0fa7cfa",
            "description": "Management security groups",
            "egress": [],
            "id": "sg-054b91882e0fa7cfa",
            "ingress": [
              {
                "cidr_blocks": [],
                "description": "For ssh access from bastion",
                "from_port": 22,
                "ipv6_cidr_blocks": [],
                "prefix_list_ids": [],
                "protocol": "tcp",
                "security_groups": [
                  "sg-087b3071c4177bcef"
                ],
                "self": false,
                "to_port": 22
              }
            ],
            "name": "sg_adm",
            "name_prefix": null,
            "owner_id": "633834615594",
            "revoke_rules_on_delete": false,
            "tags": {},
            "timeouts": null,
            "vpc_id": "vpc-0091078598950ff3c"
          },
          "private": "eyJlMmJmYjczMC1lY2FhLTExZTYtOGY4OC0zNDM2M2JjN2M0YzAiOnsiY3JlYXRlIjo2MDAwMDAwMDAwMDAsImRlbGV0ZSI6NjAwMDAwMDAwMDAwfSwic2NoZW1hX3ZlcnNpb24iOiIxIn0=",
          "dependencies": [
            "aws_vpc.demo-vpc"
          ]
        }
      ]
    },
    {
      "mode": "managed",
      "type": "aws_security_group",
      "name": "app",
      "provider": "provider.aws",
      "instances": [
        {
          "schema_version": 1,
          "attributes": {
            "arn": "arn:aws:ec2:us-west-2:633834615594:security-group/sg-00e4213d4f3f5e39e",
            "description": "APP security groups",
            "egress": [],
            "id": "sg-00e4213d4f3f5e39e",
            "ingress": [
              {
                "cidr_blocks": [],
                "description": "Allow access from Web",
                "from_port": 8080,
                "ipv6_cidr_blocks": [],
                "prefix_list_ids": [],
                "protocol": "tcp",
                "security_groups": [
                  "sg-051e741edc74d411d"
                ],
                "self": false,
                "to_port": 8080
              }
            ],
            "name": "sg_app",
            "name_prefix": null,
            "owner_id": "633834615594",
            "revoke_rules_on_delete": false,
            "tags": {},
            "timeouts": null,
            "vpc_id": "vpc-0091078598950ff3c"
          },
          "private": "eyJlMmJmYjczMC1lY2FhLTExZTYtOGY4OC0zNDM2M2JjN2M0YzAiOnsiY3JlYXRlIjo2MDAwMDAwMDAwMDAsImRlbGV0ZSI6NjAwMDAwMDAwMDAwfSwic2NoZW1hX3ZlcnNpb24iOiIxIn0=",
          "dependencies": [
            "aws_vpc.demo-vpc"
          ]
        }
      ]
    },
    {
      "mode": "managed",
      "type": "aws_security_group",
      "name": "bastion",
      "provider": "provider.aws",
      "instances": [
        {
          "schema_version": 1,
          "attributes": {
            "arn": "arn:aws:ec2:us-west-2:633834615594:security-group/sg-087b3071c4177bcef",
            "description": "Bastion security group",
            "egress": [
              {
                "cidr_blocks": [],
                "description": "For admin management",
                "from_port": 22,
                "ipv6_cidr_blocks": [],
                "prefix_list_ids": [],
                "protocol": "tcp",
                "security_groups": [
                  "sg-054b91882e0fa7cfa"
                ],
                "self": false,
                "to_port": 22
              }
            ],
            "id": "sg-087b3071c4177bcef",
            "ingress": [
              {
                "cidr_blocks": [
                  "0.0.0.0/0"
                ],
                "description": "For allow ssh from outside",
                "from_port": 22,
                "ipv6_cidr_blocks": [],
                "prefix_list_ids": [],
                "protocol": "tcp",
                "security_groups": [],
                "self": false,
                "to_port": 22
              }
            ],
            "name": "sg_bastion",
            "name_prefix": null,
            "owner_id": "633834615594",
            "revoke_rules_on_delete": false,
            "tags": {},
            "timeouts": null,
            "vpc_id": "vpc-0091078598950ff3c"
          },
          "private": "eyJlMmJmYjczMC1lY2FhLTExZTYtOGY4OC0zNDM2M2JjN2M0YzAiOnsiY3JlYXRlIjo2MDAwMDAwMDAwMDAsImRlbGV0ZSI6NjAwMDAwMDAwMDAwfSwic2NoZW1hX3ZlcnNpb24iOiIxIn0=",
          "dependencies": [
            "aws_vpc.demo-vpc"
          ]
        }
      ]
    },
    {
      "mode": "managed",
      "type": "aws_security_group",
      "name": "lb-external",
      "provider": "provider.aws",
      "instances": [
        {
          "schema_version": 1,
          "attributes": {
            "arn": "arn:aws:ec2:us-west-2:633834615594:security-group/sg-09e342a4f474d5679",
            "description": "LB security groups",
            "egress": [
              {
                "cidr_blocks": [],
                "description": "Allow access to web",
                "from_port": 80,
                "ipv6_cidr_blocks": [],
                "prefix_list_ids": [],
                "protocol": "tcp",
                "security_groups": [
                  "sg-051e741edc74d411d"
                ],
                "self": false,
                "to_port": 80
              }
            ],
            "id": "sg-09e342a4f474d5679",
            "ingress": [
              {
                "cidr_blocks": [
                  "0.0.0.0/0"
                ],
                "description": "Allow access from external",
                "from_port": 80,
                "ipv6_cidr_blocks": [],
                "prefix_list_ids": [],
                "protocol": "tcp",
                "security_groups": [],
                "self": false,
                "to_port": 80
              }
            ],
            "name": "sg_alb",
            "name_prefix": null,
            "owner_id": "633834615594",
            "revoke_rules_on_delete": false,
            "tags": {},
            "timeouts": null,
            "vpc_id": "vpc-0091078598950ff3c"
          },
          "private": "eyJlMmJmYjczMC1lY2FhLTExZTYtOGY4OC0zNDM2M2JjN2M0YzAiOnsiY3JlYXRlIjo2MDAwMDAwMDAwMDAsImRlbGV0ZSI6NjAwMDAwMDAwMDAwfSwic2NoZW1hX3ZlcnNpb24iOiIxIn0=",
          "dependencies": [
            "aws_vpc.demo-vpc"
          ]
        }
      ]
    },
    {
      "mode": "managed",
      "type": "aws_security_group",
      "name": "web",
      "provider": "provider.aws",
      "instances": [
        {
          "schema_version": 1,
          "attributes": {
            "arn": "arn:aws:ec2:us-west-2:633834615594:security-group/sg-051e741edc74d411d",
            "description": "Web security groups",
            "egress": [
              {
                "cidr_blocks": [],
                "description": "allow http to app",
                "from_port": 8080,
                "ipv6_cidr_blocks": [],
                "prefix_list_ids": [],
                "protocol": "tcp",
                "security_groups": [
                  "sg-00e4213d4f3f5e39e"
                ],
                "self": false,
                "to_port": 8080
              }
            ],
            "id": "sg-051e741edc74d411d",
            "ingress": [
              {
                "cidr_blocks": [],
                "description": "allow http from lb",
                "from_port": 80,
                "ipv6_cidr_blocks": [],
                "prefix_list_ids": [],
                "protocol": "tcp",
                "security_groups": [
                  "sg-09e342a4f474d5679"
                ],
                "self": false,
                "to_port": 80
              }
            ],
            "name": "sg_web",
            "name_prefix": null,
            "owner_id": "633834615594",
            "revoke_rules_on_delete": false,
            "tags": {},
            "timeouts": null,
            "vpc_id": "vpc-0091078598950ff3c"
          },
          "private": "eyJlMmJmYjczMC1lY2FhLTExZTYtOGY4OC0zNDM2M2JjN2M0YzAiOnsiY3JlYXRlIjo2MDAwMDAwMDAwMDAsImRlbGV0ZSI6NjAwMDAwMDAwMDAwfSwic2NoZW1hX3ZlcnNpb24iOiIxIn0=",
          "dependencies": [
            "aws_vpc.demo-vpc"
          ]
        }
      ]
    },
    {
      "mode": "managed",
      "type": "aws_security_group_rule",
      "name": "admin-in",
      "provider": "provider.aws",
      "instances": [
        {
          "schema_version": 2,
          "attributes": {
            "cidr_blocks": null,
            "description": "For ssh access from bastion",
            "from_port": 22,
            "id": "sgrule-893377066",
            "ipv6_cidr_blocks": null,
            "prefix_list_ids": null,
            "protocol": "tcp",
            "security_group_id": "sg-054b91882e0fa7cfa",
            "self": false,
            "source_security_group_id": "sg-087b3071c4177bcef",
            "to_port": 22,
            "type": "ingress"
          },
          "private": "eyJzY2hlbWFfdmVyc2lvbiI6IjIifQ==",
          "dependencies": [
            "aws_security_group.admin",
            "aws_security_group.bastion"
          ]
        }
      ]
    },
    {
      "mode": "managed",
      "type": "aws_security_group_rule",
      "name": "admin-manage",
      "provider": "provider.aws",
      "instances": [
        {
          "schema_version": 2,
          "attributes": {
            "cidr_blocks": [],
            "description": "For admin management",
            "from_port": 22,
            "id": "sgrule-1000650482",
            "ipv6_cidr_blocks": [],
            "prefix_list_ids": [],
            "protocol": "tcp",
            "security_group_id": "sg-087b3071c4177bcef",
            "self": false,
            "source_security_group_id": "sg-054b91882e0fa7cfa",
            "to_port": 22,
            "type": "egress"
          },
          "private": "eyJzY2hlbWFfdmVyc2lvbiI6IjIifQ==",
          "dependencies": [
            "aws_security_group.admin",
            "aws_security_group.bastion",
            "aws_vpc.demo-vpc"
          ]
        }
      ]
    },
    {
      "mode": "managed",
      "type": "aws_security_group_rule",
      "name": "admin-out",
      "provider": "provider.aws",
      "instances": [
        {
          "schema_version": 2,
          "attributes": {
            "cidr_blocks": [
              "0.0.0.0/0"
            ],
            "description": "All traffic outbound",
            "from_port": 0,
            "id": "sgrule-193196570",
            "ipv6_cidr_blocks": null,
            "prefix_list_ids": null,
            "protocol": "-1",
            "security_group_id": "sg-054b91882e0fa7cfa",
            "self": false,
            "source_security_group_id": null,
            "to_port": 0,
            "type": "egress"
          },
          "private": "eyJzY2hlbWFfdmVyc2lvbiI6IjIifQ==",
          "dependencies": [
            "aws_security_group.admin"
          ]
        }
      ]
    },
    {
      "mode": "managed",
      "type": "aws_security_group_rule",
      "name": "app-allow-web-access",
      "provider": "provider.aws",
      "instances": [
        {
          "schema_version": 2,
          "attributes": {
            "cidr_blocks": [],
            "description": "Allow access from Web",
            "from_port": 8080,
            "id": "sgrule-3942194423",
            "ipv6_cidr_blocks": [],
            "prefix_list_ids": [],
            "protocol": "tcp",
            "security_group_id": "sg-00e4213d4f3f5e39e",
            "self": false,
            "source_security_group_id": "sg-051e741edc74d411d",
            "to_port": 8080,
            "type": "ingress"
          },
          "private": "eyJzY2hlbWFfdmVyc2lvbiI6IjIifQ==",
          "dependencies": [
            "aws_security_group.app",
            "aws_security_group.web",
            "aws_vpc.demo-vpc"
          ]
        }
      ]
    },
    {
      "mode": "managed",
      "type": "aws_security_group_rule",
      "name": "bastion-ssh",
      "provider": "provider.aws",
      "instances": [
        {
          "schema_version": 2,
          "attributes": {
            "cidr_blocks": [
              "0.0.0.0/0"
            ],
            "description": "For allow ssh from outside",
            "from_port": 22,
            "id": "sgrule-3649104582",
            "ipv6_cidr_blocks": [],
            "prefix_list_ids": [],
            "protocol": "tcp",
            "security_group_id": "sg-087b3071c4177bcef",
            "self": false,
            "source_security_group_id": null,
            "to_port": 22,
            "type": "ingress"
          },
          "private": "eyJzY2hlbWFfdmVyc2lvbiI6IjIifQ==",
          "dependencies": [
            "aws_security_group.bastion",
            "aws_vpc.demo-vpc"
          ]
        }
      ]
    },
    {
      "mode": "managed",
      "type": "aws_security_group_rule",
      "name": "lb-allow-http",
      "provider": "provider.aws",
      "instances": [
        {
          "schema_version": 2,
          "attributes": {
            "cidr_blocks": [
              "0.0.0.0/0"
            ],
            "description": "Allow access from external",
            "from_port": 80,
            "id": "sgrule-1997250756",
            "ipv6_cidr_blocks": [],
            "prefix_list_ids": [],
            "protocol": "tcp",
            "security_group_id": "sg-09e342a4f474d5679",
            "self": false,
            "source_security_group_id": null,
            "to_port": 80,
            "type": "ingress"
          },
          "private": "eyJzY2hlbWFfdmVyc2lvbiI6IjIifQ==",
          "dependencies": [
            "aws_security_group.lb-external",
            "aws_vpc.demo-vpc"
          ]
        }
      ]
    },
    {
      "mode": "managed",
      "type": "aws_security_group_rule",
      "name": "lb-web-access",
      "provider": "provider.aws",
      "instances": [
        {
          "schema_version": 2,
          "attributes": {
            "cidr_blocks": [],
            "description": "Allow access to web",
            "from_port": 80,
            "id": "sgrule-3695708829",
            "ipv6_cidr_blocks": [],
            "prefix_list_ids": [],
            "protocol": "tcp",
            "security_group_id": "sg-09e342a4f474d5679",
            "self": false,
            "source_security_group_id": "sg-051e741edc74d411d",
            "to_port": 80,
            "type": "egress"
          },
          "private": "eyJzY2hlbWFfdmVyc2lvbiI6IjIifQ==",
          "dependencies": [
            "aws_security_group.lb-external",
            "aws_security_group.web",
            "aws_vpc.demo-vpc"
          ]
        }
      ]
    },
    {
      "mode": "managed",
      "type": "aws_security_group_rule",
      "name": "web-access-to-app",
      "provider": "provider.aws",
      "instances": [
        {
          "schema_version": 2,
          "attributes": {
            "cidr_blocks": [],
            "description": "allow http to app",
            "from_port": 8080,
            "id": "sgrule-1208104087",
            "ipv6_cidr_blocks": [],
            "prefix_list_ids": [],
            "protocol": "tcp",
            "security_group_id": "sg-051e741edc74d411d",
            "self": false,
            "source_security_group_id": "sg-00e4213d4f3f5e39e",
            "to_port": 8080,
            "type": "egress"
          },
          "private": "eyJzY2hlbWFfdmVyc2lvbiI6IjIifQ==",
          "dependencies": [
            "aws_security_group.app",
            "aws_security_group.web"
          ]
        }
      ]
    },
    {
      "mode": "managed",
      "type": "aws_security_group_rule",
      "name": "web-allow-lb-access",
      "provider": "provider.aws",
      "instances": [
        {
          "schema_version": 2,
          "attributes": {
            "cidr_blocks": [],
            "description": "allow http from lb",
            "from_port": 80,
            "id": "sgrule-13735785",
            "ipv6_cidr_blocks": [],
            "prefix_list_ids": [],
            "protocol": "tcp",
            "security_group_id": "sg-051e741edc74d411d",
            "self": false,
            "source_security_group_id": "sg-09e342a4f474d5679",
            "to_port": 80,
            "type": "ingress"
          },
          "private": "eyJzY2hlbWFfdmVyc2lvbiI6IjIifQ==",
          "dependencies": [
            "aws_security_group.lb-external",
            "aws_security_group.web",
            "aws_vpc.demo-vpc"
          ]
        }
      ]
    },
    {
      "mode": "managed",
      "type": "aws_subnet",
      "name": "private",
      "each": "list",
      "provider": "provider.aws",
      "instances": [
        {
          "index_key": 0,
          "schema_version": 1,
          "attributes": {
            "arn": "arn:aws:ec2:us-west-2:633834615594:subnet/subnet-0c2eb1f77395190e6",
            "assign_ipv6_address_on_creation": false,
            "availability_zone": "us-west-2a",
            "availability_zone_id": "usw2-az1",
            "cidr_block": "10.1.10.0/24",
            "id": "subnet-0c2eb1f77395190e6",
            "ipv6_cidr_block": "",
            "ipv6_cidr_block_association_id": "",
            "map_public_ip_on_launch": true,
            "outpost_arn": "",
            "owner_id": "633834615594",
            "tags": {
              "CommonTags": "packer-demo-demo-20201231-080719",
              "Name": "private-subnet-01"
            },
            "timeouts": null,
            "vpc_id": "vpc-0091078598950ff3c"
          },
          "private": "eyJlMmJmYjczMC1lY2FhLTExZTYtOGY4OC0zNDM2M2JjN2M0YzAiOnsiY3JlYXRlIjo2MDAwMDAwMDAwMDAsImRlbGV0ZSI6MTIwMDAwMDAwMDAwMH0sInNjaGVtYV92ZXJzaW9uIjoiMSJ9",
          "dependencies": [
            "aws_vpc.demo-vpc"
          ]
        },
        {
          "index_key": 1,
          "schema_version": 1,
          "attributes": {
            "arn": "arn:aws:ec2:us-west-2:633834615594:subnet/subnet-0e546da7d947b2b98",
            "assign_ipv6_address_on_creation": false,
            "availability_zone": "us-west-2b",
            "availability_zone_id": "usw2-az2",
            "cidr_block": "10.1.11.0/24",
            "id": "subnet-0e546da7d947b2b98",
            "ipv6_cidr_block": "",
            "ipv6_cidr_block_association_id": "",
            "map_public_ip_on_launch": true,
            "outpost_arn": "",
            "owner_id": "633834615594",
            "tags": {
              "CommonTags": "packer-demo-demo-20201231-080719",
              "Name": "private-subnet-02"
            },
            "timeouts": null,
            "vpc_id": "vpc-0091078598950ff3c"
          },
          "private": "eyJlMmJmYjczMC1lY2FhLTExZTYtOGY4OC0zNDM2M2JjN2M0YzAiOnsiY3JlYXRlIjo2MDAwMDAwMDAwMDAsImRlbGV0ZSI6MTIwMDAwMDAwMDAwMH0sInNjaGVtYV92ZXJzaW9uIjoiMSJ9",
          "dependencies": [
            "aws_vpc.demo-vpc"
          ]
        },
        {
          "index_key": 2,
          "schema_version": 1,
          "attributes": {
            "arn": "arn:aws:ec2:us-west-2:633834615594:subnet/subnet-09fee2aea64580594",
            "assign_ipv6_address_on_creation": false,
            "availability_zone": "us-west-2c",
            "availability_zone_id": "usw2-az3",
            "cidr_block": "10.1.12.0/24",
            "id": "subnet-09fee2aea64580594",
            "ipv6_cidr_block": "",
            "ipv6_cidr_block_association_id": "",
            "map_public_ip_on_launch": true,
            "outpost_arn": "",
            "owner_id": "633834615594",
            "tags": {
              "CommonTags": "packer-demo-demo-20201231-080719",
              "Name": "private-subnet-03"
            },
            "timeouts": null,
            "vpc_id": "vpc-0091078598950ff3c"
          },
          "private": "eyJlMmJmYjczMC1lY2FhLTExZTYtOGY4OC0zNDM2M2JjN2M0YzAiOnsiY3JlYXRlIjo2MDAwMDAwMDAwMDAsImRlbGV0ZSI6MTIwMDAwMDAwMDAwMH0sInNjaGVtYV92ZXJzaW9uIjoiMSJ9",
          "dependencies": [
            "aws_vpc.demo-vpc"
          ]
        }
      ]
    },
    {
      "mode": "managed",
      "type": "aws_subnet",
      "name": "public",
      "each": "list",
      "provider": "provider.aws",
      "instances": [
        {
          "index_key": 0,
          "schema_version": 1,
          "attributes": {
            "arn": "arn:aws:ec2:us-west-2:633834615594:subnet/subnet-051990ea06cb55042",
            "assign_ipv6_address_on_creation": false,
            "availability_zone": "us-west-2a",
            "availability_zone_id": "usw2-az1",
            "cidr_block": "10.1.0.0/24",
            "id": "subnet-051990ea06cb55042",
            "ipv6_cidr_block": "",
            "ipv6_cidr_block_association_id": "",
            "map_public_ip_on_launch": true,
            "outpost_arn": "",
            "owner_id": "633834615594",
            "tags": {
              "CommonTags": "packer-demo-demo-20201231-080719",
              "Name": "public-subnet-01"
            },
            "timeouts": null,
            "vpc_id": "vpc-0091078598950ff3c"
          },
          "private": "eyJlMmJmYjczMC1lY2FhLTExZTYtOGY4OC0zNDM2M2JjN2M0YzAiOnsiY3JlYXRlIjo2MDAwMDAwMDAwMDAsImRlbGV0ZSI6MTIwMDAwMDAwMDAwMH0sInNjaGVtYV92ZXJzaW9uIjoiMSJ9",
          "dependencies": [
            "aws_vpc.demo-vpc"
          ]
        },
        {
          "index_key": 1,
          "schema_version": 1,
          "attributes": {
            "arn": "arn:aws:ec2:us-west-2:633834615594:subnet/subnet-0aaa155cf5d8c3561",
            "assign_ipv6_address_on_creation": false,
            "availability_zone": "us-west-2b",
            "availability_zone_id": "usw2-az2",
            "cidr_block": "10.1.1.0/24",
            "id": "subnet-0aaa155cf5d8c3561",
            "ipv6_cidr_block": "",
            "ipv6_cidr_block_association_id": "",
            "map_public_ip_on_launch": true,
            "outpost_arn": "",
            "owner_id": "633834615594",
            "tags": {
              "CommonTags": "packer-demo-demo-20201231-080719",
              "Name": "public-subnet-02"
            },
            "timeouts": null,
            "vpc_id": "vpc-0091078598950ff3c"
          },
          "private": "eyJlMmJmYjczMC1lY2FhLTExZTYtOGY4OC0zNDM2M2JjN2M0YzAiOnsiY3JlYXRlIjo2MDAwMDAwMDAwMDAsImRlbGV0ZSI6MTIwMDAwMDAwMDAwMH0sInNjaGVtYV92ZXJzaW9uIjoiMSJ9",
          "dependencies": [
            "aws_vpc.demo-vpc"
          ]
        },
        {
          "index_key": 2,
          "schema_version": 1,
          "attributes": {
            "arn": "arn:aws:ec2:us-west-2:633834615594:subnet/subnet-0e9afe3a9c44f9eb8",
            "assign_ipv6_address_on_creation": false,
            "availability_zone": "us-west-2c",
            "availability_zone_id": "usw2-az3",
            "cidr_block": "10.1.2.0/24",
            "id": "subnet-0e9afe3a9c44f9eb8",
            "ipv6_cidr_block": "",
            "ipv6_cidr_block_association_id": "",
            "map_public_ip_on_launch": true,
            "outpost_arn": "",
            "owner_id": "633834615594",
            "tags": {
              "CommonTags": "packer-demo-demo-20201231-080719",
              "Name": "public-subnet-03"
            },
            "timeouts": null,
            "vpc_id": "vpc-0091078598950ff3c"
          },
          "private": "eyJlMmJmYjczMC1lY2FhLTExZTYtOGY4OC0zNDM2M2JjN2M0YzAiOnsiY3JlYXRlIjo2MDAwMDAwMDAwMDAsImRlbGV0ZSI6MTIwMDAwMDAwMDAwMH0sInNjaGVtYV92ZXJzaW9uIjoiMSJ9",
          "dependencies": [
            "aws_vpc.demo-vpc"
          ]
        }
      ]
    },
    {
      "mode": "managed",
      "type": "aws_vpc",
      "name": "demo-vpc",
      "provider": "provider.aws",
      "instances": [
        {
          "schema_version": 1,
          "attributes": {
            "arn": "arn:aws:ec2:us-west-2:633834615594:vpc/vpc-0091078598950ff3c",
            "assign_generated_ipv6_cidr_block": false,
            "cidr_block": "10.1.0.0/16",
            "default_network_acl_id": "acl-0a55de57329b23554",
            "default_route_table_id": "rtb-07057d62aab8d8071",
            "default_security_group_id": "sg-0e44e8f667cc59c59",
            "dhcp_options_id": "dopt-3bf2005e",
            "enable_classiclink": false,
            "enable_classiclink_dns_support": false,
            "enable_dns_hostnames": true,
            "enable_dns_support": true,
            "id": "vpc-0091078598950ff3c",
            "instance_tenancy": "default",
            "ipv6_association_id": "",
            "ipv6_cidr_block": "",
            "main_route_table_id": "rtb-07057d62aab8d8071",
            "owner_id": "633834615594",
            "tags": {
              "CommonTags": "packer-demo-demo-20201231-080719",
              "Name": "demo-vpc"
            }
          },
          "private": "eyJzY2hlbWFfdmVyc2lvbiI6IjEifQ=="
        }
      ]
    },
    {
      "mode": "managed",
      "type": "local_file",
      "name": "ansible-hosts",
      "provider": "provider.local",
      "instances": [
        {
          "schema_version": 0,
          "attributes": {
            "content": "all:\r\n  hosts:\r\n    bastion-01:\r\n      ansible_host: 44.231.199.71\r\n      ansible_user: ubuntu\r\n      ansible_ssh_common_args: -F ssh.conf\r\n      ansible_python_interpreter: /usr/bin/env python3\r\n    web-01:\r\n      ansible_host: 10.1.10.158\r\n      ansible_user: ubuntu\r\n      ansible_ssh_common_args: -F ssh.conf\r\n      ansible_python_interpreter: /usr/bin/env python3\r\n    web-02:\r\n      ansible_host: 10.1.11.31\r\n      ansible_user: ubuntu\r\n      ansible_ssh_common_args: -F ssh.conf\r\n      ansible_python_interpreter: /usr/bin/env python3\r\n    app-01:\r\n      ansible_host: 10.1.10.116\r\n      ansible_user: ubuntu\r\n      ansible_ssh_common_args: -F ssh.conf\r\n      ansible_python_interpreter: /usr/bin/env python3\r\n    app-02:\r\n      ansible_host: 10.1.11.224\r\n      ansible_user: ubuntu\r\n      ansible_ssh_common_args: -F ssh.conf\r\n      ansible_python_interpreter: /usr/bin/env python3\r\n\r\nbastion:\r\n  hosts:\r\n    bastion-01:\r\n\r\nweb:\r\n  hosts:\r\n    web-01:\r\n    web-02:\r\n\r\napp:\r\n  hosts:\r\n    app-01:\r\n    app-02:\r\n",
            "content_base64": null,
            "directory_permission": "0777",
            "file_permission": "0777",
            "filename": "/mnt/e/HOA/DevOps/Projects/immutable-infra/vm-based/infra/aws/ansible-hosts",
            "id": "33eb637c0afb8d2aa598d15088fcfcf38eb83096",
            "sensitive_content": null,
            "source": null
          },
          "private": "bnVsbA==",
          "dependencies": [
            "aws_instance.app",
            "aws_instance.bastion",
            "aws_instance.web",
            "aws_key_pair.app",
            "aws_key_pair.web",
            "aws_security_group.admin",
            "aws_security_group.app",
            "aws_security_group.web",
            "aws_subnet.private",
            "aws_vpc.demo-vpc"
          ]
        }
      ]
    },
    {
      "mode": "managed",
      "type": "local_file",
      "name": "app",
      "provider": "provider.local",
      "instances": [
        {
          "schema_version": 0,
          "attributes": {
            "content": null,
            "content_base64": null,
            "directory_permission": "0777",
            "file_permission": "0777",
            "filename": "/mnt/e/HOA/DevOps/Projects/immutable-infra/vm-based/infra/aws/keys/app.pem",
            "id": "64a3e33ebb5d4fd278b271c6e81336a16131108e",
            "sensitive_content": "-----BEGIN RSA PRIVATE KEY-----\nMIIEowIBAAKCAQEA0F4mnTXO5bIFpWulMxgvrpI7/6onJPixcc+nudHc2iTOZwl7\nFbRcGSKZwHyFe5EKnEu5Pid4WOuMSNz8aCk9N2+tuayOkvGY7QgTo3feSYEwz2Wc\nZMoVFDF35DdmSYaBvrM4SmYpsYWz4asyie+9XSiLe5KEBBQNsQEbIjoW8K5Csx2M\n7fSBjkyaXP3OdGuuII4SS+YHff+8/yGpv0qEkI/h+rGUw9RgXJ7Sj7GsI+xgahXU\n7HgUSVQMSoa2s7p3Qx8mf38VUxKljVTVycsK9g3FEQv25eacneiij3FPhr/JhXbp\nekKr0Mcw/fn2CIwtLplb20g/wzg2XX8EFtsmKwIDAQABAoIBADfnOrbtC9BmfctO\n4SifMZPFmiFS1mO98WWWj+pz2qwQOew9B+/fzuHTfaq9/dYUKOOcEVwSnOBGegHG\ngFW10r2/0b1CBZJ5DU1y4En4TAQujBjoqxgDe7pKN19cWa4aT08JqG2VkVQWihde\nphWJ46VNznZd7dtmQfIeWNhK+4Kg0kXLDVhbSS9cRkopyvAUQCarQfI7yLVn7s8J\nj7hyUu8eNs5ZfjHHopgH7bANpp2VqqJ3H6ag3iKyR9nGFryhagcdd1V4dIGBCmVG\nwUS8xNpegaESGD/dKg7SugPYuPNPJYHLZtHNcaix55zrXg3m5Bu8ouTuTu6rP4gR\nXxvkLikCgYEA5CtTbzsh1q323r/rXoj3hpxZymuOUmdFTBzgV2p1ZLBayyIKN028\n2KeDhe2eUWKlUGrRg6Vz3Eo7c+UyhPwo3bymtjNzW6saxhGHLM90aHI2PTi+2XM4\n47t3LvXg8Af9BIiRh+siNQjz/P82Qd689QNmGZQcTZXGea9t87XgHP8CgYEA6ciE\nMv4/IMUWXEHEoTDmXtRGjv4QAKoa3ZIv3kcAFYg42MGdwy9G4wPZ+ZJCUFOy1C9J\npQNHLm/tII499FLbveMidUq5VVABmabLoNxuwFhvTJCSDLg86owYA8n6abcpuPZr\nGfAW4In0EvKXzqSmHiRJxfXpe9pHFttkUA7u+tUCgYACAV96WsqxWFYTHxyyeAG0\n7Src3JUjpES3polSO11MxUAHCQWN9uDyBobhZnU9weAyFL5CqfGavgxHuHv5Lz4s\ntLvCXjFlXNufYggOHMSpJlfTsev7fUfCuKMThpWzhl5y68BbsXVbgfijAJs5ePuw\nK5d6IhMdm3NjHmeY/MA7gQKBgCzxbnC7LfmnyfescRen5fG/D113/C2Uhhuoeela\nbuq0yHDrL+ARG6iS2fm/o1376TofaSH+8lU8ETMcBU8OCs6DduFjnyOGgPg/94+S\nMPxrQ+JNPLaTSKqyif9YefqOyseTH93ZqRw7iR+HYaXJQ2IyCbiz4NH9kYMUZEF7\nzXeNAoGBAK5VfdJcN0g+XJZsNnfVfx81tUrV8RSy15/9vqtTHGn6lMbSbdH7u3XK\n+5jct3VzMhgjd1OjdeLDFkOWCsE2YwySChriK2NL1oXN50EdMEvf7aM0jQOdI4Xu\nEtWiuxgA28/RcaYrMsZzBsJJA5qWbqlnGnFgioAEcpiS6gBR9Vy1\n-----END RSA PRIVATE KEY-----\n",
            "source": null
          },
          "private": "bnVsbA==",
          "dependencies": [
            "tls_private_key.app"
          ]
        }
      ]
    },
    {
      "mode": "managed",
      "type": "local_file",
      "name": "bastion",
      "provider": "provider.local",
      "instances": [
        {
          "schema_version": 0,
          "attributes": {
            "content": null,
            "content_base64": null,
            "directory_permission": "0777",
            "file_permission": "0777",
            "filename": "/mnt/e/HOA/DevOps/Projects/immutable-infra/vm-based/infra/aws/keys/bastion.pem",
            "id": "acce754a638bf57b4635276cab86a9a62ff390d8",
            "sensitive_content": "-----BEGIN RSA PRIVATE KEY-----\nMIIEpQIBAAKCAQEAwADixwKpZHJAxbr7l/qJeWHB5sLoJn8WWn76HE+blBbKwJH8\nRXnfRtWUNPm8aFlZlcbyEjCjlt/r+0Y8r2/8arl+xE9m9oum0R44CRJ1hvyuS2Fe\n9yGdB/9SMBbR5u/6l8bC0xFD2veuDfCjQXBYL+BUaBBWOeJlXhR8B3OpaQt6b+Tr\nn0jYady3lVk+f5FHPa7kLfyWqmtjRa5G/cTISCsqt9loZu3a8RAJrH3s8RXgz/mV\noVDO5TPqpaDeUKSKXBOE5gX/QULi1DOYWmkL71oqhFZyBCHpAbMz/0FLQdc8s9za\nGre4FbW6kjxA/d2Xrvvh0KkThHPUiThDSddwuQIDAQABAoIBAQCN/Zm39v3ybJP+\nJmN9ZyhXfbX5w9YO8hlD33dzjGPPxnM2qj9X2eMG7VfnPXDZ8onPvAq07Qdtwjcv\n4idqznRrMLbQ0q+gUHKTX7es7dvAcgkrcdzbAh6xFV5gdd/Q21QE/laB5Ni7jENJ\nx9XTxRNShKGnO72onQa95oQ6toxoQ27jWcxF0D5wDCZJ4R3PLZAmangXEqxs6Clv\nYgjfK8snNHgzVEGKbaBNzeC28xAgKSAT80Vrmny1NNQ6EeRnmVvPkiFXVSSeopOf\na5NRNbYtJEOZEHW3rBUQ2MLeHO5JI0jXK+o1XiZMtciLKcpuutkUnE5HL1AgzlZw\nJQnfZ+mhAoGBAN6etbzWaz9ut+ezNXP34ugPHZv4DclXdFElGJynBSUWF/p0PD9G\noJkBjUxuNkKrdezBrpLImy3hNhbZvqWqPj/m8WGkdTTZoV6jGruza9o4YBWw0ibt\n1TTsartgck0J4nJKQ/J6z28XbqAyft4rkR1bOC47hG5My1haf3bvRKPNAoGBANzK\n9VtYmR6lqqA1F6IsboPsid+77IXZfEAtuquMICDZspfuRk77/J4sfw9oEp34CRCg\nRXJ5CprhJJnAody8ASHQAZBSonbzFNUyhwqqV85H504WVZ3w0bkIZVLBBCZG/b/I\nV7+nYoYvxShrU6xS44uqb4WhpIRXXn+B9ZAatuydAoGBAJZn+DWLUI5cyZebdoPR\neNZ8T+7umrHrikTAoW5FUa6KzMyD96hwmVSGveZjl/lXSqcY/E9jhaRrwlWR68KV\n0NTvvSnRKPb6CpKb9BXY1Qdsi05cVr/CdAf7qujJ8q+l+/5nupx66OcPl8hYFWsZ\nWEPTO5PQ1lqHO+OH0RKT+XYJAoGALqPg+I7aqZKtXHJar7NbFRsedNipugybJqOC\nT0KmdsoF4/o9d+nbDz6vCH4fkKcYox54DRpslxMAPEpo5swAIThjXC1YjHAE8pRd\n2m7pZXXi8qfdJiP86W1Qmg6T5dIRQDX980pUkav9pfAmGLzZvGMgc8YVjq82ExFM\n4kgCZDECgYEAk5iYKjl4e3w7ClpwMDpS/wVbi3EtOKr/LHWW/6fdB+SG5er5AO0g\nXOpFIIOQNnw/qguuDRmpIl0y6CIgtbBwhu/QCZOwCc7ZmPf/iVRPiL/2MuwE5Z05\nwx/je6k0/p6rp5HmzHlPnNh1RHouyBNfx3aQHmxTtUBQ/cnxZFF0N7E=\n-----END RSA PRIVATE KEY-----\n",
            "source": null
          },
          "private": "bnVsbA==",
          "dependencies": [
            "tls_private_key.bastion"
          ]
        }
      ]
    },
    {
      "mode": "managed",
      "type": "local_file",
      "name": "ssh-conf",
      "provider": "provider.local",
      "instances": [
        {
          "schema_version": 0,
          "attributes": {
            "content": "Host *\r\n  User ubuntu\r\n  StrictHostKeyChecking no\r\n  ControlMaster auto\r\n  ControlPath ~/.ssh/ansible-%r@%h:%p\r\n  ControlPersist 30m\r\n  ConnectionAttempts=100\r\n  ServerAliveInterval 60\r\n  ServerAliveCountMax 5\r\n\r\n# for bastion node\r\nHost bastion-01\r\n  HostName 44.231.199.71\r\n  User ubuntu\r\n  StrictHostKeyChecking no\r\n  UserKnownHostsFile=/dev/null\r\n  LogLevel ERROR\r\n  IdentityFile /mnt/e/HOA/DevOps/Projects/immutable-infra/vm-based/infra/aws/keys/bastion.pem\r\n\r\n# for web server node\r\nHost web-01 10.1.10.158\r\n  HostName 10.1.10.158\r\n  User ubuntu\r\n  ProxyCommand ssh -o StrictHostKeyChecking=no -o UserKnownHostsFile=/dev/null -W %h:%p -i /mnt/e/HOA/DevOps/Projects/immutable-infra/vm-based/infra/aws/keys/bastion.pem ubuntu@44.231.199.71\r\n  StrictHostKeyChecking no\r\n  UserKnownHostsFile=/dev/null\r\n  LogLevel ERROR\r\n  IdentityFile /mnt/e/HOA/DevOps/Projects/immutable-infra/vm-based/infra/aws/keys/web.pem\r\nHost web-02 10.1.11.31\r\n  HostName 10.1.11.31\r\n  User ubuntu\r\n  ProxyCommand ssh -o StrictHostKeyChecking=no -o UserKnownHostsFile=/dev/null -W %h:%p -i /mnt/e/HOA/DevOps/Projects/immutable-infra/vm-based/infra/aws/keys/bastion.pem ubuntu@44.231.199.71\r\n  StrictHostKeyChecking no\r\n  UserKnownHostsFile=/dev/null\r\n  LogLevel ERROR\r\n  IdentityFile /mnt/e/HOA/DevOps/Projects/immutable-infra/vm-based/infra/aws/keys/web.pem\r\n\r\n# for app server node\r\nHost app-01 10.1.10.116\r\n  HostName 10.1.10.116\r\n  User ubuntu\r\n  ProxyCommand ssh -o StrictHostKeyChecking=no -o UserKnownHostsFile=/dev/null -W %h:%p -i /mnt/e/HOA/DevOps/Projects/immutable-infra/vm-based/infra/aws/keys/bastion.pem ubuntu@44.231.199.71\r\n  StrictHostKeyChecking no\r\n  UserKnownHostsFile=/dev/null\r\n  LogLevel ERROR\r\n  IdentityFile /mnt/e/HOA/DevOps/Projects/immutable-infra/vm-based/infra/aws/keys/app.pem\r\nHost app-02 10.1.11.224\r\n  HostName 10.1.11.224\r\n  User ubuntu\r\n  ProxyCommand ssh -o StrictHostKeyChecking=no -o UserKnownHostsFile=/dev/null -W %h:%p -i /mnt/e/HOA/DevOps/Projects/immutable-infra/vm-based/infra/aws/keys/bastion.pem ubuntu@44.231.199.71\r\n  StrictHostKeyChecking no\r\n  UserKnownHostsFile=/dev/null\r\n  LogLevel ERROR\r\n  IdentityFile /mnt/e/HOA/DevOps/Projects/immutable-infra/vm-based/infra/aws/keys/app.pem\r\n",
            "content_base64": null,
            "directory_permission": "0777",
            "file_permission": "0777",
            "filename": "/mnt/e/HOA/DevOps/Projects/immutable-infra/vm-based/infra/aws/ssh.conf",
            "id": "810758aa76102a5104b933b5756d78854d87e743",
            "sensitive_content": null,
            "source": null
          },
          "private": "bnVsbA==",
          "dependencies": [
            "aws_instance.app",
            "aws_instance.bastion",
            "aws_instance.web",
            "aws_key_pair.app",
            "aws_key_pair.web",
            "aws_security_group.admin",
            "aws_security_group.app",
            "aws_security_group.web",
            "aws_subnet.private",
            "aws_vpc.demo-vpc"
          ]
        }
      ]
    },
    {
      "mode": "managed",
      "type": "local_file",
      "name": "web",
      "provider": "provider.local",
      "instances": [
        {
          "schema_version": 0,
          "attributes": {
            "content": null,
            "content_base64": null,
            "directory_permission": "0777",
            "file_permission": "0777",
            "filename": "/mnt/e/HOA/DevOps/Projects/immutable-infra/vm-based/infra/aws/keys/web.pem",
            "id": "5716075ce9a5587b67822ac4ed68bb02c6908edc",
            "sensitive_content": "-----BEGIN RSA PRIVATE KEY-----\nMIIEowIBAAKCAQEAwG+q0Mpioa/w0icEW7MnflSvN+MsictRCkZTh0QHRAEkedTv\n6U9AszpABwNvLqNEOBR93g05JxhMDwl9yReI8zLuJNy9arw5dFiBaCFz41Ou/l1J\nt5lZv0wJsp7hakf75GmYbPOU7KtqPfIYiiVitcg/ZiIef3tLy3cXZ/AEXztPSMvU\nFitoryyxhPtfbkt5YGUXbMcitIzrUSSWZmnm1zXWSCyTa/XlUVAdPNbkr8CqBORB\n538a+i6GvxDjQCkF7n+Ax4jcjO5hcqyfHbW/So1lhqWwjVu03c4sr3lFISLqEl+Z\ni+zj0T9Fm2Y9FDCx0S62UPAWq9tpESKAf38oiwIDAQABAoIBAH7DUG93Uh+WSXn1\n774ENvjWChIzmKwwfXLaPr21B2A5rHCA34T+Cu3FalX0YjIDpLWYcg1rAoIJVFj3\ndJ+Z3EHwA8XOjwwXb3V/s8cHelJ+VqECjMPfxanpCd5bILwlLP4avSjQEAMTK8og\nhx/BXtPGVFUQFqz9aEFgcs+p4QdlYuj+LjZg0Stc24gnzclg9fHUJHxsuSdemNc/\nd/L44UOJ0JQwsPCjfNRiAm3QCHjQ0hrY6I8oOnfm2L4xtnCFY3jKtgDvg+uVsliv\nxsttCv+jjq5HhByjqT1y2I5YmkbYPhvLpNjc5rmTOSO2ScOF7rYKzlgFZkyP40qx\n5tJbXdkCgYEA4tJ/IF2buevqtblwo4FYAcFw0v9VekzhWiuZfsJYqlHQWWl6GnOf\nUD6xhreZ3gkHR4PV5LpGVfhyEDg5FGO9ikkXxCLKXOQKQgeS7DN7azCutupNCAk6\nJDHE7IZCRSgYAqnb/Irn4j1YGe/AsS4+E7/SbP3z0EYpjXxGl/wYmtcCgYEA2TDM\n8miaK19qbp2keGB/LIghIxSNrdwkFcyxlo/e/zEGd1xqXrpwdq1CswI/+7qxwOLw\n5Va593atkbWM2Cbb5vbpI/lohBCnpmL+VFr/cq1zN+mqSwAmiPx4CHpgZJO0DgeO\nQPBt3f1TQDG8sy9bGFe3PK7AlSiS+D/Gi7DgPW0CgYAp610zThmJsuAd1bfLgAwT\nxvxjAm15vNupHoWvt5tLXvNyktvOJ7A51Fxa2XPGZUTDIspVC1gUa2YpOTrTWdud\nwwRxazybDkoXCe9NV/ZnSQgBJiw2X/4u0kPisq1suow1cc8GTWWtmki+AmFKXZF7\ndOge3JBC3bSwQVeKnzys4QKBgF2TFPnr72B4f5ag/NeQW7qH/B7tIA2kJzftNSY1\nXlJ8gNi0TG/7y7CV/YK6mW6PhT4hiMCGmSDxVN7OZZxLQbtE7jW9ozYjJtgdFo6p\nlh2GdXnFhsVBj1i9zcl5UEaFDLJutu9rpypZlqC1zSM2Z/0Y7a2LbRXWoVurvpM4\n5aQRAoGBANXaKOaLBX8wRdYBDKY3JgvHIOWOESVdOEXbG22YLemNNCfmuelD78vD\nmX1W+4x2L4MwkvZFdFzV2HxdokJJXreqsw3qphZZGaNAnj6EEfsokz2ERdYY8Rgp\naa0XMibjT76Pl6Hqc0xpAlmU7bpr/xP0O2oMXyc7QYUmytHg1pWl\n-----END RSA PRIVATE KEY-----\n",
            "source": null
          },
          "private": "bnVsbA==",
          "dependencies": [
            "tls_private_key.web"
          ]
        }
      ]
    },
    {
      "mode": "managed",
      "type": "tls_private_key",
      "name": "app",
      "provider": "provider.tls",
      "instances": [
        {
          "schema_version": 0,
          "attributes": {
            "algorithm": "RSA",
            "ecdsa_curve": "P224",
            "id": "0fff8e7d99b312a02e944bcdab8957c401230222",
            "private_key_pem": "-----BEGIN RSA PRIVATE KEY-----\nMIIEowIBAAKCAQEA0F4mnTXO5bIFpWulMxgvrpI7/6onJPixcc+nudHc2iTOZwl7\nFbRcGSKZwHyFe5EKnEu5Pid4WOuMSNz8aCk9N2+tuayOkvGY7QgTo3feSYEwz2Wc\nZMoVFDF35DdmSYaBvrM4SmYpsYWz4asyie+9XSiLe5KEBBQNsQEbIjoW8K5Csx2M\n7fSBjkyaXP3OdGuuII4SS+YHff+8/yGpv0qEkI/h+rGUw9RgXJ7Sj7GsI+xgahXU\n7HgUSVQMSoa2s7p3Qx8mf38VUxKljVTVycsK9g3FEQv25eacneiij3FPhr/JhXbp\nekKr0Mcw/fn2CIwtLplb20g/wzg2XX8EFtsmKwIDAQABAoIBADfnOrbtC9BmfctO\n4SifMZPFmiFS1mO98WWWj+pz2qwQOew9B+/fzuHTfaq9/dYUKOOcEVwSnOBGegHG\ngFW10r2/0b1CBZJ5DU1y4En4TAQujBjoqxgDe7pKN19cWa4aT08JqG2VkVQWihde\nphWJ46VNznZd7dtmQfIeWNhK+4Kg0kXLDVhbSS9cRkopyvAUQCarQfI7yLVn7s8J\nj7hyUu8eNs5ZfjHHopgH7bANpp2VqqJ3H6ag3iKyR9nGFryhagcdd1V4dIGBCmVG\nwUS8xNpegaESGD/dKg7SugPYuPNPJYHLZtHNcaix55zrXg3m5Bu8ouTuTu6rP4gR\nXxvkLikCgYEA5CtTbzsh1q323r/rXoj3hpxZymuOUmdFTBzgV2p1ZLBayyIKN028\n2KeDhe2eUWKlUGrRg6Vz3Eo7c+UyhPwo3bymtjNzW6saxhGHLM90aHI2PTi+2XM4\n47t3LvXg8Af9BIiRh+siNQjz/P82Qd689QNmGZQcTZXGea9t87XgHP8CgYEA6ciE\nMv4/IMUWXEHEoTDmXtRGjv4QAKoa3ZIv3kcAFYg42MGdwy9G4wPZ+ZJCUFOy1C9J\npQNHLm/tII499FLbveMidUq5VVABmabLoNxuwFhvTJCSDLg86owYA8n6abcpuPZr\nGfAW4In0EvKXzqSmHiRJxfXpe9pHFttkUA7u+tUCgYACAV96WsqxWFYTHxyyeAG0\n7Src3JUjpES3polSO11MxUAHCQWN9uDyBobhZnU9weAyFL5CqfGavgxHuHv5Lz4s\ntLvCXjFlXNufYggOHMSpJlfTsev7fUfCuKMThpWzhl5y68BbsXVbgfijAJs5ePuw\nK5d6IhMdm3NjHmeY/MA7gQKBgCzxbnC7LfmnyfescRen5fG/D113/C2Uhhuoeela\nbuq0yHDrL+ARG6iS2fm/o1376TofaSH+8lU8ETMcBU8OCs6DduFjnyOGgPg/94+S\nMPxrQ+JNPLaTSKqyif9YefqOyseTH93ZqRw7iR+HYaXJQ2IyCbiz4NH9kYMUZEF7\nzXeNAoGBAK5VfdJcN0g+XJZsNnfVfx81tUrV8RSy15/9vqtTHGn6lMbSbdH7u3XK\n+5jct3VzMhgjd1OjdeLDFkOWCsE2YwySChriK2NL1oXN50EdMEvf7aM0jQOdI4Xu\nEtWiuxgA28/RcaYrMsZzBsJJA5qWbqlnGnFgioAEcpiS6gBR9Vy1\n-----END RSA PRIVATE KEY-----\n",
            "public_key_fingerprint_md5": "62:82:b4:ec:b3:74:b6:4e:39:78:30:7c:73:d4:c8:fd",
            "public_key_openssh": "ssh-rsa AAAAB3NzaC1yc2EAAAADAQABAAABAQDQXiadNc7lsgWla6UzGC+ukjv/qick+LFxz6e50dzaJM5nCXsVtFwZIpnAfIV7kQqcS7k+J3hY64xI3PxoKT03b625rI6S8ZjtCBOjd95JgTDPZZxkyhUUMXfkN2ZJhoG+szhKZimxhbPhqzKJ771dKIt7koQEFA2xARsiOhbwrkKzHYzt9IGOTJpc/c50a64gjhJL5gd9/7z/Iam/SoSQj+H6sZTD1GBcntKPsawj7GBqFdTseBRJVAxKhrazundDHyZ/fxVTEqWNVNXJywr2DcURC/bl5pyd6KKPcU+Gv8mFdul6QqvQxzD9+fYIjC0umVvbSD/DODZdfwQW2yYr\n",
            "public_key_pem": "-----BEGIN PUBLIC KEY-----\nMIIBIjANBgkqhkiG9w0BAQEFAAOCAQ8AMIIBCgKCAQEA0F4mnTXO5bIFpWulMxgv\nrpI7/6onJPixcc+nudHc2iTOZwl7FbRcGSKZwHyFe5EKnEu5Pid4WOuMSNz8aCk9\nN2+tuayOkvGY7QgTo3feSYEwz2WcZMoVFDF35DdmSYaBvrM4SmYpsYWz4asyie+9\nXSiLe5KEBBQNsQEbIjoW8K5Csx2M7fSBjkyaXP3OdGuuII4SS+YHff+8/yGpv0qE\nkI/h+rGUw9RgXJ7Sj7GsI+xgahXU7HgUSVQMSoa2s7p3Qx8mf38VUxKljVTVycsK\n9g3FEQv25eacneiij3FPhr/JhXbpekKr0Mcw/fn2CIwtLplb20g/wzg2XX8EFtsm\nKwIDAQAB\n-----END PUBLIC KEY-----\n",
            "rsa_bits": 2048
          },
          "private": "bnVsbA=="
        }
      ]
    },
    {
      "mode": "managed",
      "type": "tls_private_key",
      "name": "bastion",
      "provider": "provider.tls",
      "instances": [
        {
          "schema_version": 0,
          "attributes": {
            "algorithm": "RSA",
            "ecdsa_curve": "P224",
            "id": "92ffe9b8c8d5d0326938a81abcb0a9d6ac2a5a72",
            "private_key_pem": "-----BEGIN RSA PRIVATE KEY-----\nMIIEpQIBAAKCAQEAwADixwKpZHJAxbr7l/qJeWHB5sLoJn8WWn76HE+blBbKwJH8\nRXnfRtWUNPm8aFlZlcbyEjCjlt/r+0Y8r2/8arl+xE9m9oum0R44CRJ1hvyuS2Fe\n9yGdB/9SMBbR5u/6l8bC0xFD2veuDfCjQXBYL+BUaBBWOeJlXhR8B3OpaQt6b+Tr\nn0jYady3lVk+f5FHPa7kLfyWqmtjRa5G/cTISCsqt9loZu3a8RAJrH3s8RXgz/mV\noVDO5TPqpaDeUKSKXBOE5gX/QULi1DOYWmkL71oqhFZyBCHpAbMz/0FLQdc8s9za\nGre4FbW6kjxA/d2Xrvvh0KkThHPUiThDSddwuQIDAQABAoIBAQCN/Zm39v3ybJP+\nJmN9ZyhXfbX5w9YO8hlD33dzjGPPxnM2qj9X2eMG7VfnPXDZ8onPvAq07Qdtwjcv\n4idqznRrMLbQ0q+gUHKTX7es7dvAcgkrcdzbAh6xFV5gdd/Q21QE/laB5Ni7jENJ\nx9XTxRNShKGnO72onQa95oQ6toxoQ27jWcxF0D5wDCZJ4R3PLZAmangXEqxs6Clv\nYgjfK8snNHgzVEGKbaBNzeC28xAgKSAT80Vrmny1NNQ6EeRnmVvPkiFXVSSeopOf\na5NRNbYtJEOZEHW3rBUQ2MLeHO5JI0jXK+o1XiZMtciLKcpuutkUnE5HL1AgzlZw\nJQnfZ+mhAoGBAN6etbzWaz9ut+ezNXP34ugPHZv4DclXdFElGJynBSUWF/p0PD9G\noJkBjUxuNkKrdezBrpLImy3hNhbZvqWqPj/m8WGkdTTZoV6jGruza9o4YBWw0ibt\n1TTsartgck0J4nJKQ/J6z28XbqAyft4rkR1bOC47hG5My1haf3bvRKPNAoGBANzK\n9VtYmR6lqqA1F6IsboPsid+77IXZfEAtuquMICDZspfuRk77/J4sfw9oEp34CRCg\nRXJ5CprhJJnAody8ASHQAZBSonbzFNUyhwqqV85H504WVZ3w0bkIZVLBBCZG/b/I\nV7+nYoYvxShrU6xS44uqb4WhpIRXXn+B9ZAatuydAoGBAJZn+DWLUI5cyZebdoPR\neNZ8T+7umrHrikTAoW5FUa6KzMyD96hwmVSGveZjl/lXSqcY/E9jhaRrwlWR68KV\n0NTvvSnRKPb6CpKb9BXY1Qdsi05cVr/CdAf7qujJ8q+l+/5nupx66OcPl8hYFWsZ\nWEPTO5PQ1lqHO+OH0RKT+XYJAoGALqPg+I7aqZKtXHJar7NbFRsedNipugybJqOC\nT0KmdsoF4/o9d+nbDz6vCH4fkKcYox54DRpslxMAPEpo5swAIThjXC1YjHAE8pRd\n2m7pZXXi8qfdJiP86W1Qmg6T5dIRQDX980pUkav9pfAmGLzZvGMgc8YVjq82ExFM\n4kgCZDECgYEAk5iYKjl4e3w7ClpwMDpS/wVbi3EtOKr/LHWW/6fdB+SG5er5AO0g\nXOpFIIOQNnw/qguuDRmpIl0y6CIgtbBwhu/QCZOwCc7ZmPf/iVRPiL/2MuwE5Z05\nwx/je6k0/p6rp5HmzHlPnNh1RHouyBNfx3aQHmxTtUBQ/cnxZFF0N7E=\n-----END RSA PRIVATE KEY-----\n",
            "public_key_fingerprint_md5": "0e:3b:bb:72:af:b0:64:92:2d:8a:84:6d:02:11:71:60",
            "public_key_openssh": "ssh-rsa AAAAB3NzaC1yc2EAAAADAQABAAABAQDAAOLHAqlkckDFuvuX+ol5YcHmwugmfxZafvocT5uUFsrAkfxFed9G1ZQ0+bxoWVmVxvISMKOW3+v7Rjyvb/xquX7ET2b2i6bRHjgJEnWG/K5LYV73IZ0H/1IwFtHm7/qXxsLTEUPa964N8KNBcFgv4FRoEFY54mVeFHwHc6lpC3pv5OufSNhp3LeVWT5/kUc9ruQt/Jaqa2NFrkb9xMhIKyq32Whm7drxEAmsfezxFeDP+ZWhUM7lM+qloN5QpIpcE4TmBf9BQuLUM5haaQvvWiqEVnIEIekBszP/QUtB1zyz3Noat7gVtbqSPED93Zeu++HQqROEc9SJOENJ13C5\n",
            "public_key_pem": "-----BEGIN PUBLIC KEY-----\nMIIBIjANBgkqhkiG9w0BAQEFAAOCAQ8AMIIBCgKCAQEAwADixwKpZHJAxbr7l/qJ\neWHB5sLoJn8WWn76HE+blBbKwJH8RXnfRtWUNPm8aFlZlcbyEjCjlt/r+0Y8r2/8\narl+xE9m9oum0R44CRJ1hvyuS2Fe9yGdB/9SMBbR5u/6l8bC0xFD2veuDfCjQXBY\nL+BUaBBWOeJlXhR8B3OpaQt6b+Trn0jYady3lVk+f5FHPa7kLfyWqmtjRa5G/cTI\nSCsqt9loZu3a8RAJrH3s8RXgz/mVoVDO5TPqpaDeUKSKXBOE5gX/QULi1DOYWmkL\n71oqhFZyBCHpAbMz/0FLQdc8s9zaGre4FbW6kjxA/d2Xrvvh0KkThHPUiThDSddw\nuQIDAQAB\n-----END PUBLIC KEY-----\n",
            "rsa_bits": 2048
          },
          "private": "bnVsbA=="
        }
      ]
    },
    {
      "mode": "managed",
      "type": "tls_private_key",
      "name": "web",
      "provider": "provider.tls",
      "instances": [
        {
          "schema_version": 0,
          "attributes": {
            "algorithm": "RSA",
            "ecdsa_curve": "P224",
            "id": "5a389016d9cec15495da8229d143b13e7d200ec4",
            "private_key_pem": "-----BEGIN RSA PRIVATE KEY-----\nMIIEowIBAAKCAQEAwG+q0Mpioa/w0icEW7MnflSvN+MsictRCkZTh0QHRAEkedTv\n6U9AszpABwNvLqNEOBR93g05JxhMDwl9yReI8zLuJNy9arw5dFiBaCFz41Ou/l1J\nt5lZv0wJsp7hakf75GmYbPOU7KtqPfIYiiVitcg/ZiIef3tLy3cXZ/AEXztPSMvU\nFitoryyxhPtfbkt5YGUXbMcitIzrUSSWZmnm1zXWSCyTa/XlUVAdPNbkr8CqBORB\n538a+i6GvxDjQCkF7n+Ax4jcjO5hcqyfHbW/So1lhqWwjVu03c4sr3lFISLqEl+Z\ni+zj0T9Fm2Y9FDCx0S62UPAWq9tpESKAf38oiwIDAQABAoIBAH7DUG93Uh+WSXn1\n774ENvjWChIzmKwwfXLaPr21B2A5rHCA34T+Cu3FalX0YjIDpLWYcg1rAoIJVFj3\ndJ+Z3EHwA8XOjwwXb3V/s8cHelJ+VqECjMPfxanpCd5bILwlLP4avSjQEAMTK8og\nhx/BXtPGVFUQFqz9aEFgcs+p4QdlYuj+LjZg0Stc24gnzclg9fHUJHxsuSdemNc/\nd/L44UOJ0JQwsPCjfNRiAm3QCHjQ0hrY6I8oOnfm2L4xtnCFY3jKtgDvg+uVsliv\nxsttCv+jjq5HhByjqT1y2I5YmkbYPhvLpNjc5rmTOSO2ScOF7rYKzlgFZkyP40qx\n5tJbXdkCgYEA4tJ/IF2buevqtblwo4FYAcFw0v9VekzhWiuZfsJYqlHQWWl6GnOf\nUD6xhreZ3gkHR4PV5LpGVfhyEDg5FGO9ikkXxCLKXOQKQgeS7DN7azCutupNCAk6\nJDHE7IZCRSgYAqnb/Irn4j1YGe/AsS4+E7/SbP3z0EYpjXxGl/wYmtcCgYEA2TDM\n8miaK19qbp2keGB/LIghIxSNrdwkFcyxlo/e/zEGd1xqXrpwdq1CswI/+7qxwOLw\n5Va593atkbWM2Cbb5vbpI/lohBCnpmL+VFr/cq1zN+mqSwAmiPx4CHpgZJO0DgeO\nQPBt3f1TQDG8sy9bGFe3PK7AlSiS+D/Gi7DgPW0CgYAp610zThmJsuAd1bfLgAwT\nxvxjAm15vNupHoWvt5tLXvNyktvOJ7A51Fxa2XPGZUTDIspVC1gUa2YpOTrTWdud\nwwRxazybDkoXCe9NV/ZnSQgBJiw2X/4u0kPisq1suow1cc8GTWWtmki+AmFKXZF7\ndOge3JBC3bSwQVeKnzys4QKBgF2TFPnr72B4f5ag/NeQW7qH/B7tIA2kJzftNSY1\nXlJ8gNi0TG/7y7CV/YK6mW6PhT4hiMCGmSDxVN7OZZxLQbtE7jW9ozYjJtgdFo6p\nlh2GdXnFhsVBj1i9zcl5UEaFDLJutu9rpypZlqC1zSM2Z/0Y7a2LbRXWoVurvpM4\n5aQRAoGBANXaKOaLBX8wRdYBDKY3JgvHIOWOESVdOEXbG22YLemNNCfmuelD78vD\nmX1W+4x2L4MwkvZFdFzV2HxdokJJXreqsw3qphZZGaNAnj6EEfsokz2ERdYY8Rgp\naa0XMibjT76Pl6Hqc0xpAlmU7bpr/xP0O2oMXyc7QYUmytHg1pWl\n-----END RSA PRIVATE KEY-----\n",
            "public_key_fingerprint_md5": "59:17:82:d3:08:dc:50:ae:8f:76:e9:31:07:09:f6:c4",
            "public_key_openssh": "ssh-rsa AAAAB3NzaC1yc2EAAAADAQABAAABAQDAb6rQymKhr/DSJwRbsyd+VK834yyJy1EKRlOHRAdEASR51O/pT0CzOkAHA28uo0Q4FH3eDTknGEwPCX3JF4jzMu4k3L1qvDl0WIFoIXPjU67+XUm3mVm/TAmynuFqR/vkaZhs85Tsq2o98hiKJWK1yD9mIh5/e0vLdxdn8ARfO09Iy9QWK2ivLLGE+19uS3lgZRdsxyK0jOtRJJZmaebXNdZILJNr9eVRUB081uSvwKoE5EHnfxr6Loa/EONAKQXuf4DHiNyM7mFyrJ8dtb9KjWWGpbCNW7TdziyveUUhIuoSX5mL7OPRP0WbZj0UMLHRLrZQ8Bar22kRIoB/fyiL\n",
            "public_key_pem": "-----BEGIN PUBLIC KEY-----\nMIIBIjANBgkqhkiG9w0BAQEFAAOCAQ8AMIIBCgKCAQEAwG+q0Mpioa/w0icEW7Mn\nflSvN+MsictRCkZTh0QHRAEkedTv6U9AszpABwNvLqNEOBR93g05JxhMDwl9yReI\n8zLuJNy9arw5dFiBaCFz41Ou/l1Jt5lZv0wJsp7hakf75GmYbPOU7KtqPfIYiiVi\ntcg/ZiIef3tLy3cXZ/AEXztPSMvUFitoryyxhPtfbkt5YGUXbMcitIzrUSSWZmnm\n1zXWSCyTa/XlUVAdPNbkr8CqBORB538a+i6GvxDjQCkF7n+Ax4jcjO5hcqyfHbW/\nSo1lhqWwjVu03c4sr3lFISLqEl+Zi+zj0T9Fm2Y9FDCx0S62UPAWq9tpESKAf38o\niwIDAQAB\n-----END PUBLIC KEY-----\n",
            "rsa_bits": 2048
          },
          "private": "bnVsbA=="
        }
      ]
    }
  ]
}
