{
  "version": 4,
  "terraform_version": "0.12.24",
  "serial": 310,
  "lineage": "8161d2cf-fe82-370f-81a7-3751e4771ac3",
  "outputs": {
    "lb_dns": {
      "value": "web-lb-906890698.us-west-2.elb.amazonaws.com",
      "type": "string"
    }
  },
  "resources": [
    {
      "mode": "data",
      "type": "aws_ami",
      "name": "app",
      "provider": "provider.aws",
      "instances": [
        {
          "schema_version": 0,
          "attributes": {
            "architecture": "x86_64",
            "arn": "arn:aws:ec2:us-west-2::image/ami-0865b14ad73062365",
            "block_device_mappings": [
              {
                "device_name": "/dev/sda1",
                "ebs": {
                  "delete_on_termination": "true",
                  "encrypted": "false",
                  "iops": "0",
                  "snapshot_id": "snap-0f75330e8e0b103c7",
                  "volume_size": "20",
                  "volume_type": "gp2"
                },
                "no_device": "",
                "virtual_name": ""
              },
              {
                "device_name": "/dev/sdb",
                "ebs": {},
                "no_device": "",
                "virtual_name": "ephemeral0"
              },
              {
                "device_name": "/dev/sdc",
                "ebs": {},
                "no_device": "",
                "virtual_name": "ephemeral1"
              }
            ],
            "creation_date": "2020-12-31T07:29:58.000Z",
            "description": "packer-demo-app_us-west-2_1609399639 AMI",
            "executable_users": null,
            "filter": [
              {
                "name": "description",
                "values": [
                  "packer-demo-app*"
                ]
              }
            ],
            "hypervisor": "xen",
            "id": "ami-0865b14ad73062365",
            "image_id": "ami-0865b14ad73062365",
            "image_location": "633834615594/packer-demo-app_1609399639",
            "image_owner_alias": null,
            "image_type": "machine",
            "kernel_id": null,
            "most_recent": true,
            "name": "packer-demo-app_1609399639",
            "name_regex": null,
            "owner_id": "633834615594",
            "owners": [
              "self"
            ],
            "platform": null,
            "product_codes": [],
            "public": false,
            "ramdisk_id": null,
            "root_device_name": "/dev/sda1",
            "root_device_type": "ebs",
            "root_snapshot_id": "snap-0f75330e8e0b103c7",
            "sriov_net_support": "simple",
            "state": "available",
            "state_reason": {
              "code": "UNSET",
              "message": "UNSET"
            },
            "tags": {
              "Owner": "hoa.nh",
              "PrincipalId": "AIDAIRF62RTJXCL5MBT3C"
            },
            "virtualization_type": "hvm"
          }
        }
      ]
    },
    {
      "mode": "data",
      "type": "aws_ami",
      "name": "bastion",
      "provider": "provider.aws",
      "instances": [
        {
          "schema_version": 0,
          "attributes": {
            "architecture": "x86_64",
            "arn": "arn:aws:ec2:us-west-2::image/ami-0cc158853935719b7",
            "block_device_mappings": [
              {
                "device_name": "/dev/sda1",
                "ebs": {
                  "delete_on_termination": "true",
                  "encrypted": "false",
                  "iops": "0",
                  "snapshot_id": "snap-0578125002fc46a4a",
                  "volume_size": "8",
                  "volume_type": "gp2"
                },
                "no_device": "",
                "virtual_name": ""
              },
              {
                "device_name": "/dev/sdb",
                "ebs": {},
                "no_device": "",
                "virtual_name": "ephemeral0"
              },
              {
                "device_name": "/dev/sdc",
                "ebs": {},
                "no_device": "",
                "virtual_name": "ephemeral1"
              }
            ],
            "creation_date": "2020-12-11T12:23:28.000Z",
            "description": "Canonical, Ubuntu, 18.04 LTS, amd64 bionic image build on 2020-12-11",
            "executable_users": null,
            "filter": [
              {
                "name": "architecture",
                "values": [
                  "x86_64"
                ]
              },
              {
                "name": "description",
                "values": [
                  "Canonical, Ubuntu, 18.04 LTS*"
                ]
              },
              {
                "name": "root-device-type",
                "values": [
                  "ebs"
                ]
              }
            ],
            "hypervisor": "xen",
            "id": "ami-0cc158853935719b7",
            "image_id": "ami-0cc158853935719b7",
            "image_location": "099720109477/ubuntu/images/hvm-ssd/ubuntu-bionic-18.04-amd64-server-20201211.1",
            "image_owner_alias": null,
            "image_type": "machine",
            "kernel_id": null,
            "most_recent": true,
            "name": "ubuntu/images/hvm-ssd/ubuntu-bionic-18.04-amd64-server-20201211.1",
            "name_regex": null,
            "owner_id": "099720109477",
            "owners": [
              "099720109477"
            ],
            "platform": null,
            "product_codes": [],
            "public": true,
            "ramdisk_id": null,
            "root_device_name": "/dev/sda1",
            "root_device_type": "ebs",
            "root_snapshot_id": "snap-0578125002fc46a4a",
            "sriov_net_support": "simple",
            "state": "available",
            "state_reason": {
              "code": "UNSET",
              "message": "UNSET"
            },
            "tags": {},
            "virtualization_type": "hvm"
          }
        }
      ]
    },
    {
      "mode": "data",
      "type": "aws_ami",
      "name": "web",
      "provider": "provider.aws",
      "instances": [
        {
          "schema_version": 0,
          "attributes": {
            "architecture": "x86_64",
            "arn": "arn:aws:ec2:us-west-2::image/ami-064e3a8a9cb579782",
            "block_device_mappings": [
              {
                "device_name": "/dev/sda1",
                "ebs": {
                  "delete_on_termination": "true",
                  "encrypted": "false",
                  "iops": "0",
                  "snapshot_id": "snap-0a99ac4ba8248713a",
                  "volume_size": "20",
                  "volume_type": "gp2"
                },
                "no_device": "",
                "virtual_name": ""
              },
              {
                "device_name": "/dev/sdb",
                "ebs": {},
                "no_device": "",
                "virtual_name": "ephemeral0"
              },
              {
                "device_name": "/dev/sdc",
                "ebs": {},
                "no_device": "",
                "virtual_name": "ephemeral1"
              }
            ],
            "creation_date": "2020-12-31T07:25:30.000Z",
            "description": "packer-demo-web_us-west-2_1609399422 AMI",
            "executable_users": null,
            "filter": [
              {
                "name": "description",
                "values": [
                  "packer-demo-web*"
                ]
              }
            ],
            "hypervisor": "xen",
            "id": "ami-064e3a8a9cb579782",
            "image_id": "ami-064e3a8a9cb579782",
            "image_location": "633834615594/packer-demo-web_1609399422",
            "image_owner_alias": null,
            "image_type": "machine",
            "kernel_id": null,
            "most_recent": true,
            "name": "packer-demo-web_1609399422",
            "name_regex": null,
            "owner_id": "633834615594",
            "owners": [
              "self"
            ],
            "platform": null,
            "product_codes": [],
            "public": false,
            "ramdisk_id": null,
            "root_device_name": "/dev/sda1",
            "root_device_type": "ebs",
            "root_snapshot_id": "snap-0a99ac4ba8248713a",
            "sriov_net_support": "simple",
            "state": "available",
            "state_reason": {
              "code": "UNSET",
              "message": "UNSET"
            },
            "tags": {
              "Owner": "hoa.nh",
              "PrincipalId": "AIDAIRF62RTJXCL5MBT3C"
            },
            "virtualization_type": "hvm"
          }
        }
      ]
    },
    {
      "mode": "data",
      "type": "aws_availability_zones",
      "name": "available",
      "provider": "provider.aws",
      "instances": [
        {
          "schema_version": 0,
          "attributes": {
            "all_availability_zones": null,
            "blacklisted_names": null,
            "blacklisted_zone_ids": null,
            "exclude_names": null,
            "exclude_zone_ids": null,
            "filter": null,
            "group_names": [
              "us-west-2"
            ],
            "id": "2020-12-31 10:12:36.081567829 +0000 UTC",
            "names": [
              "us-west-2a",
              "us-west-2b",
              "us-west-2c",
              "us-west-2d"
            ],
            "state": "available",
            "zone_ids": [
              "usw2-az1",
              "usw2-az2",
              "usw2-az3",
              "usw2-az4"
            ]
          }
        }
      ]
    },
    {
      "mode": "managed",
      "type": "aws_eip",
      "name": "bastion",
      "provider": "provider.aws",
      "instances": [
        {
          "schema_version": 0,
          "attributes": {
            "allocation_id": null,
            "associate_with_private_ip": null,
            "association_id": "",
            "customer_owned_ip": "",
            "customer_owned_ipv4_pool": "",
            "domain": "vpc",
            "id": "eipalloc-0b33a24893faa56d1",
            "instance": "",
            "network_interface": "",
            "private_dns": null,
            "private_ip": "",
            "public_dns": "ec2-44-239-50-19.us-west-2.compute.amazonaws.com",
            "public_ip": "44.239.50.19",
            "public_ipv4_pool": "amazon",
            "tags": null,
            "timeouts": null,
            "vpc": true
          },
          "private": "eyJlMmJmYjczMC1lY2FhLTExZTYtOGY4OC0zNDM2M2JjN2M0YzAiOnsiZGVsZXRlIjoxODAwMDAwMDAwMDAsInJlYWQiOjkwMDAwMDAwMDAwMCwidXBkYXRlIjozMDAwMDAwMDAwMDB9fQ=="
        }
      ]
    },
    {
      "mode": "managed",
      "type": "aws_eip",
      "name": "nat-gw",
      "provider": "provider.aws",
      "instances": [
        {
          "schema_version": 0,
          "attributes": {
            "allocation_id": null,
            "associate_with_private_ip": null,
            "association_id": "",
            "customer_owned_ip": "",
            "customer_owned_ipv4_pool": "",
            "domain": "vpc",
            "id": "eipalloc-0f974fe7f5d2f6884",
            "instance": "",
            "network_interface": "",
            "private_dns": null,
            "private_ip": "",
            "public_dns": "ec2-35-163-134-1.us-west-2.compute.amazonaws.com",
            "public_ip": "35.163.134.1",
            "public_ipv4_pool": "amazon",
            "tags": null,
            "timeouts": null,
            "vpc": true
          },
          "private": "eyJlMmJmYjczMC1lY2FhLTExZTYtOGY4OC0zNDM2M2JjN2M0YzAiOnsiZGVsZXRlIjoxODAwMDAwMDAwMDAsInJlYWQiOjkwMDAwMDAwMDAwMCwidXBkYXRlIjozMDAwMDAwMDAwMDB9fQ=="
        }
      ]
    },
    {
      "mode": "managed",
      "type": "aws_eip_association",
      "name": "bastion",
      "provider": "provider.aws",
      "instances": [
        {
          "schema_version": 0,
          "attributes": {
            "allocation_id": "eipalloc-0b33a24893faa56d1",
            "allow_reassociation": null,
            "id": "eipassoc-0fdabbff4a4586a26",
            "instance_id": "i-05bc889d55471d87f",
            "network_interface_id": "eni-08524701ff56a811d",
            "private_ip_address": "10.1.0.182",
            "public_ip": "44.239.50.19"
          },
          "private": "bnVsbA==",
          "dependencies": [
            "aws_eip.bastion",
            "aws_instance.bastion",
            "aws_key_pair.bastion",
            "aws_security_group.bastion",
            "aws_subnet.public",
            "aws_vpc.demo-vpc",
            "tls_private_key.bastion"
          ]
        }
      ]
    },
    {
      "mode": "managed",
      "type": "aws_instance",
      "name": "app",
      "each": "list",
      "provider": "provider.aws",
      "instances": [
        {
          "index_key": 0,
          "schema_version": 1,
          "attributes": {
            "ami": "ami-0865b14ad73062365",
            "arn": "arn:aws:ec2:us-west-2:633834615594:instance/i-0fcfa6a393a00af3d",
            "associate_public_ip_address": true,
            "availability_zone": "us-west-2a",
            "cpu_core_count": 1,
            "cpu_threads_per_core": 2,
            "credit_specification": [
              {
                "cpu_credits": "unlimited"
              }
            ],
            "disable_api_termination": false,
            "ebs_block_device": [],
            "ebs_optimized": false,
            "ephemeral_block_device": [],
            "get_password_data": false,
            "hibernation": false,
            "host_id": null,
            "iam_instance_profile": "",
            "id": "i-0fcfa6a393a00af3d",
            "instance_initiated_shutdown_behavior": null,
            "instance_state": "running",
            "instance_type": "t3.micro",
            "ipv6_address_count": 0,
            "ipv6_addresses": [],
            "key_name": "app_key",
            "metadata_options": [
              {
                "http_endpoint": "enabled",
                "http_put_response_hop_limit": 1,
                "http_tokens": "optional"
              }
            ],
            "monitoring": false,
            "network_interface": [],
            "network_interface_id": null,
            "outpost_arn": "",
            "password_data": "",
            "placement_group": "",
            "primary_network_interface_id": "eni-00735a5ceaddcd2af",
            "private_dns": "ip-10-1-10-34.us-west-2.compute.internal",
            "private_ip": "10.1.10.34",
            "public_dns": "ec2-34-214-236-242.us-west-2.compute.amazonaws.com",
            "public_ip": "34.214.236.242",
            "root_block_device": [
              {
                "delete_on_termination": true,
                "device_name": "/dev/sda1",
                "encrypted": false,
                "iops": 100,
                "kms_key_id": "",
                "volume_id": "vol-01d0519422da8e237",
                "volume_size": 20,
                "volume_type": "gp2"
              }
            ],
            "security_groups": [],
            "source_dest_check": true,
            "subnet_id": "subnet-013125cd0cde2ab17",
            "tags": {
              "Name": "app-01"
            },
            "tenancy": "default",
            "timeouts": null,
            "user_data": null,
            "user_data_base64": null,
            "volume_tags": {},
            "vpc_security_group_ids": [
              "sg-0bf708189258b293c",
              "sg-0f48a1716da46e6fd"
            ]
          },
          "private": "eyJlMmJmYjczMC1lY2FhLTExZTYtOGY4OC0zNDM2M2JjN2M0YzAiOnsiY3JlYXRlIjo2MDAwMDAwMDAwMDAsImRlbGV0ZSI6MTIwMDAwMDAwMDAwMCwidXBkYXRlIjo2MDAwMDAwMDAwMDB9LCJzY2hlbWFfdmVyc2lvbiI6IjEifQ==",
          "dependencies": [
            "aws_key_pair.app",
            "aws_security_group.admin",
            "aws_security_group.app",
            "aws_subnet.private",
            "aws_vpc.demo-vpc",
            "tls_private_key.app"
          ]
        },
        {
          "index_key": 1,
          "schema_version": 1,
          "attributes": {
            "ami": "ami-0865b14ad73062365",
            "arn": "arn:aws:ec2:us-west-2:633834615594:instance/i-0408a634ad76a4c8d",
            "associate_public_ip_address": true,
            "availability_zone": "us-west-2b",
            "cpu_core_count": 1,
            "cpu_threads_per_core": 2,
            "credit_specification": [
              {
                "cpu_credits": "unlimited"
              }
            ],
            "disable_api_termination": false,
            "ebs_block_device": [],
            "ebs_optimized": false,
            "ephemeral_block_device": [],
            "get_password_data": false,
            "hibernation": false,
            "host_id": null,
            "iam_instance_profile": "",
            "id": "i-0408a634ad76a4c8d",
            "instance_initiated_shutdown_behavior": null,
            "instance_state": "running",
            "instance_type": "t3.micro",
            "ipv6_address_count": 0,
            "ipv6_addresses": [],
            "key_name": "app_key",
            "metadata_options": [
              {
                "http_endpoint": "enabled",
                "http_put_response_hop_limit": 1,
                "http_tokens": "optional"
              }
            ],
            "monitoring": false,
            "network_interface": [],
            "network_interface_id": null,
            "outpost_arn": "",
            "password_data": "",
            "placement_group": "",
            "primary_network_interface_id": "eni-033370a95d58f18e6",
            "private_dns": "ip-10-1-11-21.us-west-2.compute.internal",
            "private_ip": "10.1.11.21",
            "public_dns": "ec2-52-36-41-172.us-west-2.compute.amazonaws.com",
            "public_ip": "52.36.41.172",
            "root_block_device": [
              {
                "delete_on_termination": true,
                "device_name": "/dev/sda1",
                "encrypted": false,
                "iops": 100,
                "kms_key_id": "",
                "volume_id": "vol-0f6c774a48fdf7196",
                "volume_size": 20,
                "volume_type": "gp2"
              }
            ],
            "security_groups": [],
            "source_dest_check": true,
            "subnet_id": "subnet-05ce23cc33b8fe69a",
            "tags": {
              "Name": "app-02"
            },
            "tenancy": "default",
            "timeouts": null,
            "user_data": null,
            "user_data_base64": null,
            "volume_tags": {},
            "vpc_security_group_ids": [
              "sg-0bf708189258b293c",
              "sg-0f48a1716da46e6fd"
            ]
          },
          "private": "eyJlMmJmYjczMC1lY2FhLTExZTYtOGY4OC0zNDM2M2JjN2M0YzAiOnsiY3JlYXRlIjo2MDAwMDAwMDAwMDAsImRlbGV0ZSI6MTIwMDAwMDAwMDAwMCwidXBkYXRlIjo2MDAwMDAwMDAwMDB9LCJzY2hlbWFfdmVyc2lvbiI6IjEifQ==",
          "dependencies": [
            "aws_key_pair.app",
            "aws_security_group.admin",
            "aws_security_group.app",
            "aws_subnet.private",
            "aws_vpc.demo-vpc",
            "tls_private_key.app"
          ]
        }
      ]
    },
    {
      "mode": "managed",
      "type": "aws_instance",
      "name": "bastion",
      "provider": "provider.aws",
      "instances": [
        {
          "schema_version": 1,
          "attributes": {
            "ami": "ami-0cc158853935719b7",
            "arn": "arn:aws:ec2:us-west-2:633834615594:instance/i-05bc889d55471d87f",
            "associate_public_ip_address": true,
            "availability_zone": "us-west-2a",
            "cpu_core_count": 1,
            "cpu_threads_per_core": 2,
            "credit_specification": [
              {
                "cpu_credits": "unlimited"
              }
            ],
            "disable_api_termination": false,
            "ebs_block_device": [],
            "ebs_optimized": false,
            "ephemeral_block_device": [],
            "get_password_data": false,
            "hibernation": false,
            "host_id": null,
            "iam_instance_profile": "",
            "id": "i-05bc889d55471d87f",
            "instance_initiated_shutdown_behavior": null,
            "instance_state": "running",
            "instance_type": "t3.micro",
            "ipv6_address_count": 0,
            "ipv6_addresses": [],
            "key_name": "bastion_key",
            "metadata_options": [
              {
                "http_endpoint": "enabled",
                "http_put_response_hop_limit": 1,
                "http_tokens": "optional"
              }
            ],
            "monitoring": false,
            "network_interface": [],
            "network_interface_id": null,
            "outpost_arn": "",
            "password_data": "",
            "placement_group": "",
            "primary_network_interface_id": "eni-08524701ff56a811d",
            "private_dns": "ip-10-1-0-182.us-west-2.compute.internal",
            "private_ip": "10.1.0.182",
            "public_dns": "ec2-54-213-250-177.us-west-2.compute.amazonaws.com",
            "public_ip": "54.213.250.177",
            "root_block_device": [
              {
                "delete_on_termination": true,
                "device_name": "/dev/sda1",
                "encrypted": false,
                "iops": 100,
                "kms_key_id": "",
                "volume_id": "vol-015385411c9ea45df",
                "volume_size": 10,
                "volume_type": "gp2"
              }
            ],
            "security_groups": [],
            "source_dest_check": true,
            "subnet_id": "subnet-0bd41312b208069b0",
            "tags": {
              "Name": "bastion-01"
            },
            "tenancy": "default",
            "timeouts": null,
            "user_data": null,
            "user_data_base64": null,
            "volume_tags": {},
            "vpc_security_group_ids": [
              "sg-0bf6c6aad0ffe4ca1"
            ]
          },
          "private": "eyJlMmJmYjczMC1lY2FhLTExZTYtOGY4OC0zNDM2M2JjN2M0YzAiOnsiY3JlYXRlIjo2MDAwMDAwMDAwMDAsImRlbGV0ZSI6MTIwMDAwMDAwMDAwMCwidXBkYXRlIjo2MDAwMDAwMDAwMDB9LCJzY2hlbWFfdmVyc2lvbiI6IjEifQ==",
          "dependencies": [
            "aws_key_pair.bastion",
            "aws_security_group.bastion",
            "aws_subnet.public",
            "aws_vpc.demo-vpc",
            "tls_private_key.bastion"
          ]
        }
      ]
    },
    {
      "mode": "managed",
      "type": "aws_instance",
      "name": "web",
      "each": "list",
      "provider": "provider.aws",
      "instances": [
        {
          "index_key": 0,
          "schema_version": 1,
          "attributes": {
            "ami": "ami-064e3a8a9cb579782",
            "arn": "arn:aws:ec2:us-west-2:633834615594:instance/i-0e228aee25daf5081",
            "associate_public_ip_address": true,
            "availability_zone": "us-west-2a",
            "cpu_core_count": 1,
            "cpu_threads_per_core": 2,
            "credit_specification": [
              {
                "cpu_credits": "unlimited"
              }
            ],
            "disable_api_termination": false,
            "ebs_block_device": [],
            "ebs_optimized": false,
            "ephemeral_block_device": [],
            "get_password_data": false,
            "hibernation": false,
            "host_id": null,
            "iam_instance_profile": "",
            "id": "i-0e228aee25daf5081",
            "instance_initiated_shutdown_behavior": null,
            "instance_state": "running",
            "instance_type": "t3.micro",
            "ipv6_address_count": 0,
            "ipv6_addresses": [],
            "key_name": "web_key",
            "metadata_options": [
              {
                "http_endpoint": "enabled",
                "http_put_response_hop_limit": 1,
                "http_tokens": "optional"
              }
            ],
            "monitoring": false,
            "network_interface": [],
            "network_interface_id": null,
            "outpost_arn": "",
            "password_data": "",
            "placement_group": "",
            "primary_network_interface_id": "eni-03dcb5f5dc8a05e15",
            "private_dns": "ip-10-1-10-185.us-west-2.compute.internal",
            "private_ip": "10.1.10.185",
            "public_dns": "ec2-54-189-149-142.us-west-2.compute.amazonaws.com",
            "public_ip": "54.189.149.142",
            "root_block_device": [
              {
                "delete_on_termination": true,
                "device_name": "/dev/sda1",
                "encrypted": false,
                "iops": 100,
                "kms_key_id": "",
                "volume_id": "vol-0e7ad93be246a2652",
                "volume_size": 20,
                "volume_type": "gp2"
              }
            ],
            "security_groups": [],
            "source_dest_check": true,
            "subnet_id": "subnet-013125cd0cde2ab17",
            "tags": {
              "Name": "web-01"
            },
            "tenancy": "default",
            "timeouts": null,
            "user_data": null,
            "user_data_base64": null,
            "volume_tags": {},
            "vpc_security_group_ids": [
              "sg-0bee2a644a00bfe95",
              "sg-0f48a1716da46e6fd"
            ]
          },
          "private": "eyJlMmJmYjczMC1lY2FhLTExZTYtOGY4OC0zNDM2M2JjN2M0YzAiOnsiY3JlYXRlIjo2MDAwMDAwMDAwMDAsImRlbGV0ZSI6MTIwMDAwMDAwMDAwMCwidXBkYXRlIjo2MDAwMDAwMDAwMDB9LCJzY2hlbWFfdmVyc2lvbiI6IjEifQ==",
          "dependencies": [
            "aws_key_pair.web",
            "aws_security_group.admin",
            "aws_security_group.web",
            "aws_subnet.private",
            "aws_vpc.demo-vpc",
            "tls_private_key.web"
          ]
        },
        {
          "index_key": 1,
          "schema_version": 1,
          "attributes": {
            "ami": "ami-064e3a8a9cb579782",
            "arn": "arn:aws:ec2:us-west-2:633834615594:instance/i-0c00381e984182cf0",
            "associate_public_ip_address": true,
            "availability_zone": "us-west-2b",
            "cpu_core_count": 1,
            "cpu_threads_per_core": 2,
            "credit_specification": [
              {
                "cpu_credits": "unlimited"
              }
            ],
            "disable_api_termination": false,
            "ebs_block_device": [],
            "ebs_optimized": false,
            "ephemeral_block_device": [],
            "get_password_data": false,
            "hibernation": false,
            "host_id": null,
            "iam_instance_profile": "",
            "id": "i-0c00381e984182cf0",
            "instance_initiated_shutdown_behavior": null,
            "instance_state": "running",
            "instance_type": "t3.micro",
            "ipv6_address_count": 0,
            "ipv6_addresses": [],
            "key_name": "web_key",
            "metadata_options": [
              {
                "http_endpoint": "enabled",
                "http_put_response_hop_limit": 1,
                "http_tokens": "optional"
              }
            ],
            "monitoring": false,
            "network_interface": [],
            "network_interface_id": null,
            "outpost_arn": "",
            "password_data": "",
            "placement_group": "",
            "primary_network_interface_id": "eni-07b62f6813cd0143a",
            "private_dns": "ip-10-1-11-166.us-west-2.compute.internal",
            "private_ip": "10.1.11.166",
            "public_dns": "ec2-35-164-191-180.us-west-2.compute.amazonaws.com",
            "public_ip": "35.164.191.180",
            "root_block_device": [
              {
                "delete_on_termination": true,
                "device_name": "/dev/sda1",
                "encrypted": false,
                "iops": 100,
                "kms_key_id": "",
                "volume_id": "vol-017fbb042f2ac78ed",
                "volume_size": 20,
                "volume_type": "gp2"
              }
            ],
            "security_groups": [],
            "source_dest_check": true,
            "subnet_id": "subnet-05ce23cc33b8fe69a",
            "tags": {
              "Name": "web-02"
            },
            "tenancy": "default",
            "timeouts": null,
            "user_data": null,
            "user_data_base64": null,
            "volume_tags": {},
            "vpc_security_group_ids": [
              "sg-0bee2a644a00bfe95",
              "sg-0f48a1716da46e6fd"
            ]
          },
          "private": "eyJlMmJmYjczMC1lY2FhLTExZTYtOGY4OC0zNDM2M2JjN2M0YzAiOnsiY3JlYXRlIjo2MDAwMDAwMDAwMDAsImRlbGV0ZSI6MTIwMDAwMDAwMDAwMCwidXBkYXRlIjo2MDAwMDAwMDAwMDB9LCJzY2hlbWFfdmVyc2lvbiI6IjEifQ==",
          "dependencies": [
            "aws_key_pair.web",
            "aws_security_group.admin",
            "aws_security_group.web",
            "aws_subnet.private",
            "aws_vpc.demo-vpc",
            "tls_private_key.web"
          ]
        }
      ]
    },
    {
      "mode": "managed",
      "type": "aws_internet_gateway",
      "name": "demo-vpc",
      "provider": "provider.aws",
      "instances": [
        {
          "schema_version": 0,
          "attributes": {
            "arn": "arn:aws:ec2:us-west-2:633834615594:internet-gateway/igw-022fde96eb3a16161",
            "id": "igw-022fde96eb3a16161",
            "owner_id": "633834615594",
            "tags": {
              "CommonTags": "packer-demo-demo-20201231-101240",
              "Name": "igw-demo-vpc"
            },
            "vpc_id": "vpc-01a5dba0f9251e557"
          },
          "private": "bnVsbA==",
          "dependencies": [
            "aws_vpc.demo-vpc"
          ]
        }
      ]
    },
    {
      "mode": "managed",
      "type": "aws_key_pair",
      "name": "app",
      "provider": "provider.aws",
      "instances": [
        {
          "schema_version": 1,
          "attributes": {
            "arn": "arn:aws:ec2:us-west-2:633834615594:key-pair/app_key",
            "fingerprint": "3d:e2:5d:35:a5:02:ee:cc:82:16:79:f6:85:30:95:9b",
            "id": "app_key",
            "key_name": "app_key",
            "key_name_prefix": null,
            "key_pair_id": "key-0bf9aaa651a5dbb05",
            "public_key": "ssh-rsa AAAAB3NzaC1yc2EAAAADAQABAAABAQDG4Oy/cBTtre+z3V9F5KWffDOCrkYwfTkOPnhS6WCMePaV1Zr/OwHYkLkUHU3jCoVw8bfOuIOXP2HgiOSkWjD7UNDAbYI9JGv79MtUZYqpvEh7aNKwRA549nxpITuMdg+MNFXiYMocIG8+FsJwrp4KgHi9KuWliZHu0YJpJV4GMC+wo6MDrdC0tgay3PJs21qjQzk2LNXpiBEj49VOD/ruZA72D4dCn5sM5hruGXfNU7y3BmFjM7rkqTsBRQRifpFCgxvHmNhFAv38Q0RQ1D4u5KAsOhy4YqHY4Z1Jhsufk6zCiLXVtcBfU6FFG2ezgFAga+yiwPfmXwEkoNRhHacx",
            "tags": null
          },
          "private": "eyJzY2hlbWFfdmVyc2lvbiI6IjEifQ==",
          "dependencies": [
            "tls_private_key.app"
          ]
        }
      ]
    },
    {
      "mode": "managed",
      "type": "aws_key_pair",
      "name": "bastion",
      "provider": "provider.aws",
      "instances": [
        {
          "schema_version": 1,
          "attributes": {
            "arn": "arn:aws:ec2:us-west-2:633834615594:key-pair/bastion_key",
            "fingerprint": "dc:55:c3:fb:b5:da:16:b3:2e:78:89:22:24:37:cb:c7",
            "id": "bastion_key",
            "key_name": "bastion_key",
            "key_name_prefix": null,
            "key_pair_id": "key-0a0abfd8e7f9564ee",
            "public_key": "ssh-rsa AAAAB3NzaC1yc2EAAAADAQABAAABAQDPDyD6JHEqdC2FWcOomDa8vIzzAijKADUJCPbmFpGqcliQATPHewy27BGUhRFVP7MUKGwDg5IAzlj/BKGK03UOcFXxmmpjG1k43za3g0ekxMv2sSKQT/sGIDA+rymizuv1C0jYke+7Ma7ytu2IL4s2ojuzRiJqDKs3Q3ABFG8iYUq+jdhOEbpUSVg4kSFBtsJkAaYnvnYc6JNiSbIZ6pNVBdbMvWEwh9NWI4lZWDov8zF94DDrTO7Gerg1NCo8ktQYHgcuO09a1C5PhzkhJIQHOUckqa3ICdCdnoIvBSf1N63MJsJIj0ziaBx9UDIuGSXvssjfOTFShHRzIKPPPEWD",
            "tags": null
          },
          "private": "eyJzY2hlbWFfdmVyc2lvbiI6IjEifQ==",
          "dependencies": [
            "tls_private_key.bastion"
          ]
        }
      ]
    },
    {
      "mode": "managed",
      "type": "aws_key_pair",
      "name": "web",
      "provider": "provider.aws",
      "instances": [
        {
          "schema_version": 1,
          "attributes": {
            "arn": "arn:aws:ec2:us-west-2:633834615594:key-pair/web_key",
            "fingerprint": "87:94:e5:a7:54:70:76:4b:04:65:aa:d5:1d:36:b2:fc",
            "id": "web_key",
            "key_name": "web_key",
            "key_name_prefix": null,
            "key_pair_id": "key-0cdadb335f7d8dd45",
            "public_key": "ssh-rsa AAAAB3NzaC1yc2EAAAADAQABAAABAQCdcxMH9N/zbo85bxHQIRnvrdQsFUHRrMUfLri33iOP/f9FExei6RBMmP3urh5Lemz9i6+z8MN+4n2K5qsu6gPLizaCsxogdC5TSgPSfs60ZRKmLJsxmScU3O4OoqIljGODOpLOlC8u4tCtuuD0ceCwnftlVNypx2mexPWGyxSg7zyNu7c7OWPe4WiTZqmN2hlv4cbPqaxzTvbqT5h8HSnb7hJ1jCiCz2RSDe+ZcFeFw4OdiKGYRyRmegncN39j8GtgX2MtPrGoD2gOWwxUh2Mrl7AaUYt3pVxtx3ZaU0Ghq2DH9sW4nlBs1+2uxqX8zbBbzxE2rMvJXk7rHOjFpXyH",
            "tags": null
          },
          "private": "eyJzY2hlbWFfdmVyc2lvbiI6IjEifQ==",
          "dependencies": [
            "tls_private_key.web"
          ]
        }
      ]
    },
    {
      "mode": "managed",
      "type": "aws_lb",
      "name": "web-lb",
      "provider": "provider.aws",
      "instances": [
        {
          "schema_version": 0,
          "attributes": {
            "access_logs": [
              {
                "bucket": "",
                "enabled": false,
                "prefix": ""
              }
            ],
            "arn": "arn:aws:elasticloadbalancing:us-west-2:633834615594:loadbalancer/app/web-lb/89a8b8ba5aa65a47",
            "arn_suffix": "app/web-lb/89a8b8ba5aa65a47",
            "dns_name": "web-lb-906890698.us-west-2.elb.amazonaws.com",
            "drop_invalid_header_fields": false,
            "enable_cross_zone_load_balancing": null,
            "enable_deletion_protection": false,
            "enable_http2": true,
            "id": "arn:aws:elasticloadbalancing:us-west-2:633834615594:loadbalancer/app/web-lb/89a8b8ba5aa65a47",
            "idle_timeout": 60,
            "internal": false,
            "ip_address_type": "ipv4",
            "load_balancer_type": "application",
            "name": "web-lb",
            "name_prefix": null,
            "security_groups": [
              "sg-05c82a71958ba95b7"
            ],
            "subnet_mapping": [
              {
                "allocation_id": "",
                "subnet_id": "subnet-0a63a8e704ef76362"
              },
              {
                "allocation_id": "",
                "subnet_id": "subnet-0bd41312b208069b0"
              },
              {
                "allocation_id": "",
                "subnet_id": "subnet-0edb1c97affc130ed"
              }
            ],
            "subnets": [
              "subnet-0a63a8e704ef76362",
              "subnet-0bd41312b208069b0",
              "subnet-0edb1c97affc130ed"
            ],
            "tags": {
              "Name": "web-lb"
            },
            "timeouts": null,
            "vpc_id": "vpc-01a5dba0f9251e557",
            "zone_id": "Z1H1FL5HABSF5"
          },
          "private": "eyJlMmJmYjczMC1lY2FhLTExZTYtOGY4OC0zNDM2M2JjN2M0YzAiOnsiY3JlYXRlIjo2MDAwMDAwMDAwMDAsImRlbGV0ZSI6NjAwMDAwMDAwMDAwLCJ1cGRhdGUiOjYwMDAwMDAwMDAwMH19",
          "dependencies": [
            "aws_security_group.lb-external",
            "aws_subnet.public",
            "aws_vpc.demo-vpc"
          ]
        }
      ]
    },
    {
      "mode": "managed",
      "type": "aws_lb_listener",
      "name": "web-lb",
      "provider": "provider.aws",
      "instances": [
        {
          "schema_version": 0,
          "attributes": {
            "arn": "arn:aws:elasticloadbalancing:us-west-2:633834615594:listener/app/web-lb/89a8b8ba5aa65a47/0ce65b79ff520831",
            "certificate_arn": null,
            "default_action": [
              {
                "authenticate_cognito": [],
                "authenticate_oidc": [],
                "fixed_response": [],
                "forward": [],
                "order": 1,
                "redirect": [],
                "target_group_arn": "arn:aws:elasticloadbalancing:us-west-2:633834615594:targetgroup/web-tg/b92955108e234488",
                "type": "forward"
              }
            ],
            "id": "arn:aws:elasticloadbalancing:us-west-2:633834615594:listener/app/web-lb/89a8b8ba5aa65a47/0ce65b79ff520831",
            "load_balancer_arn": "arn:aws:elasticloadbalancing:us-west-2:633834615594:loadbalancer/app/web-lb/89a8b8ba5aa65a47",
            "port": 80,
            "protocol": "HTTP",
            "ssl_policy": "",
            "timeouts": null
          },
          "private": "eyJlMmJmYjczMC1lY2FhLTExZTYtOGY4OC0zNDM2M2JjN2M0YzAiOnsicmVhZCI6NjAwMDAwMDAwMDAwfX0=",
          "dependencies": [
            "aws_lb.web-lb",
            "aws_lb_target_group.web",
            "aws_security_group.lb-external",
            "aws_subnet.public",
            "aws_vpc.demo-vpc"
          ]
        }
      ]
    },
    {
      "mode": "managed",
      "type": "aws_lb_target_group",
      "name": "web",
      "provider": "provider.aws",
      "instances": [
        {
          "schema_version": 0,
          "attributes": {
            "arn": "arn:aws:elasticloadbalancing:us-west-2:633834615594:targetgroup/web-tg/b92955108e234488",
            "arn_suffix": "targetgroup/web-tg/b92955108e234488",
            "deregistration_delay": 300,
            "health_check": [
              {
                "enabled": true,
                "healthy_threshold": 5,
                "interval": 30,
                "matcher": "200",
                "path": "/",
                "port": "traffic-port",
                "protocol": "HTTP",
                "timeout": 5,
                "unhealthy_threshold": 2
              }
            ],
            "id": "arn:aws:elasticloadbalancing:us-west-2:633834615594:targetgroup/web-tg/b92955108e234488",
            "lambda_multi_value_headers_enabled": false,
            "load_balancing_algorithm_type": "round_robin",
            "name": "web-tg",
            "name_prefix": null,
            "port": 80,
            "protocol": "HTTP",
            "proxy_protocol_v2": false,
            "slow_start": 0,
            "stickiness": [
              {
                "cookie_duration": 86400,
                "enabled": false,
                "type": "lb_cookie"
              }
            ],
            "tags": null,
            "target_type": "instance",
            "vpc_id": "vpc-01a5dba0f9251e557"
          },
          "private": "bnVsbA==",
          "dependencies": [
            "aws_vpc.demo-vpc"
          ]
        }
      ]
    },
    {
      "mode": "managed",
      "type": "aws_lb_target_group_attachment",
      "name": "web",
      "each": "list",
      "provider": "provider.aws",
      "instances": [
        {
          "index_key": 0,
          "schema_version": 0,
          "attributes": {
            "availability_zone": null,
            "id": "arn:aws:elasticloadbalancing:us-west-2:633834615594:targetgroup/web-tg/b92955108e234488-20201231101258670400000002",
            "port": null,
            "target_group_arn": "arn:aws:elasticloadbalancing:us-west-2:633834615594:targetgroup/web-tg/b92955108e234488",
            "target_id": "i-0e228aee25daf5081"
          },
          "private": "bnVsbA==",
          "dependencies": [
            "aws_instance.web",
            "aws_key_pair.web",
            "aws_lb_target_group.web",
            "aws_security_group.admin",
            "aws_security_group.web",
            "aws_subnet.private",
            "aws_vpc.demo-vpc",
            "tls_private_key.web"
          ]
        },
        {
          "index_key": 1,
          "schema_version": 0,
          "attributes": {
            "availability_zone": null,
            "id": "arn:aws:elasticloadbalancing:us-west-2:633834615594:targetgroup/web-tg/b92955108e234488-20201231101258366200000001",
            "port": null,
            "target_group_arn": "arn:aws:elasticloadbalancing:us-west-2:633834615594:targetgroup/web-tg/b92955108e234488",
            "target_id": "i-0c00381e984182cf0"
          },
          "private": "bnVsbA==",
          "dependencies": [
            "aws_instance.web",
            "aws_key_pair.web",
            "aws_lb_target_group.web",
            "aws_security_group.admin",
            "aws_security_group.web",
            "aws_subnet.private",
            "aws_vpc.demo-vpc",
            "tls_private_key.web"
          ]
        }
      ]
    },
    {
      "mode": "managed",
      "type": "aws_nat_gateway",
      "name": "demo-vpc",
      "provider": "provider.aws",
      "instances": [
        {
          "schema_version": 0,
          "attributes": {
            "allocation_id": "eipalloc-0f974fe7f5d2f6884",
            "id": "nat-04f437deb039e21f5",
            "network_interface_id": "eni-097ad037aff8969bc",
            "private_ip": "10.1.0.207",
            "public_ip": "35.163.134.1",
            "subnet_id": "subnet-0bd41312b208069b0",
            "tags": null
          },
          "private": "bnVsbA==",
          "dependencies": [
            "aws_eip.nat-gw",
            "aws_subnet.public",
            "aws_vpc.demo-vpc"
          ]
        }
      ]
    },
    {
      "mode": "managed",
      "type": "aws_route_table",
      "name": "private-rt",
      "provider": "provider.aws",
      "instances": [
        {
          "schema_version": 0,
          "attributes": {
            "id": "rtb-08c80a7b5e18b123b",
            "owner_id": "633834615594",
            "propagating_vgws": [],
            "route": [
              {
                "cidr_block": "0.0.0.0/0",
                "egress_only_gateway_id": "",
                "gateway_id": "",
                "instance_id": "",
                "ipv6_cidr_block": "",
                "nat_gateway_id": "nat-04f437deb039e21f5",
                "network_interface_id": "",
                "transit_gateway_id": "",
                "vpc_peering_connection_id": ""
              }
            ],
            "tags": {
              "CommonTags": "packer-demo-demo-20201231-101240",
              "Name": "private-rt"
            },
            "vpc_id": "vpc-01a5dba0f9251e557"
          },
          "private": "bnVsbA==",
          "dependencies": [
            "aws_eip.nat-gw",
            "aws_nat_gateway.demo-vpc",
            "aws_subnet.public",
            "aws_vpc.demo-vpc"
          ]
        }
      ]
    },
    {
      "mode": "managed",
      "type": "aws_route_table",
      "name": "public-rt",
      "provider": "provider.aws",
      "instances": [
        {
          "schema_version": 0,
          "attributes": {
            "id": "rtb-05baf78a666821b8e",
            "owner_id": "633834615594",
            "propagating_vgws": [],
            "route": [
              {
                "cidr_block": "0.0.0.0/0",
                "egress_only_gateway_id": "",
                "gateway_id": "igw-022fde96eb3a16161",
                "instance_id": "",
                "ipv6_cidr_block": "",
                "nat_gateway_id": "",
                "network_interface_id": "",
                "transit_gateway_id": "",
                "vpc_peering_connection_id": ""
              }
            ],
            "tags": {
              "CommonTags": "packer-demo-demo-20201231-101240",
              "Name": "public-rt"
            },
            "vpc_id": "vpc-01a5dba0f9251e557"
          },
          "private": "bnVsbA==",
          "dependencies": [
            "aws_internet_gateway.demo-vpc",
            "aws_vpc.demo-vpc"
          ]
        }
      ]
    },
    {
      "mode": "managed",
      "type": "aws_route_table_association",
      "name": "private",
      "each": "list",
      "provider": "provider.aws",
      "instances": [
        {
          "index_key": 0,
          "schema_version": 0,
          "attributes": {
            "gateway_id": null,
            "id": "rtbassoc-0e08959fb798a6245",
            "route_table_id": "rtb-08c80a7b5e18b123b",
            "subnet_id": "subnet-013125cd0cde2ab17"
          },
          "private": "bnVsbA==",
          "dependencies": [
            "aws_eip.nat-gw",
            "aws_nat_gateway.demo-vpc",
            "aws_route_table.private-rt",
            "aws_subnet.private",
            "aws_subnet.public",
            "aws_vpc.demo-vpc"
          ]
        },
        {
          "index_key": 1,
          "schema_version": 0,
          "attributes": {
            "gateway_id": null,
            "id": "rtbassoc-074a98fa3aeffc90b",
            "route_table_id": "rtb-08c80a7b5e18b123b",
            "subnet_id": "subnet-05ce23cc33b8fe69a"
          },
          "private": "bnVsbA==",
          "dependencies": [
            "aws_eip.nat-gw",
            "aws_nat_gateway.demo-vpc",
            "aws_route_table.private-rt",
            "aws_subnet.private",
            "aws_subnet.public",
            "aws_vpc.demo-vpc"
          ]
        },
        {
          "index_key": 2,
          "schema_version": 0,
          "attributes": {
            "gateway_id": null,
            "id": "rtbassoc-09b19decc238da2fc",
            "route_table_id": "rtb-08c80a7b5e18b123b",
            "subnet_id": "subnet-0c88997f6290a4e6f"
          },
          "private": "bnVsbA==",
          "dependencies": [
            "aws_eip.nat-gw",
            "aws_nat_gateway.demo-vpc",
            "aws_route_table.private-rt",
            "aws_subnet.private",
            "aws_subnet.public",
            "aws_vpc.demo-vpc"
          ]
        }
      ]
    },
    {
      "mode": "managed",
      "type": "aws_route_table_association",
      "name": "public",
      "each": "list",
      "provider": "provider.aws",
      "instances": [
        {
          "index_key": 0,
          "schema_version": 0,
          "attributes": {
            "gateway_id": null,
            "id": "rtbassoc-050104d57def13778",
            "route_table_id": "rtb-05baf78a666821b8e",
            "subnet_id": "subnet-0bd41312b208069b0"
          },
          "private": "bnVsbA==",
          "dependencies": [
            "aws_internet_gateway.demo-vpc",
            "aws_route_table.public-rt",
            "aws_subnet.public",
            "aws_vpc.demo-vpc"
          ]
        },
        {
          "index_key": 1,
          "schema_version": 0,
          "attributes": {
            "gateway_id": null,
            "id": "rtbassoc-020f457ec73fe12ed",
            "route_table_id": "rtb-05baf78a666821b8e",
            "subnet_id": "subnet-0edb1c97affc130ed"
          },
          "private": "bnVsbA==",
          "dependencies": [
            "aws_internet_gateway.demo-vpc",
            "aws_route_table.public-rt",
            "aws_subnet.public",
            "aws_vpc.demo-vpc"
          ]
        },
        {
          "index_key": 2,
          "schema_version": 0,
          "attributes": {
            "gateway_id": null,
            "id": "rtbassoc-02b4b4771615b9d23",
            "route_table_id": "rtb-05baf78a666821b8e",
            "subnet_id": "subnet-0a63a8e704ef76362"
          },
          "private": "bnVsbA==",
          "dependencies": [
            "aws_internet_gateway.demo-vpc",
            "aws_route_table.public-rt",
            "aws_subnet.public",
            "aws_vpc.demo-vpc"
          ]
        }
      ]
    },
    {
      "mode": "managed",
      "type": "aws_security_group",
      "name": "admin",
      "provider": "provider.aws",
      "instances": [
        {
          "schema_version": 1,
          "attributes": {
            "arn": "arn:aws:ec2:us-west-2:633834615594:security-group/sg-0f48a1716da46e6fd",
            "description": "Management security groups",
            "egress": [],
            "id": "sg-0f48a1716da46e6fd",
            "ingress": [],
            "name": "sg_adm",
            "name_prefix": null,
            "owner_id": "633834615594",
            "revoke_rules_on_delete": false,
            "tags": null,
            "timeouts": null,
            "vpc_id": "vpc-01a5dba0f9251e557"
          },
          "private": "eyJlMmJmYjczMC1lY2FhLTExZTYtOGY4OC0zNDM2M2JjN2M0YzAiOnsiY3JlYXRlIjo2MDAwMDAwMDAwMDAsImRlbGV0ZSI6NjAwMDAwMDAwMDAwfSwic2NoZW1hX3ZlcnNpb24iOiIxIn0=",
          "dependencies": [
            "aws_vpc.demo-vpc"
          ]
        }
      ]
    },
    {
      "mode": "managed",
      "type": "aws_security_group",
      "name": "app",
      "provider": "provider.aws",
      "instances": [
        {
          "schema_version": 1,
          "attributes": {
            "arn": "arn:aws:ec2:us-west-2:633834615594:security-group/sg-0bf708189258b293c",
            "description": "APP security groups",
            "egress": [],
            "id": "sg-0bf708189258b293c",
            "ingress": [],
            "name": "sg_app",
            "name_prefix": null,
            "owner_id": "633834615594",
            "revoke_rules_on_delete": false,
            "tags": null,
            "timeouts": null,
            "vpc_id": "vpc-01a5dba0f9251e557"
          },
          "private": "eyJlMmJmYjczMC1lY2FhLTExZTYtOGY4OC0zNDM2M2JjN2M0YzAiOnsiY3JlYXRlIjo2MDAwMDAwMDAwMDAsImRlbGV0ZSI6NjAwMDAwMDAwMDAwfSwic2NoZW1hX3ZlcnNpb24iOiIxIn0=",
          "dependencies": [
            "aws_vpc.demo-vpc"
          ]
        }
      ]
    },
    {
      "mode": "managed",
      "type": "aws_security_group",
      "name": "bastion",
      "provider": "provider.aws",
      "instances": [
        {
          "schema_version": 1,
          "attributes": {
            "arn": "arn:aws:ec2:us-west-2:633834615594:security-group/sg-0bf6c6aad0ffe4ca1",
            "description": "Bastion security group",
            "egress": [],
            "id": "sg-0bf6c6aad0ffe4ca1",
            "ingress": [],
            "name": "sg_bastion",
            "name_prefix": null,
            "owner_id": "633834615594",
            "revoke_rules_on_delete": false,
            "tags": null,
            "timeouts": null,
            "vpc_id": "vpc-01a5dba0f9251e557"
          },
          "private": "eyJlMmJmYjczMC1lY2FhLTExZTYtOGY4OC0zNDM2M2JjN2M0YzAiOnsiY3JlYXRlIjo2MDAwMDAwMDAwMDAsImRlbGV0ZSI6NjAwMDAwMDAwMDAwfSwic2NoZW1hX3ZlcnNpb24iOiIxIn0=",
          "dependencies": [
            "aws_vpc.demo-vpc"
          ]
        }
      ]
    },
    {
      "mode": "managed",
      "type": "aws_security_group",
      "name": "lb-external",
      "provider": "provider.aws",
      "instances": [
        {
          "schema_version": 1,
          "attributes": {
            "arn": "arn:aws:ec2:us-west-2:633834615594:security-group/sg-05c82a71958ba95b7",
            "description": "LB security groups",
            "egress": [],
            "id": "sg-05c82a71958ba95b7",
            "ingress": [],
            "name": "sg_alb",
            "name_prefix": null,
            "owner_id": "633834615594",
            "revoke_rules_on_delete": false,
            "tags": null,
            "timeouts": null,
            "vpc_id": "vpc-01a5dba0f9251e557"
          },
          "private": "eyJlMmJmYjczMC1lY2FhLTExZTYtOGY4OC0zNDM2M2JjN2M0YzAiOnsiY3JlYXRlIjo2MDAwMDAwMDAwMDAsImRlbGV0ZSI6NjAwMDAwMDAwMDAwfSwic2NoZW1hX3ZlcnNpb24iOiIxIn0=",
          "dependencies": [
            "aws_vpc.demo-vpc"
          ]
        }
      ]
    },
    {
      "mode": "managed",
      "type": "aws_security_group",
      "name": "web",
      "provider": "provider.aws",
      "instances": [
        {
          "schema_version": 1,
          "attributes": {
            "arn": "arn:aws:ec2:us-west-2:633834615594:security-group/sg-0bee2a644a00bfe95",
            "description": "Web security groups",
            "egress": [],
            "id": "sg-0bee2a644a00bfe95",
            "ingress": [],
            "name": "sg_web",
            "name_prefix": null,
            "owner_id": "633834615594",
            "revoke_rules_on_delete": false,
            "tags": null,
            "timeouts": null,
            "vpc_id": "vpc-01a5dba0f9251e557"
          },
          "private": "eyJlMmJmYjczMC1lY2FhLTExZTYtOGY4OC0zNDM2M2JjN2M0YzAiOnsiY3JlYXRlIjo2MDAwMDAwMDAwMDAsImRlbGV0ZSI6NjAwMDAwMDAwMDAwfSwic2NoZW1hX3ZlcnNpb24iOiIxIn0=",
          "dependencies": [
            "aws_vpc.demo-vpc"
          ]
        }
      ]
    },
    {
      "mode": "managed",
      "type": "aws_security_group_rule",
      "name": "admin-in",
      "provider": "provider.aws",
      "instances": [
        {
          "schema_version": 2,
          "attributes": {
            "cidr_blocks": null,
            "description": "For ssh access from bastion",
            "from_port": 22,
            "id": "sgrule-1765896739",
            "ipv6_cidr_blocks": null,
            "prefix_list_ids": null,
            "protocol": "tcp",
            "security_group_id": "sg-0f48a1716da46e6fd",
            "self": false,
            "source_security_group_id": "sg-0bf6c6aad0ffe4ca1",
            "to_port": 22,
            "type": "ingress"
          },
          "private": "eyJzY2hlbWFfdmVyc2lvbiI6IjIifQ==",
          "dependencies": [
            "aws_security_group.admin",
            "aws_security_group.bastion",
            "aws_vpc.demo-vpc"
          ]
        }
      ]
    },
    {
      "mode": "managed",
      "type": "aws_security_group_rule",
      "name": "admin-manage",
      "provider": "provider.aws",
      "instances": [
        {
          "schema_version": 2,
          "attributes": {
            "cidr_blocks": null,
            "description": "For admin management",
            "from_port": 22,
            "id": "sgrule-3576580032",
            "ipv6_cidr_blocks": null,
            "prefix_list_ids": null,
            "protocol": "tcp",
            "security_group_id": "sg-0bf6c6aad0ffe4ca1",
            "self": false,
            "source_security_group_id": "sg-0f48a1716da46e6fd",
            "to_port": 22,
            "type": "egress"
          },
          "private": "eyJzY2hlbWFfdmVyc2lvbiI6IjIifQ==",
          "dependencies": [
            "aws_security_group.admin",
            "aws_security_group.bastion",
            "aws_vpc.demo-vpc"
          ]
        }
      ]
    },
    {
      "mode": "managed",
      "type": "aws_security_group_rule",
      "name": "admin-out",
      "provider": "provider.aws",
      "instances": [
        {
          "schema_version": 2,
          "attributes": {
            "cidr_blocks": [
              "0.0.0.0/0"
            ],
            "description": "All traffic outbound",
            "from_port": 0,
            "id": "sgrule-3501464074",
            "ipv6_cidr_blocks": null,
            "prefix_list_ids": null,
            "protocol": "-1",
            "security_group_id": "sg-0f48a1716da46e6fd",
            "self": false,
            "source_security_group_id": null,
            "to_port": 0,
            "type": "egress"
          },
          "private": "eyJzY2hlbWFfdmVyc2lvbiI6IjIifQ==",
          "dependencies": [
            "aws_security_group.admin",
            "aws_vpc.demo-vpc"
          ]
        }
      ]
    },
    {
      "mode": "managed",
      "type": "aws_security_group_rule",
      "name": "app-allow-web-access",
      "provider": "provider.aws",
      "instances": [
        {
          "schema_version": 2,
          "attributes": {
            "cidr_blocks": null,
            "description": "Allow access from Web",
            "from_port": 8080,
            "id": "sgrule-4002790260",
            "ipv6_cidr_blocks": null,
            "prefix_list_ids": null,
            "protocol": "tcp",
            "security_group_id": "sg-0bf708189258b293c",
            "self": false,
            "source_security_group_id": "sg-0bee2a644a00bfe95",
            "to_port": 8080,
            "type": "ingress"
          },
          "private": "eyJzY2hlbWFfdmVyc2lvbiI6IjIifQ==",
          "dependencies": [
            "aws_security_group.app",
            "aws_security_group.web",
            "aws_vpc.demo-vpc"
          ]
        }
      ]
    },
    {
      "mode": "managed",
      "type": "aws_security_group_rule",
      "name": "bastion-ssh",
      "provider": "provider.aws",
      "instances": [
        {
          "schema_version": 2,
          "attributes": {
            "cidr_blocks": [
              "0.0.0.0/0"
            ],
            "description": "For allow ssh from outside",
            "from_port": 22,
            "id": "sgrule-188518356",
            "ipv6_cidr_blocks": null,
            "prefix_list_ids": null,
            "protocol": "tcp",
            "security_group_id": "sg-0bf6c6aad0ffe4ca1",
            "self": false,
            "source_security_group_id": null,
            "to_port": 22,
            "type": "ingress"
          },
          "private": "eyJzY2hlbWFfdmVyc2lvbiI6IjIifQ==",
          "dependencies": [
            "aws_security_group.bastion",
            "aws_vpc.demo-vpc"
          ]
        }
      ]
    },
    {
      "mode": "managed",
      "type": "aws_security_group_rule",
      "name": "lb-allow-http",
      "provider": "provider.aws",
      "instances": [
        {
          "schema_version": 2,
          "attributes": {
            "cidr_blocks": [
              "0.0.0.0/0"
            ],
            "description": "Allow access from external",
            "from_port": 80,
            "id": "sgrule-868203248",
            "ipv6_cidr_blocks": null,
            "prefix_list_ids": null,
            "protocol": "tcp",
            "security_group_id": "sg-05c82a71958ba95b7",
            "self": false,
            "source_security_group_id": null,
            "to_port": 80,
            "type": "ingress"
          },
          "private": "eyJzY2hlbWFfdmVyc2lvbiI6IjIifQ==",
          "dependencies": [
            "aws_security_group.lb-external",
            "aws_vpc.demo-vpc"
          ]
        }
      ]
    },
    {
      "mode": "managed",
      "type": "aws_security_group_rule",
      "name": "lb-web-access",
      "provider": "provider.aws",
      "instances": [
        {
          "schema_version": 2,
          "attributes": {
            "cidr_blocks": null,
            "description": "Allow access to web",
            "from_port": 80,
            "id": "sgrule-286949169",
            "ipv6_cidr_blocks": null,
            "prefix_list_ids": null,
            "protocol": "tcp",
            "security_group_id": "sg-05c82a71958ba95b7",
            "self": false,
            "source_security_group_id": "sg-0bee2a644a00bfe95",
            "to_port": 80,
            "type": "egress"
          },
          "private": "eyJzY2hlbWFfdmVyc2lvbiI6IjIifQ==",
          "dependencies": [
            "aws_security_group.lb-external",
            "aws_security_group.web",
            "aws_vpc.demo-vpc"
          ]
        }
      ]
    },
    {
      "mode": "managed",
      "type": "aws_security_group_rule",
      "name": "web-access-to-app",
      "provider": "provider.aws",
      "instances": [
        {
          "schema_version": 2,
          "attributes": {
            "cidr_blocks": null,
            "description": "allow http to app",
            "from_port": 8080,
            "id": "sgrule-102956697",
            "ipv6_cidr_blocks": null,
            "prefix_list_ids": null,
            "protocol": "tcp",
            "security_group_id": "sg-0bee2a644a00bfe95",
            "self": false,
            "source_security_group_id": "sg-0bf708189258b293c",
            "to_port": 8080,
            "type": "egress"
          },
          "private": "eyJzY2hlbWFfdmVyc2lvbiI6IjIifQ==",
          "dependencies": [
            "aws_security_group.app",
            "aws_security_group.web",
            "aws_vpc.demo-vpc"
          ]
        }
      ]
    },
    {
      "mode": "managed",
      "type": "aws_security_group_rule",
      "name": "web-allow-lb-access",
      "provider": "provider.aws",
      "instances": [
        {
          "schema_version": 2,
          "attributes": {
            "cidr_blocks": null,
            "description": "allow http from lb",
            "from_port": 80,
            "id": "sgrule-920843411",
            "ipv6_cidr_blocks": null,
            "prefix_list_ids": null,
            "protocol": "tcp",
            "security_group_id": "sg-0bee2a644a00bfe95",
            "self": false,
            "source_security_group_id": "sg-05c82a71958ba95b7",
            "to_port": 80,
            "type": "ingress"
          },
          "private": "eyJzY2hlbWFfdmVyc2lvbiI6IjIifQ==",
          "dependencies": [
            "aws_security_group.lb-external",
            "aws_security_group.web",
            "aws_vpc.demo-vpc"
          ]
        }
      ]
    },
    {
      "mode": "managed",
      "type": "aws_subnet",
      "name": "private",
      "each": "list",
      "provider": "provider.aws",
      "instances": [
        {
          "index_key": 0,
          "schema_version": 1,
          "attributes": {
            "arn": "arn:aws:ec2:us-west-2:633834615594:subnet/subnet-013125cd0cde2ab17",
            "assign_ipv6_address_on_creation": false,
            "availability_zone": "us-west-2a",
            "availability_zone_id": "usw2-az1",
            "cidr_block": "10.1.10.0/24",
            "id": "subnet-013125cd0cde2ab17",
            "ipv6_cidr_block": "",
            "ipv6_cidr_block_association_id": "",
            "map_public_ip_on_launch": true,
            "outpost_arn": "",
            "owner_id": "633834615594",
            "tags": {
              "CommonTags": "packer-demo-demo-20201231-101240",
              "Name": "private-subnet-01"
            },
            "timeouts": null,
            "vpc_id": "vpc-01a5dba0f9251e557"
          },
          "private": "eyJlMmJmYjczMC1lY2FhLTExZTYtOGY4OC0zNDM2M2JjN2M0YzAiOnsiY3JlYXRlIjo2MDAwMDAwMDAwMDAsImRlbGV0ZSI6MTIwMDAwMDAwMDAwMH0sInNjaGVtYV92ZXJzaW9uIjoiMSJ9",
          "dependencies": [
            "aws_vpc.demo-vpc"
          ]
        },
        {
          "index_key": 1,
          "schema_version": 1,
          "attributes": {
            "arn": "arn:aws:ec2:us-west-2:633834615594:subnet/subnet-05ce23cc33b8fe69a",
            "assign_ipv6_address_on_creation": false,
            "availability_zone": "us-west-2b",
            "availability_zone_id": "usw2-az2",
            "cidr_block": "10.1.11.0/24",
            "id": "subnet-05ce23cc33b8fe69a",
            "ipv6_cidr_block": "",
            "ipv6_cidr_block_association_id": "",
            "map_public_ip_on_launch": true,
            "outpost_arn": "",
            "owner_id": "633834615594",
            "tags": {
              "CommonTags": "packer-demo-demo-20201231-101240",
              "Name": "private-subnet-02"
            },
            "timeouts": null,
            "vpc_id": "vpc-01a5dba0f9251e557"
          },
          "private": "eyJlMmJmYjczMC1lY2FhLTExZTYtOGY4OC0zNDM2M2JjN2M0YzAiOnsiY3JlYXRlIjo2MDAwMDAwMDAwMDAsImRlbGV0ZSI6MTIwMDAwMDAwMDAwMH0sInNjaGVtYV92ZXJzaW9uIjoiMSJ9",
          "dependencies": [
            "aws_vpc.demo-vpc"
          ]
        },
        {
          "index_key": 2,
          "schema_version": 1,
          "attributes": {
            "arn": "arn:aws:ec2:us-west-2:633834615594:subnet/subnet-0c88997f6290a4e6f",
            "assign_ipv6_address_on_creation": false,
            "availability_zone": "us-west-2c",
            "availability_zone_id": "usw2-az3",
            "cidr_block": "10.1.12.0/24",
            "id": "subnet-0c88997f6290a4e6f",
            "ipv6_cidr_block": "",
            "ipv6_cidr_block_association_id": "",
            "map_public_ip_on_launch": true,
            "outpost_arn": "",
            "owner_id": "633834615594",
            "tags": {
              "CommonTags": "packer-demo-demo-20201231-101240",
              "Name": "private-subnet-03"
            },
            "timeouts": null,
            "vpc_id": "vpc-01a5dba0f9251e557"
          },
          "private": "eyJlMmJmYjczMC1lY2FhLTExZTYtOGY4OC0zNDM2M2JjN2M0YzAiOnsiY3JlYXRlIjo2MDAwMDAwMDAwMDAsImRlbGV0ZSI6MTIwMDAwMDAwMDAwMH0sInNjaGVtYV92ZXJzaW9uIjoiMSJ9",
          "dependencies": [
            "aws_vpc.demo-vpc"
          ]
        }
      ]
    },
    {
      "mode": "managed",
      "type": "aws_subnet",
      "name": "public",
      "each": "list",
      "provider": "provider.aws",
      "instances": [
        {
          "index_key": 0,
          "schema_version": 1,
          "attributes": {
            "arn": "arn:aws:ec2:us-west-2:633834615594:subnet/subnet-0bd41312b208069b0",
            "assign_ipv6_address_on_creation": false,
            "availability_zone": "us-west-2a",
            "availability_zone_id": "usw2-az1",
            "cidr_block": "10.1.0.0/24",
            "id": "subnet-0bd41312b208069b0",
            "ipv6_cidr_block": "",
            "ipv6_cidr_block_association_id": "",
            "map_public_ip_on_launch": true,
            "outpost_arn": "",
            "owner_id": "633834615594",
            "tags": {
              "CommonTags": "packer-demo-demo-20201231-101240",
              "Name": "public-subnet-01"
            },
            "timeouts": null,
            "vpc_id": "vpc-01a5dba0f9251e557"
          },
          "private": "eyJlMmJmYjczMC1lY2FhLTExZTYtOGY4OC0zNDM2M2JjN2M0YzAiOnsiY3JlYXRlIjo2MDAwMDAwMDAwMDAsImRlbGV0ZSI6MTIwMDAwMDAwMDAwMH0sInNjaGVtYV92ZXJzaW9uIjoiMSJ9",
          "dependencies": [
            "aws_vpc.demo-vpc"
          ]
        },
        {
          "index_key": 1,
          "schema_version": 1,
          "attributes": {
            "arn": "arn:aws:ec2:us-west-2:633834615594:subnet/subnet-0edb1c97affc130ed",
            "assign_ipv6_address_on_creation": false,
            "availability_zone": "us-west-2b",
            "availability_zone_id": "usw2-az2",
            "cidr_block": "10.1.1.0/24",
            "id": "subnet-0edb1c97affc130ed",
            "ipv6_cidr_block": "",
            "ipv6_cidr_block_association_id": "",
            "map_public_ip_on_launch": true,
            "outpost_arn": "",
            "owner_id": "633834615594",
            "tags": {
              "CommonTags": "packer-demo-demo-20201231-101240",
              "Name": "public-subnet-02"
            },
            "timeouts": null,
            "vpc_id": "vpc-01a5dba0f9251e557"
          },
          "private": "eyJlMmJmYjczMC1lY2FhLTExZTYtOGY4OC0zNDM2M2JjN2M0YzAiOnsiY3JlYXRlIjo2MDAwMDAwMDAwMDAsImRlbGV0ZSI6MTIwMDAwMDAwMDAwMH0sInNjaGVtYV92ZXJzaW9uIjoiMSJ9",
          "dependencies": [
            "aws_vpc.demo-vpc"
          ]
        },
        {
          "index_key": 2,
          "schema_version": 1,
          "attributes": {
            "arn": "arn:aws:ec2:us-west-2:633834615594:subnet/subnet-0a63a8e704ef76362",
            "assign_ipv6_address_on_creation": false,
            "availability_zone": "us-west-2c",
            "availability_zone_id": "usw2-az3",
            "cidr_block": "10.1.2.0/24",
            "id": "subnet-0a63a8e704ef76362",
            "ipv6_cidr_block": "",
            "ipv6_cidr_block_association_id": "",
            "map_public_ip_on_launch": true,
            "outpost_arn": "",
            "owner_id": "633834615594",
            "tags": {
              "CommonTags": "packer-demo-demo-20201231-101240",
              "Name": "public-subnet-03"
            },
            "timeouts": null,
            "vpc_id": "vpc-01a5dba0f9251e557"
          },
          "private": "eyJlMmJmYjczMC1lY2FhLTExZTYtOGY4OC0zNDM2M2JjN2M0YzAiOnsiY3JlYXRlIjo2MDAwMDAwMDAwMDAsImRlbGV0ZSI6MTIwMDAwMDAwMDAwMH0sInNjaGVtYV92ZXJzaW9uIjoiMSJ9",
          "dependencies": [
            "aws_vpc.demo-vpc"
          ]
        }
      ]
    },
    {
      "mode": "managed",
      "type": "aws_vpc",
      "name": "demo-vpc",
      "provider": "provider.aws",
      "instances": [
        {
          "schema_version": 1,
          "attributes": {
            "arn": "arn:aws:ec2:us-west-2:633834615594:vpc/vpc-01a5dba0f9251e557",
            "assign_generated_ipv6_cidr_block": false,
            "cidr_block": "10.1.0.0/16",
            "default_network_acl_id": "acl-014e5cc58c9949ad1",
            "default_route_table_id": "rtb-0b5ca56e74b0319f3",
            "default_security_group_id": "sg-05ba03cc150c4e408",
            "dhcp_options_id": "dopt-3bf2005e",
            "enable_classiclink": false,
            "enable_classiclink_dns_support": false,
            "enable_dns_hostnames": true,
            "enable_dns_support": true,
            "id": "vpc-01a5dba0f9251e557",
            "instance_tenancy": "default",
            "ipv6_association_id": "",
            "ipv6_cidr_block": "",
            "main_route_table_id": "rtb-0b5ca56e74b0319f3",
            "owner_id": "633834615594",
            "tags": {
              "CommonTags": "packer-demo-demo-20201231-101240",
              "Name": "demo-vpc"
            }
          },
          "private": "eyJzY2hlbWFfdmVyc2lvbiI6IjEifQ=="
        }
      ]
    },
    {
      "mode": "managed",
      "type": "local_file",
      "name": "ansible-hosts",
      "provider": "provider.local",
      "instances": [
        {
          "schema_version": 0,
          "attributes": {
            "content": "all:\n  hosts:\n    bastion-01:\n      ansible_host: 54.213.250.177\n      ansible_user: ubuntu\n      ansible_ssh_common_args: -F ssh.conf\n      ansible_python_interpreter: /usr/bin/env python3\n    web-01:\n      ansible_host: 10.1.10.185\n      ansible_user: ubuntu\n      ansible_ssh_common_args: -F ssh.conf\n      ansible_python_interpreter: /usr/bin/env python3\n    web-02:\n      ansible_host: 10.1.11.166\n      ansible_user: ubuntu\n      ansible_ssh_common_args: -F ssh.conf\n      ansible_python_interpreter: /usr/bin/env python3\n    app-01:\n      ansible_host: 10.1.10.34\n      ansible_user: ubuntu\n      ansible_ssh_common_args: -F ssh.conf\n      ansible_python_interpreter: /usr/bin/env python3\n    app-02:\n      ansible_host: 10.1.11.21\n      ansible_user: ubuntu\n      ansible_ssh_common_args: -F ssh.conf\n      ansible_python_interpreter: /usr/bin/env python3\n\nbastion:\n  hosts:\n    bastion-01:\n\nweb:\n  hosts:\n    web-01:\n    web-02:\n\napp:\n  hosts:\n    app-01:\n    app-02:\n",
            "content_base64": null,
            "directory_permission": "0777",
            "file_permission": "0777",
            "filename": "/var/lib/jenkins/workspace/infra-deployment/vm-based/infra/aws/ansible-hosts.yml",
            "id": "d3337cef084f4bffebaf42ab8305fb31bdd64eaf",
            "sensitive_content": null,
            "source": null
          },
          "private": "bnVsbA==",
          "dependencies": [
            "aws_instance.app",
            "aws_instance.bastion",
            "aws_instance.web",
            "aws_key_pair.app",
            "aws_key_pair.bastion",
            "aws_key_pair.web",
            "aws_security_group.admin",
            "aws_security_group.app",
            "aws_security_group.bastion",
            "aws_security_group.web",
            "aws_subnet.private",
            "aws_subnet.public",
            "aws_vpc.demo-vpc",
            "tls_private_key.app",
            "tls_private_key.bastion",
            "tls_private_key.web"
          ]
        }
      ]
    },
    {
      "mode": "managed",
      "type": "local_file",
      "name": "app",
      "provider": "provider.local",
      "instances": [
        {
          "schema_version": 0,
          "attributes": {
            "content": null,
            "content_base64": null,
            "directory_permission": "0777",
            "file_permission": "0777",
            "filename": "/var/lib/jenkins/workspace/infra-deployment/vm-based/infra/aws/keys/app.pem",
            "id": "bb29fd121c506116d0d06710ca302dcade5468d1",
            "sensitive_content": "-----BEGIN RSA PRIVATE KEY-----\nMIIEpQIBAAKCAQEAxuDsv3AU7a3vs91fReSln3wzgq5GMH05Dj54UulgjHj2ldWa\n/zsB2JC5FB1N4wqFcPG3zriDlz9h4IjkpFow+1DQwG2CPSRr+/TLVGWKqbxIe2jS\nsEQOePZ8aSE7jHYPjDRV4mDKHCBvPhbCcK6eCoB4vSrlpYmR7tGCaSVeBjAvsKOj\nA63QtLYGstzybNtao0M5NizV6YgRI+PVTg/67mQO9g+HQp+bDOYa7hl3zVO8twZh\nYzO65Kk7AUUEYn6RQoMbx5jYRQL9/ENEUNQ+LuSgLDocuGKh2OGdSYbLn5Oswoi1\n1bXAX1OhRRtns4BQIGvsosD35l8BJKDUYR2nMQIDAQABAoIBAHmHmSSi6ScU0xWm\ngUHEpzD+RLvmox2eZ+88XWrNEiLFCGonTcAJ3uboCTExdxb2pvSNwTShrEgQg08i\nWBXWx3fLusTcJmoWh6Y/wMCiDEoMtH41YAo2jGF+vifAFxOOUZHrqU/ctaTabSAT\n6F3TVuA0AZQXUp4Foxe9D2QRYZOFaLdcvu0wLzzcDRKr0acTH1m1iiScsyWzqa/K\nV21Sg6NEeoCqjfsu8RBMsWbuSUBFaNUR26yvEV1lV+ryDswx+b0VkOqXjkuDFkaD\nDyrERYaD3YylJX36eS9Ph1QUPEtxE2nSNyP5rKe//tRLWbVmUVJ6zJcxNtdfn0DI\n9guAqQECgYEA/4direwqOsEinv9UVXUDA7NAdF3I+E2UwPZls0j0N8YvOr1GuSrL\nmrX2f1fX2HtfgNOB4oz98YasoLsrsL7mrfQ4GB7PuUL6piNTiXAyDZ5EBJhWflF3\n8VV5L8FxeahWGPBOfF4F4qK04wd5xhXV3seSBEtLgZvS4HAIGMAfgQUCgYEAxz7M\noMB7UvqPjq1XFVR6TkOkcdVhXIUZXT9DYS2mIyiQR3SVkqIgbSreag/Dg2hcf6Gv\nWEmcytJV21IAaTsPnd2WgfiB+0sm6aIoj1I92pVFqEG+Rh3kGRSWAEbBp60bODag\nsz18aqpvp02fs2hG4k6l9Oi04vUAlEayxRy0lT0CgYEAkVjTGpcBFlaReNtHfyyF\nwG8PtKE8FXEbsf71rltK/wauCr1rIxxin+ftBFZVIoBavI6SjOkh8WZnfy24Flsg\nH8aQubec9IZSyHnDpKO69OAXVH3KhSOWFCJIQo/IGilUf+8A1eEte9KNDa5M6A23\nj3b5aZPiqSCXfK59DIcL5HkCgYEAhlAUO21l9SsJKUI6yRs4k5fPvBj+2BK1ZYGn\nF1RhgaPvluvFhKKcP1s9sbvMrcHlUPiarmZ5NtSRohZmRonU3jOpKRZv8QnZQnfY\n5byoC7jCy0j+TmAKCsow0CDinPj5t2xD6nBRdcpNGDggpx1tY1NnVnCkt7Y3XL1H\n986BAXUCgYEA7nz+x4+SF/JRkBjmlGL7s5c6969Kxpx4Xn4Oq/J/o4Lxpe0izjXF\ny+LsyKS3yJMIqChbvm3zDD0glwYsUX8cuFy3gx4g0qrwDrqWJ/SveeXpnsaN3y6N\nMHRamPW/dhRIrN2m7/kCWs2eBQnPHt1/rnxx2EuSHPdHuwezjIlbdQU=\n-----END RSA PRIVATE KEY-----\n",
            "source": null
          },
          "private": "bnVsbA==",
          "dependencies": [
            "tls_private_key.app"
          ]
        }
      ]
    },
    {
      "mode": "managed",
      "type": "local_file",
      "name": "bastion",
      "provider": "provider.local",
      "instances": [
        {
          "schema_version": 0,
          "attributes": {
            "content": null,
            "content_base64": null,
            "directory_permission": "0777",
            "file_permission": "0777",
            "filename": "/var/lib/jenkins/workspace/infra-deployment/vm-based/infra/aws/keys/bastion.pem",
            "id": "1deb5f287799ca32e36bf15c7b1348f263bfdd31",
            "sensitive_content": "-----BEGIN RSA PRIVATE KEY-----\nMIIEpgIBAAKCAQEAzw8g+iRxKnQthVnDqJg2vLyM8wIoygA1CQj25haRqnJYkAEz\nx3sMtuwRlIURVT+zFChsA4OSAM5Y/wShitN1DnBV8ZpqYxtZON82t4NHpMTL9rEi\nkE/7BiAwPq8pos7r9QtI2JHvuzGu8rbtiC+LNqI7s0YiagyrN0NwARRvImFKvo3Y\nThG6VElYOJEhQbbCZAGmJ752HOiTYkmyGeqTVQXWzL1hMIfTViOJWVg6L/MxfeAw\n60zuxnq4NTQqPJLUGB4HLjtPWtQuT4c5ISSEBzlHJKmtyAnQnZ6CLwUn9TetzCbC\nSI9M4mgcfVAyLhkl77LI3zkxUoR0cyCjzzxFgwIDAQABAoIBAQCwQTWWGO1H8StK\npzWZTzDRCkOFHGJySSjcLwhUpgOLLtjahFt6Q/F3yI3Sek9d3OJol1wSxa3EB+LT\n+jI0xXmQN+nAxuwmvwH9Gm0uW47h4C+rJ++/HoYVGdNXmK19jFxo9BknWVrTYyCE\nNVkPI0GC2Sium1XyJiSc30f5c1aC0PuPIhQWYgEWO5QdXeKs68bzQJXselbHRMn5\nCTDBkRt9F5LTwDQRoqnSIGXdxDNU08JCWQE8KhsfyLFvtdWIOVmIurP86OaICxdm\nnF/8IgIAkv4XWCxMmxcNTnuQSu81/YenAPVLn47YuHaFuepdKYd5up8o0rZOLEVP\nOhvCro/5AoGBAPn1+6RqxsQvXeeXTOn6z5FnIn+OGvTkbP/x8aGiqRgJkF/zCRZF\nG6n8rotRbKvf4kyZeGnn1oNc3L2FyPyVsOSOScONklLFX/zkThRNpp/C+slVBTWY\ngmp1mOlKnCoZDKI2B/Tl8JXVz+fs88NsxdIn8YkalhSc7DEH9phlznGtAoGBANQP\ny/whfXgcBfwsbKFJHz2ViWlKQ3oElHElnQEKBJ+kc2UhmSCWgadccqzJ4fp8gkfJ\nZzcCTyfg5GYzbi7Uud3e7vkHI7k1yDDEwgg2TeCoNCnVP7VbQljcSy3W1qi2sk8N\n5rAkZ5KnSyXPTgS/Ph1ReK0qP9cbD78YjHUzR1nvAoGBAJCydtO9BAc5rFCOY3Xn\nPRVc8LmKV8yAFyEqu8fn058Ymj0RAaekpdkHbzszDYeJeQUCqpQUIze0IAyOT8T4\nGoiUXdsYLyY/H8vTledm9Bfz1R2LXBKkkIp0POp/yFsOWSPlx0FbgqQaO9p0bsAo\nTXPUr5vAijSwioHvrC6YcKOZAoGBAI6jeX/EPxL1NolikEcEWkEgPmdWDoEaZ4ab\n2DmEtYt0IDJcIRWsZtVd97yFprzH1xHWRNjZcsjOGpMr8OcLK2Izu+ZBiSPhKyCy\nmBjR/hwox72DtPCVy9DdjKvuoECnctR98zdzpT8dzAxInp/Oy0cJL/S6QGq9xx+w\nsXl73nh9AoGBAKLLf7cXG4485R3ZLizQxoemEwskTEsvXmD8up6MsS7DPldNcVZY\nkeEy9BlbfPEvIImXxOOe0AsVsgiSMNhXlMHmu5UQwb43F679Y3/PGz232qONax6w\nVTZ1IwXUWm+WqDW/x6DOmhDm+vxWZXYC8O4HbE3QrV4ohFaNyasQV+HG\n-----END RSA PRIVATE KEY-----\n",
            "source": null
          },
          "private": "bnVsbA==",
          "dependencies": [
            "tls_private_key.bastion"
          ]
        }
      ]
    },
    {
      "mode": "managed",
      "type": "local_file",
      "name": "ssh-conf",
      "provider": "provider.local",
      "instances": [
        {
          "schema_version": 0,
          "attributes": {
            "content": "Host *\n  User ubuntu\n  StrictHostKeyChecking no\n  ControlMaster auto\n  ControlPath ~/.ssh/ansible-%r@%h:%p\n  ControlPersist 30m\n  ConnectionAttempts=100\n  ServerAliveInterval 60\n  ServerAliveCountMax 5\n\n# for bastion node\nHost bastion-01\n  HostName 54.213.250.177\n  User ubuntu\n  StrictHostKeyChecking no\n  UserKnownHostsFile=/dev/null\n  LogLevel ERROR\n  IdentityFile /var/lib/jenkins/workspace/infra-deployment/vm-based/infra/aws/keys/bastion.pem\n\n# for web server node\nHost web-01 10.1.10.185\n  HostName 10.1.10.185\n  User ubuntu\n  ProxyCommand ssh -o StrictHostKeyChecking=no -o UserKnownHostsFile=/dev/null -W %h:%p -i /var/lib/jenkins/workspace/infra-deployment/vm-based/infra/aws/keys/bastion.pem ubuntu@54.213.250.177\n  StrictHostKeyChecking no\n  UserKnownHostsFile=/dev/null\n  LogLevel ERROR\n  IdentityFile /var/lib/jenkins/workspace/infra-deployment/vm-based/infra/aws/keys/web.pem\nHost web-02 10.1.11.166\n  HostName 10.1.11.166\n  User ubuntu\n  ProxyCommand ssh -o StrictHostKeyChecking=no -o UserKnownHostsFile=/dev/null -W %h:%p -i /var/lib/jenkins/workspace/infra-deployment/vm-based/infra/aws/keys/bastion.pem ubuntu@54.213.250.177\n  StrictHostKeyChecking no\n  UserKnownHostsFile=/dev/null\n  LogLevel ERROR\n  IdentityFile /var/lib/jenkins/workspace/infra-deployment/vm-based/infra/aws/keys/web.pem\n\n# for app server node\nHost app-01 10.1.10.34\n  HostName 10.1.10.34\n  User ubuntu\n  ProxyCommand ssh -o StrictHostKeyChecking=no -o UserKnownHostsFile=/dev/null -W %h:%p -i /var/lib/jenkins/workspace/infra-deployment/vm-based/infra/aws/keys/bastion.pem ubuntu@54.213.250.177\n  StrictHostKeyChecking no\n  UserKnownHostsFile=/dev/null\n  LogLevel ERROR\n  IdentityFile /var/lib/jenkins/workspace/infra-deployment/vm-based/infra/aws/keys/app.pem\nHost app-02 10.1.11.21\n  HostName 10.1.11.21\n  User ubuntu\n  ProxyCommand ssh -o StrictHostKeyChecking=no -o UserKnownHostsFile=/dev/null -W %h:%p -i /var/lib/jenkins/workspace/infra-deployment/vm-based/infra/aws/keys/bastion.pem ubuntu@54.213.250.177\n  StrictHostKeyChecking no\n  UserKnownHostsFile=/dev/null\n  LogLevel ERROR\n  IdentityFile /var/lib/jenkins/workspace/infra-deployment/vm-based/infra/aws/keys/app.pem\n",
            "content_base64": null,
            "directory_permission": "0777",
            "file_permission": "0777",
            "filename": "/var/lib/jenkins/workspace/infra-deployment/vm-based/infra/aws/ssh.conf",
            "id": "e5601bb90454cc6477ae5a49e6c6c154606f05fd",
            "sensitive_content": null,
            "source": null
          },
          "private": "bnVsbA==",
          "dependencies": [
            "aws_instance.app",
            "aws_instance.bastion",
            "aws_instance.web",
            "aws_key_pair.app",
            "aws_key_pair.bastion",
            "aws_key_pair.web",
            "aws_security_group.admin",
            "aws_security_group.app",
            "aws_security_group.bastion",
            "aws_security_group.web",
            "aws_subnet.private",
            "aws_subnet.public",
            "aws_vpc.demo-vpc",
            "tls_private_key.app",
            "tls_private_key.bastion",
            "tls_private_key.web"
          ]
        }
      ]
    },
    {
      "mode": "managed",
      "type": "local_file",
      "name": "web",
      "provider": "provider.local",
      "instances": [
        {
          "schema_version": 0,
          "attributes": {
            "content": null,
            "content_base64": null,
            "directory_permission": "0777",
            "file_permission": "0777",
            "filename": "/var/lib/jenkins/workspace/infra-deployment/vm-based/infra/aws/keys/web.pem",
            "id": "d266e52e26fee3c322dde3c8b6fa15a331096513",
            "sensitive_content": "-----BEGIN RSA PRIVATE KEY-----\nMIIEowIBAAKCAQEAnXMTB/Tf826POW8R0CEZ763ULBVB0azFHy64t94jj/3/RRMX\noukQTJj97q4eS3ps/Yuvs/DDfuJ9iuarLuoDy4s2grMaIHQuU0oD0n7OtGUSpiyb\nMZknFNzuDqKiJYxjgzqSzpQvLuLQrbrg9HHgsJ37ZVTcqcdpnsT1hssUoO88jbu3\nOzlj3uFok2apjdoZb+HGz6msc0726k+YfB0p2+4SdYwogs9kUg3vmXBXhcODnYih\nmEckZnoJ3Dd/Y/BrYF9jLT6xqA9oDlsMVIdjK5ewGlGLd6Vcbcd2WlNBoatgx/bF\nuJ5QbNftrsal/M2wW88RNqzLyV5O6xzoxaV8hwIDAQABAoIBAGEdRGTI9oVo8TCE\nwKD2ec/rEQ5rwiA5B5D3OXo3qwm6qgQKBa83QBVu3FmmzgrSJX2x9hrv6zVNMBBH\nvNiAAP1ADcxJ+liAML6wzXC9RHPiT8Fti//orkFhD/i4+XhdglfD/h8rKXsq7Xnq\n5awAvY1StGhJEp4p4IzMgYC1rDCix6tPLWpaBQ0LFy7ErJ9WYLBl92/4ItMTqBnP\nQfyHeIVhGqrXwApTgbkN0C2yoevVIef7iZ4znJoGkQ5sn24UxMv5vn2iZR8vKUu8\nLhtJyU94rvxUQxOrQRuEXdh4sik2+QfferQH1OcAknufc1nexQpiN7DJMSu8cRKK\nxLwDZhECgYEAzEh8FHjmHuewQYGAt+AeoCH6AIw8VeP+xMoguY0AvXDLaKn0rD24\nP4z4S+TDKj6k9qpyti3WBNi9hAENIeCPYCOD6zx6EFmUnlJMvU8Yk4SJ7dx/DdOe\niq2b0P8MDxH592OU7QJ72V+VF+sscFZcOXM3uJbPKjNikDDPCAs5WokCgYEAxU9R\nrilZJNZ2RrRMBg7popc7Oc9VLc4w293uVqyHbRC/GFhPGYMc1JPXgtCrbm3W0WpK\nFle7kBtFrt5t1Ps3u/ziSuXJjwnXKjTOAqxxGzKW4oo0DGtWbUqRyf6AjT6XZn+3\n+ng4NO4BK82o3uX4FHRPD3853z0E+tQK6r+aGo8CgYBVj3JwvKZdgVrARPZdjUAm\nf7SPMC1BKCoX0DTeomER90EqyCxTS9J0w51nZBweAHjlW0SKay49f2348NvIOZ6z\nfIyPJRhW6r4lhYDgtVUszBFdD8IjT2QS313orjolwbi5VfsVPboTtEXk67oEHxen\ndEt9Q6TnHviEPf0oeFMASQKBgQCHRzPESfshg5zCKzl4ad8Lp85me112M0lSZZ3U\ndSPAxluOkHVjE36/zMFUokb3Rn2jRNGY8fvZ+KjVFRGOldMHo4FvQo7n8CJCgMPC\nF4LQ1+WVWpYG8czmz9qW+FQhAwoAr45vPt+igo/w/WdLs7ZcJ8ZQ5LTD9u0kIB+A\nBW/dxwKBgADToobBTp1jPA9dA3voPumLRluiJc8B1wHuq+w+lAFYQizNH2E6ET9E\nufcMrzioIlRI8kAyirezU3637bjzZ9+hYCzsd72iMrxPUjYK7l8N4KVD/vnuRAIo\nFhaBwLjcKUu2EoZk7INSXeQyTG3Ny2KWk1OuuJ0RFOOnTa7/O7q1\n-----END RSA PRIVATE KEY-----\n",
            "source": null
          },
          "private": "bnVsbA==",
          "dependencies": [
            "tls_private_key.web"
          ]
        }
      ]
    },
    {
      "mode": "managed",
      "type": "tls_private_key",
      "name": "app",
      "provider": "provider.tls",
      "instances": [
        {
          "schema_version": 0,
          "attributes": {
            "algorithm": "RSA",
            "ecdsa_curve": "P224",
            "id": "c0efb6b58ad009d79e203a4bb13a51e4e94e7a84",
            "private_key_pem": "-----BEGIN RSA PRIVATE KEY-----\nMIIEpQIBAAKCAQEAxuDsv3AU7a3vs91fReSln3wzgq5GMH05Dj54UulgjHj2ldWa\n/zsB2JC5FB1N4wqFcPG3zriDlz9h4IjkpFow+1DQwG2CPSRr+/TLVGWKqbxIe2jS\nsEQOePZ8aSE7jHYPjDRV4mDKHCBvPhbCcK6eCoB4vSrlpYmR7tGCaSVeBjAvsKOj\nA63QtLYGstzybNtao0M5NizV6YgRI+PVTg/67mQO9g+HQp+bDOYa7hl3zVO8twZh\nYzO65Kk7AUUEYn6RQoMbx5jYRQL9/ENEUNQ+LuSgLDocuGKh2OGdSYbLn5Oswoi1\n1bXAX1OhRRtns4BQIGvsosD35l8BJKDUYR2nMQIDAQABAoIBAHmHmSSi6ScU0xWm\ngUHEpzD+RLvmox2eZ+88XWrNEiLFCGonTcAJ3uboCTExdxb2pvSNwTShrEgQg08i\nWBXWx3fLusTcJmoWh6Y/wMCiDEoMtH41YAo2jGF+vifAFxOOUZHrqU/ctaTabSAT\n6F3TVuA0AZQXUp4Foxe9D2QRYZOFaLdcvu0wLzzcDRKr0acTH1m1iiScsyWzqa/K\nV21Sg6NEeoCqjfsu8RBMsWbuSUBFaNUR26yvEV1lV+ryDswx+b0VkOqXjkuDFkaD\nDyrERYaD3YylJX36eS9Ph1QUPEtxE2nSNyP5rKe//tRLWbVmUVJ6zJcxNtdfn0DI\n9guAqQECgYEA/4direwqOsEinv9UVXUDA7NAdF3I+E2UwPZls0j0N8YvOr1GuSrL\nmrX2f1fX2HtfgNOB4oz98YasoLsrsL7mrfQ4GB7PuUL6piNTiXAyDZ5EBJhWflF3\n8VV5L8FxeahWGPBOfF4F4qK04wd5xhXV3seSBEtLgZvS4HAIGMAfgQUCgYEAxz7M\noMB7UvqPjq1XFVR6TkOkcdVhXIUZXT9DYS2mIyiQR3SVkqIgbSreag/Dg2hcf6Gv\nWEmcytJV21IAaTsPnd2WgfiB+0sm6aIoj1I92pVFqEG+Rh3kGRSWAEbBp60bODag\nsz18aqpvp02fs2hG4k6l9Oi04vUAlEayxRy0lT0CgYEAkVjTGpcBFlaReNtHfyyF\nwG8PtKE8FXEbsf71rltK/wauCr1rIxxin+ftBFZVIoBavI6SjOkh8WZnfy24Flsg\nH8aQubec9IZSyHnDpKO69OAXVH3KhSOWFCJIQo/IGilUf+8A1eEte9KNDa5M6A23\nj3b5aZPiqSCXfK59DIcL5HkCgYEAhlAUO21l9SsJKUI6yRs4k5fPvBj+2BK1ZYGn\nF1RhgaPvluvFhKKcP1s9sbvMrcHlUPiarmZ5NtSRohZmRonU3jOpKRZv8QnZQnfY\n5byoC7jCy0j+TmAKCsow0CDinPj5t2xD6nBRdcpNGDggpx1tY1NnVnCkt7Y3XL1H\n986BAXUCgYEA7nz+x4+SF/JRkBjmlGL7s5c6969Kxpx4Xn4Oq/J/o4Lxpe0izjXF\ny+LsyKS3yJMIqChbvm3zDD0glwYsUX8cuFy3gx4g0qrwDrqWJ/SveeXpnsaN3y6N\nMHRamPW/dhRIrN2m7/kCWs2eBQnPHt1/rnxx2EuSHPdHuwezjIlbdQU=\n-----END RSA PRIVATE KEY-----\n",
            "public_key_fingerprint_md5": "50:0f:36:8f:ca:ee:41:ea:96:97:e3:09:7f:1d:86:10",
            "public_key_openssh": "ssh-rsa AAAAB3NzaC1yc2EAAAADAQABAAABAQDG4Oy/cBTtre+z3V9F5KWffDOCrkYwfTkOPnhS6WCMePaV1Zr/OwHYkLkUHU3jCoVw8bfOuIOXP2HgiOSkWjD7UNDAbYI9JGv79MtUZYqpvEh7aNKwRA549nxpITuMdg+MNFXiYMocIG8+FsJwrp4KgHi9KuWliZHu0YJpJV4GMC+wo6MDrdC0tgay3PJs21qjQzk2LNXpiBEj49VOD/ruZA72D4dCn5sM5hruGXfNU7y3BmFjM7rkqTsBRQRifpFCgxvHmNhFAv38Q0RQ1D4u5KAsOhy4YqHY4Z1Jhsufk6zCiLXVtcBfU6FFG2ezgFAga+yiwPfmXwEkoNRhHacx\n",
            "public_key_pem": "-----BEGIN PUBLIC KEY-----\nMIIBIjANBgkqhkiG9w0BAQEFAAOCAQ8AMIIBCgKCAQEAxuDsv3AU7a3vs91fReSl\nn3wzgq5GMH05Dj54UulgjHj2ldWa/zsB2JC5FB1N4wqFcPG3zriDlz9h4IjkpFow\n+1DQwG2CPSRr+/TLVGWKqbxIe2jSsEQOePZ8aSE7jHYPjDRV4mDKHCBvPhbCcK6e\nCoB4vSrlpYmR7tGCaSVeBjAvsKOjA63QtLYGstzybNtao0M5NizV6YgRI+PVTg/6\n7mQO9g+HQp+bDOYa7hl3zVO8twZhYzO65Kk7AUUEYn6RQoMbx5jYRQL9/ENEUNQ+\nLuSgLDocuGKh2OGdSYbLn5Oswoi11bXAX1OhRRtns4BQIGvsosD35l8BJKDUYR2n\nMQIDAQAB\n-----END PUBLIC KEY-----\n",
            "rsa_bits": 2048
          },
          "private": "bnVsbA=="
        }
      ]
    },
    {
      "mode": "managed",
      "type": "tls_private_key",
      "name": "bastion",
      "provider": "provider.tls",
      "instances": [
        {
          "schema_version": 0,
          "attributes": {
            "algorithm": "RSA",
            "ecdsa_curve": "P224",
            "id": "1abd6104b0364b78bc792f283791ee9b00b26681",
            "private_key_pem": "-----BEGIN RSA PRIVATE KEY-----\nMIIEpgIBAAKCAQEAzw8g+iRxKnQthVnDqJg2vLyM8wIoygA1CQj25haRqnJYkAEz\nx3sMtuwRlIURVT+zFChsA4OSAM5Y/wShitN1DnBV8ZpqYxtZON82t4NHpMTL9rEi\nkE/7BiAwPq8pos7r9QtI2JHvuzGu8rbtiC+LNqI7s0YiagyrN0NwARRvImFKvo3Y\nThG6VElYOJEhQbbCZAGmJ752HOiTYkmyGeqTVQXWzL1hMIfTViOJWVg6L/MxfeAw\n60zuxnq4NTQqPJLUGB4HLjtPWtQuT4c5ISSEBzlHJKmtyAnQnZ6CLwUn9TetzCbC\nSI9M4mgcfVAyLhkl77LI3zkxUoR0cyCjzzxFgwIDAQABAoIBAQCwQTWWGO1H8StK\npzWZTzDRCkOFHGJySSjcLwhUpgOLLtjahFt6Q/F3yI3Sek9d3OJol1wSxa3EB+LT\n+jI0xXmQN+nAxuwmvwH9Gm0uW47h4C+rJ++/HoYVGdNXmK19jFxo9BknWVrTYyCE\nNVkPI0GC2Sium1XyJiSc30f5c1aC0PuPIhQWYgEWO5QdXeKs68bzQJXselbHRMn5\nCTDBkRt9F5LTwDQRoqnSIGXdxDNU08JCWQE8KhsfyLFvtdWIOVmIurP86OaICxdm\nnF/8IgIAkv4XWCxMmxcNTnuQSu81/YenAPVLn47YuHaFuepdKYd5up8o0rZOLEVP\nOhvCro/5AoGBAPn1+6RqxsQvXeeXTOn6z5FnIn+OGvTkbP/x8aGiqRgJkF/zCRZF\nG6n8rotRbKvf4kyZeGnn1oNc3L2FyPyVsOSOScONklLFX/zkThRNpp/C+slVBTWY\ngmp1mOlKnCoZDKI2B/Tl8JXVz+fs88NsxdIn8YkalhSc7DEH9phlznGtAoGBANQP\ny/whfXgcBfwsbKFJHz2ViWlKQ3oElHElnQEKBJ+kc2UhmSCWgadccqzJ4fp8gkfJ\nZzcCTyfg5GYzbi7Uud3e7vkHI7k1yDDEwgg2TeCoNCnVP7VbQljcSy3W1qi2sk8N\n5rAkZ5KnSyXPTgS/Ph1ReK0qP9cbD78YjHUzR1nvAoGBAJCydtO9BAc5rFCOY3Xn\nPRVc8LmKV8yAFyEqu8fn058Ymj0RAaekpdkHbzszDYeJeQUCqpQUIze0IAyOT8T4\nGoiUXdsYLyY/H8vTledm9Bfz1R2LXBKkkIp0POp/yFsOWSPlx0FbgqQaO9p0bsAo\nTXPUr5vAijSwioHvrC6YcKOZAoGBAI6jeX/EPxL1NolikEcEWkEgPmdWDoEaZ4ab\n2DmEtYt0IDJcIRWsZtVd97yFprzH1xHWRNjZcsjOGpMr8OcLK2Izu+ZBiSPhKyCy\nmBjR/hwox72DtPCVy9DdjKvuoECnctR98zdzpT8dzAxInp/Oy0cJL/S6QGq9xx+w\nsXl73nh9AoGBAKLLf7cXG4485R3ZLizQxoemEwskTEsvXmD8up6MsS7DPldNcVZY\nkeEy9BlbfPEvIImXxOOe0AsVsgiSMNhXlMHmu5UQwb43F679Y3/PGz232qONax6w\nVTZ1IwXUWm+WqDW/x6DOmhDm+vxWZXYC8O4HbE3QrV4ohFaNyasQV+HG\n-----END RSA PRIVATE KEY-----\n",
            "public_key_fingerprint_md5": "ec:63:4c:6c:14:82:19:68:72:c9:4c:3e:62:77:84:f6",
            "public_key_openssh": "ssh-rsa AAAAB3NzaC1yc2EAAAADAQABAAABAQDPDyD6JHEqdC2FWcOomDa8vIzzAijKADUJCPbmFpGqcliQATPHewy27BGUhRFVP7MUKGwDg5IAzlj/BKGK03UOcFXxmmpjG1k43za3g0ekxMv2sSKQT/sGIDA+rymizuv1C0jYke+7Ma7ytu2IL4s2ojuzRiJqDKs3Q3ABFG8iYUq+jdhOEbpUSVg4kSFBtsJkAaYnvnYc6JNiSbIZ6pNVBdbMvWEwh9NWI4lZWDov8zF94DDrTO7Gerg1NCo8ktQYHgcuO09a1C5PhzkhJIQHOUckqa3ICdCdnoIvBSf1N63MJsJIj0ziaBx9UDIuGSXvssjfOTFShHRzIKPPPEWD\n",
            "public_key_pem": "-----BEGIN PUBLIC KEY-----\nMIIBIjANBgkqhkiG9w0BAQEFAAOCAQ8AMIIBCgKCAQEAzw8g+iRxKnQthVnDqJg2\nvLyM8wIoygA1CQj25haRqnJYkAEzx3sMtuwRlIURVT+zFChsA4OSAM5Y/wShitN1\nDnBV8ZpqYxtZON82t4NHpMTL9rEikE/7BiAwPq8pos7r9QtI2JHvuzGu8rbtiC+L\nNqI7s0YiagyrN0NwARRvImFKvo3YThG6VElYOJEhQbbCZAGmJ752HOiTYkmyGeqT\nVQXWzL1hMIfTViOJWVg6L/MxfeAw60zuxnq4NTQqPJLUGB4HLjtPWtQuT4c5ISSE\nBzlHJKmtyAnQnZ6CLwUn9TetzCbCSI9M4mgcfVAyLhkl77LI3zkxUoR0cyCjzzxF\ngwIDAQAB\n-----END PUBLIC KEY-----\n",
            "rsa_bits": 2048
          },
          "private": "bnVsbA=="
        }
      ]
    },
    {
      "mode": "managed",
      "type": "tls_private_key",
      "name": "web",
      "provider": "provider.tls",
      "instances": [
        {
          "schema_version": 0,
          "attributes": {
            "algorithm": "RSA",
            "ecdsa_curve": "P224",
            "id": "b2c99e8f4d81edd9e0c378a470ff85dbc77e7f68",
            "private_key_pem": "-----BEGIN RSA PRIVATE KEY-----\nMIIEowIBAAKCAQEAnXMTB/Tf826POW8R0CEZ763ULBVB0azFHy64t94jj/3/RRMX\noukQTJj97q4eS3ps/Yuvs/DDfuJ9iuarLuoDy4s2grMaIHQuU0oD0n7OtGUSpiyb\nMZknFNzuDqKiJYxjgzqSzpQvLuLQrbrg9HHgsJ37ZVTcqcdpnsT1hssUoO88jbu3\nOzlj3uFok2apjdoZb+HGz6msc0726k+YfB0p2+4SdYwogs9kUg3vmXBXhcODnYih\nmEckZnoJ3Dd/Y/BrYF9jLT6xqA9oDlsMVIdjK5ewGlGLd6Vcbcd2WlNBoatgx/bF\nuJ5QbNftrsal/M2wW88RNqzLyV5O6xzoxaV8hwIDAQABAoIBAGEdRGTI9oVo8TCE\nwKD2ec/rEQ5rwiA5B5D3OXo3qwm6qgQKBa83QBVu3FmmzgrSJX2x9hrv6zVNMBBH\nvNiAAP1ADcxJ+liAML6wzXC9RHPiT8Fti//orkFhD/i4+XhdglfD/h8rKXsq7Xnq\n5awAvY1StGhJEp4p4IzMgYC1rDCix6tPLWpaBQ0LFy7ErJ9WYLBl92/4ItMTqBnP\nQfyHeIVhGqrXwApTgbkN0C2yoevVIef7iZ4znJoGkQ5sn24UxMv5vn2iZR8vKUu8\nLhtJyU94rvxUQxOrQRuEXdh4sik2+QfferQH1OcAknufc1nexQpiN7DJMSu8cRKK\nxLwDZhECgYEAzEh8FHjmHuewQYGAt+AeoCH6AIw8VeP+xMoguY0AvXDLaKn0rD24\nP4z4S+TDKj6k9qpyti3WBNi9hAENIeCPYCOD6zx6EFmUnlJMvU8Yk4SJ7dx/DdOe\niq2b0P8MDxH592OU7QJ72V+VF+sscFZcOXM3uJbPKjNikDDPCAs5WokCgYEAxU9R\nrilZJNZ2RrRMBg7popc7Oc9VLc4w293uVqyHbRC/GFhPGYMc1JPXgtCrbm3W0WpK\nFle7kBtFrt5t1Ps3u/ziSuXJjwnXKjTOAqxxGzKW4oo0DGtWbUqRyf6AjT6XZn+3\n+ng4NO4BK82o3uX4FHRPD3853z0E+tQK6r+aGo8CgYBVj3JwvKZdgVrARPZdjUAm\nf7SPMC1BKCoX0DTeomER90EqyCxTS9J0w51nZBweAHjlW0SKay49f2348NvIOZ6z\nfIyPJRhW6r4lhYDgtVUszBFdD8IjT2QS313orjolwbi5VfsVPboTtEXk67oEHxen\ndEt9Q6TnHviEPf0oeFMASQKBgQCHRzPESfshg5zCKzl4ad8Lp85me112M0lSZZ3U\ndSPAxluOkHVjE36/zMFUokb3Rn2jRNGY8fvZ+KjVFRGOldMHo4FvQo7n8CJCgMPC\nF4LQ1+WVWpYG8czmz9qW+FQhAwoAr45vPt+igo/w/WdLs7ZcJ8ZQ5LTD9u0kIB+A\nBW/dxwKBgADToobBTp1jPA9dA3voPumLRluiJc8B1wHuq+w+lAFYQizNH2E6ET9E\nufcMrzioIlRI8kAyirezU3637bjzZ9+hYCzsd72iMrxPUjYK7l8N4KVD/vnuRAIo\nFhaBwLjcKUu2EoZk7INSXeQyTG3Ny2KWk1OuuJ0RFOOnTa7/O7q1\n-----END RSA PRIVATE KEY-----\n",
            "public_key_fingerprint_md5": "ff:c6:ab:e1:97:74:6c:ae:6d:b2:d6:6b:44:a2:6c:bc",
            "public_key_openssh": "ssh-rsa AAAAB3NzaC1yc2EAAAADAQABAAABAQCdcxMH9N/zbo85bxHQIRnvrdQsFUHRrMUfLri33iOP/f9FExei6RBMmP3urh5Lemz9i6+z8MN+4n2K5qsu6gPLizaCsxogdC5TSgPSfs60ZRKmLJsxmScU3O4OoqIljGODOpLOlC8u4tCtuuD0ceCwnftlVNypx2mexPWGyxSg7zyNu7c7OWPe4WiTZqmN2hlv4cbPqaxzTvbqT5h8HSnb7hJ1jCiCz2RSDe+ZcFeFw4OdiKGYRyRmegncN39j8GtgX2MtPrGoD2gOWwxUh2Mrl7AaUYt3pVxtx3ZaU0Ghq2DH9sW4nlBs1+2uxqX8zbBbzxE2rMvJXk7rHOjFpXyH\n",
            "public_key_pem": "-----BEGIN PUBLIC KEY-----\nMIIBIjANBgkqhkiG9w0BAQEFAAOCAQ8AMIIBCgKCAQEAnXMTB/Tf826POW8R0CEZ\n763ULBVB0azFHy64t94jj/3/RRMXoukQTJj97q4eS3ps/Yuvs/DDfuJ9iuarLuoD\ny4s2grMaIHQuU0oD0n7OtGUSpiybMZknFNzuDqKiJYxjgzqSzpQvLuLQrbrg9HHg\nsJ37ZVTcqcdpnsT1hssUoO88jbu3Ozlj3uFok2apjdoZb+HGz6msc0726k+YfB0p\n2+4SdYwogs9kUg3vmXBXhcODnYihmEckZnoJ3Dd/Y/BrYF9jLT6xqA9oDlsMVIdj\nK5ewGlGLd6Vcbcd2WlNBoatgx/bFuJ5QbNftrsal/M2wW88RNqzLyV5O6xzoxaV8\nhwIDAQAB\n-----END PUBLIC KEY-----\n",
            "rsa_bits": 2048
          },
          "private": "bnVsbA=="
        }
      ]
    }
  ]
}
